// !$*UTF8*$!
{
	archiveVersion = 1;
	classes = {
	};
	objectVersion = 42;
	objects = {

/* Begin PBXBuildFile section */
		3B26767811E0F0B40074929F /* ofxFBOTexture.cpp in Sources */ = {isa = PBXBuildFile; fileRef = 3B26765911E0F0B40074929F /* ofxFBOTexture.cpp */; };
		3B26767911E0F0B40074929F /* ofxImage.cpp in Sources */ = {isa = PBXBuildFile; fileRef = 3B26765C11E0F0B40074929F /* ofxImage.cpp */; };
		3B26769911E0F1700074929F /* GMLPoint.cpp in Sources */ = {isa = PBXBuildFile; fileRef = 3B26769311E0F1700074929F /* GMLPoint.cpp */; };
		3B26769A11E0F1700074929F /* Stroke.cpp in Sources */ = {isa = PBXBuildFile; fileRef = 3B26769511E0F1700074929F /* Stroke.cpp */; };
		3B26769B11E0F1700074929F /* vars.cpp in Sources */ = {isa = PBXBuildFile; fileRef = 3B26769711E0F1700074929F /* vars.cpp */; };
		3B2676A011E0F1890074929F /* graffitiControlPanel.cpp in Sources */ = {isa = PBXBuildFile; fileRef = 3B26769E11E0F1890074929F /* graffitiControlPanel.cpp */; };
		3B2676A511E0F1A80074929F /* Graffiti.cpp in Sources */ = {isa = PBXBuildFile; fileRef = 3B2676A311E0F1A80074929F /* Graffiti.cpp */; };
		3B2676BE11E0F3AA0074929F /* testApp.cpp in Sources */ = {isa = PBXBuildFile; fileRef = 3B2676BC11E0F3AA0074929F /* testApp.cpp */; };
		3B26775711E0F89B0074929F /* guiBaseObject.cpp in Sources */ = {isa = PBXBuildFile; fileRef = 3B26772211E0F89B0074929F /* guiBaseObject.cpp */; };
		3B26775811E0F89B0074929F /* guiCallback.cpp in Sources */ = {isa = PBXBuildFile; fileRef = 3B26772411E0F89B0074929F /* guiCallback.cpp */; };
		3B26775911E0F89B0074929F /* guiCallbackValue.cpp in Sources */ = {isa = PBXBuildFile; fileRef = 3B26772611E0F89B0074929F /* guiCallbackValue.cpp */; };
		3B26775A11E0F89B0074929F /* guiColor.cpp in Sources */ = {isa = PBXBuildFile; fileRef = 3B26772811E0F89B0074929F /* guiColor.cpp */; };
		3B26775B11E0F89B0074929F /* guiTextBase.cpp in Sources */ = {isa = PBXBuildFile; fileRef = 3B26772C11E0F89B0074929F /* guiTextBase.cpp */; };
		3B26775C11E0F89B0074929F /* guiType2DSlider.cpp in Sources */ = {isa = PBXBuildFile; fileRef = 3B26772E11E0F89B0074929F /* guiType2DSlider.cpp */; };
		3B26775D11E0F89B0074929F /* guiTypeButtonSlider.cpp in Sources */ = {isa = PBXBuildFile; fileRef = 3B26773011E0F89B0074929F /* guiTypeButtonSlider.cpp */; };
		3B26775E11E0F89B0074929F /* guiTypeChartPlotter.cpp in Sources */ = {isa = PBXBuildFile; fileRef = 3B26773211E0F89B0074929F /* guiTypeChartPlotter.cpp */; };
		3B26775F11E0F89B0074929F /* guiTypeCustom.cpp in Sources */ = {isa = PBXBuildFile; fileRef = 3B26773411E0F89B0074929F /* guiTypeCustom.cpp */; };
		3B26776011E0F89B0074929F /* guiTypeDrawable.cpp in Sources */ = {isa = PBXBuildFile; fileRef = 3B26773611E0F89B0074929F /* guiTypeDrawable.cpp */; };
		3B26776111E0F89B0074929F /* guiTypeFileLister.cpp in Sources */ = {isa = PBXBuildFile; fileRef = 3B26773811E0F89B0074929F /* guiTypeFileLister.cpp */; };
		3B26776211E0F89B0074929F /* guiTypeLogger.cpp in Sources */ = {isa = PBXBuildFile; fileRef = 3B26773A11E0F89B0074929F /* guiTypeLogger.cpp */; };
		3B26776311E0F89B0074929F /* guiTypeMultiToggle.cpp in Sources */ = {isa = PBXBuildFile; fileRef = 3B26773C11E0F89B0074929F /* guiTypeMultiToggle.cpp */; };
		3B26776411E0F89B0074929F /* guiTypePanel.cpp in Sources */ = {isa = PBXBuildFile; fileRef = 3B26773E11E0F89B0074929F /* guiTypePanel.cpp */; };
		3B26776511E0F89B0074929F /* guiTypeSlider.cpp in Sources */ = {isa = PBXBuildFile; fileRef = 3B26774011E0F89B0074929F /* guiTypeSlider.cpp */; };
		3B26776611E0F89B0074929F /* guiTypeText.cpp in Sources */ = {isa = PBXBuildFile; fileRef = 3B26774211E0F89B0074929F /* guiTypeText.cpp */; };
		3B26776711E0F89B0074929F /* guiTypeTextDropDown.cpp in Sources */ = {isa = PBXBuildFile; fileRef = 3B26774411E0F89B0074929F /* guiTypeTextDropDown.cpp */; };
		3B26776811E0F89B0074929F /* guiTypeToggle.cpp in Sources */ = {isa = PBXBuildFile; fileRef = 3B26774611E0F89B0074929F /* guiTypeToggle.cpp */; };
		3B26776911E0F89B0074929F /* guiTypeVairableLister.cpp in Sources */ = {isa = PBXBuildFile; fileRef = 3B26774811E0F89B0074929F /* guiTypeVairableLister.cpp */; };
		3B26776A11E0F89B0074929F /* guiTypeVideo.cpp in Sources */ = {isa = PBXBuildFile; fileRef = 3B26774A11E0F89B0074929F /* guiTypeVideo.cpp */; };
		3B26776B11E0F89B0074929F /* guiValue.cpp in Sources */ = {isa = PBXBuildFile; fileRef = 3B26774C11E0F89B0074929F /* guiValue.cpp */; };
		3B26776C11E0F89B0074929F /* ofxControlPanel.cpp in Sources */ = {isa = PBXBuildFile; fileRef = 3B26774F11E0F89B0074929F /* ofxControlPanel.cpp */; };
		3B26776D11E0F89B0074929F /* simpleColor.cpp in Sources */ = {isa = PBXBuildFile; fileRef = 3B26775111E0F89B0074929F /* simpleColor.cpp */; };
		3B26776E11E0F89B0074929F /* simpleFileLister.cpp in Sources */ = {isa = PBXBuildFile; fileRef = 3B26775311E0F89B0074929F /* simpleFileLister.cpp */; };
		3B26776F11E0F89B0074929F /* simpleLogger.cpp in Sources */ = {isa = PBXBuildFile; fileRef = 3B26775511E0F89B0074929F /* simpleLogger.cpp */; };
		3BA7B18A11E13B3C00A2E5AF /* openCV.a in Frameworks */ = {isa = PBXBuildFile; fileRef = 3BA7B17811E13B3B00A2E5AF /* openCV.a */; };
		3BA7B18B11E13B3C00A2E5AF /* ofxCvColorImage.cpp in Sources */ = {isa = PBXBuildFile; fileRef = 3BA7B17B11E13B3B00A2E5AF /* ofxCvColorImage.cpp */; };
		3BA7B18C11E13B3C00A2E5AF /* ofxCvContourFinder.cpp in Sources */ = {isa = PBXBuildFile; fileRef = 3BA7B17E11E13B3B00A2E5AF /* ofxCvContourFinder.cpp */; };
		3BA7B18D11E13B3C00A2E5AF /* ofxCvFloatImage.cpp in Sources */ = {isa = PBXBuildFile; fileRef = 3BA7B18011E13B3C00A2E5AF /* ofxCvFloatImage.cpp */; };
		3BA7B18E11E13B3C00A2E5AF /* ofxCvGrayscaleImage.cpp in Sources */ = {isa = PBXBuildFile; fileRef = 3BA7B18211E13B3C00A2E5AF /* ofxCvGrayscaleImage.cpp */; };
		3BA7B18F11E13B3C00A2E5AF /* ofxCvImage.cpp in Sources */ = {isa = PBXBuildFile; fileRef = 3BA7B18411E13B3C00A2E5AF /* ofxCvImage.cpp */; };
		3BA7B19011E13B3C00A2E5AF /* ofxCvShortImage.cpp in Sources */ = {isa = PBXBuildFile; fileRef = 3BA7B18711E13B3C00A2E5AF /* ofxCvShortImage.cpp */; };
		3BA7B19811E13B4300A2E5AF /* ofxDirList.cpp in Sources */ = {isa = PBXBuildFile; fileRef = 3BA7B19611E13B4300A2E5AF /* ofxDirList.cpp */; };
		3BA7B1A211E13B5000A2E5AF /* CreEPS.cpp in Sources */ = {isa = PBXBuildFile; fileRef = 3BA7B19C11E13B5000A2E5AF /* CreEPS.cpp */; };
		3BA7B1A311E13B5000A2E5AF /* ofxVectorGraphics.cpp in Sources */ = {isa = PBXBuildFile; fileRef = 3BA7B1A011E13B5000A2E5AF /* ofxVectorGraphics.cpp */; };
		3BA7B1AE11E13B5C00A2E5AF /* tinyxml.cpp in Sources */ = {isa = PBXBuildFile; fileRef = 3BA7B1A711E13B5C00A2E5AF /* tinyxml.cpp */; };
		3BA7B1AF11E13B5C00A2E5AF /* tinyxmlerror.cpp in Sources */ = {isa = PBXBuildFile; fileRef = 3BA7B1A911E13B5C00A2E5AF /* tinyxmlerror.cpp */; };
		3BA7B1B011E13B5C00A2E5AF /* tinyxmlparser.cpp in Sources */ = {isa = PBXBuildFile; fileRef = 3BA7B1AA11E13B5C00A2E5AF /* tinyxmlparser.cpp */; };
		3BA7B1B111E13B5C00A2E5AF /* ofxXmlSettings.cpp in Sources */ = {isa = PBXBuildFile; fileRef = 3BA7B1AC11E13B5C00A2E5AF /* ofxXmlSettings.cpp */; };
		E45BE0AA0E8CC67C009D7055 /* GLee.a in Frameworks */ = {isa = PBXBuildFile; fileRef = E45BE0A90E8CC67C009D7055 /* GLee.a */; };
		E45BE2E40E8CC69C009D7055 /* rtAudio.a in Frameworks */ = {isa = PBXBuildFile; fileRef = E45BE2E30E8CC69C009D7055 /* rtAudio.a */; };
		E45BE97B0E8CC7DD009D7055 /* AGL.framework in Frameworks */ = {isa = PBXBuildFile; fileRef = E45BE9710E8CC7DD009D7055 /* AGL.framework */; };
		E45BE97C0E8CC7DD009D7055 /* ApplicationServices.framework in Frameworks */ = {isa = PBXBuildFile; fileRef = E45BE9720E8CC7DD009D7055 /* ApplicationServices.framework */; };
		E45BE97D0E8CC7DD009D7055 /* AudioToolbox.framework in Frameworks */ = {isa = PBXBuildFile; fileRef = E45BE9730E8CC7DD009D7055 /* AudioToolbox.framework */; };
		E45BE97E0E8CC7DD009D7055 /* Carbon.framework in Frameworks */ = {isa = PBXBuildFile; fileRef = E45BE9740E8CC7DD009D7055 /* Carbon.framework */; };
		E45BE97F0E8CC7DD009D7055 /* CoreAudio.framework in Frameworks */ = {isa = PBXBuildFile; fileRef = E45BE9750E8CC7DD009D7055 /* CoreAudio.framework */; };
		E45BE9800E8CC7DD009D7055 /* CoreFoundation.framework in Frameworks */ = {isa = PBXBuildFile; fileRef = E45BE9760E8CC7DD009D7055 /* CoreFoundation.framework */; };
		E45BE9810E8CC7DD009D7055 /* CoreServices.framework in Frameworks */ = {isa = PBXBuildFile; fileRef = E45BE9770E8CC7DD009D7055 /* CoreServices.framework */; };
		E45BE9830E8CC7DD009D7055 /* OpenGL.framework in Frameworks */ = {isa = PBXBuildFile; fileRef = E45BE9790E8CC7DD009D7055 /* OpenGL.framework */; };
		E45BE9840E8CC7DD009D7055 /* QuickTime.framework in Frameworks */ = {isa = PBXBuildFile; fileRef = E45BE97A0E8CC7DD009D7055 /* QuickTime.framework */; };
		E49DA7E310CD40AD0006B5A8 /* freeimage.a in Frameworks */ = {isa = PBXBuildFile; fileRef = E49DA7E210CD40AD0006B5A8 /* freeimage.a */; };
		E4B69E200A3A1BDC003C02F2 /* main.cpp in Sources */ = {isa = PBXBuildFile; fileRef = E4B69E1D0A3A1BDC003C02F2 /* main.cpp */; };
		E4C2422B10CC554B004149E2 /* openFrameworks.a in Frameworks */ = {isa = PBXBuildFile; fileRef = E4C2421E10CC549C004149E2 /* openFrameworks.a */; };
		E4C2424710CC5A17004149E2 /* AppKit.framework in Frameworks */ = {isa = PBXBuildFile; fileRef = E4C2424410CC5A17004149E2 /* AppKit.framework */; };
		E4C2424810CC5A17004149E2 /* Cocoa.framework in Frameworks */ = {isa = PBXBuildFile; fileRef = E4C2424510CC5A17004149E2 /* Cocoa.framework */; };
		E4C2424910CC5A17004149E2 /* IOKit.framework in Frameworks */ = {isa = PBXBuildFile; fileRef = E4C2424610CC5A17004149E2 /* IOKit.framework */; };
		E4C2426610CC5A78004149E2 /* GLUT.framework in Frameworks */ = {isa = PBXBuildFile; fileRef = E4C2425F10CC5A78004149E2 /* GLUT.framework */; };
		E4C2426B10CC5AA6004149E2 /* GLUT.framework in CopyFiles */ = {isa = PBXBuildFile; fileRef = E4C2425F10CC5A78004149E2 /* GLUT.framework */; };
		E4C2427F10CC5B66004149E2 /* CppUnit.a in Frameworks */ = {isa = PBXBuildFile; fileRef = E4C2427A10CC5B66004149E2 /* CppUnit.a */; };
		E4C2428010CC5B66004149E2 /* PocoFoundation.a in Frameworks */ = {isa = PBXBuildFile; fileRef = E4C2427B10CC5B66004149E2 /* PocoFoundation.a */; };
		E4C2428110CC5B66004149E2 /* PocoNet.a in Frameworks */ = {isa = PBXBuildFile; fileRef = E4C2427C10CC5B66004149E2 /* PocoNet.a */; };
		E4C2428210CC5B66004149E2 /* PocoUtil.a in Frameworks */ = {isa = PBXBuildFile; fileRef = E4C2427D10CC5B66004149E2 /* PocoUtil.a */; };
		E4C2428310CC5B66004149E2 /* PocoXML.a in Frameworks */ = {isa = PBXBuildFile; fileRef = E4C2427E10CC5B66004149E2 /* PocoXML.a */; };
		E4C2429410CC5C38004149E2 /* freetype.a in Frameworks */ = {isa = PBXBuildFile; fileRef = E4C2429310CC5C38004149E2 /* freetype.a */; };
		E4C242CD10CC650E004149E2 /* libfmodex.dylib in Frameworks */ = {isa = PBXBuildFile; fileRef = E4C242CC10CC650E004149E2 /* libfmodex.dylib */; };
		E4C2443910CC7693004149E2 /* openFrameworks-Info.plist in CopyFiles */ = {isa = PBXBuildFile; fileRef = E4B6FCAD0C3E899E008CF71C /* openFrameworks-Info.plist */; };
/* End PBXBuildFile section */

/* Begin PBXContainerItemProxy section */
		E4C2421D10CC549C004149E2 /* PBXContainerItemProxy */ = {
			isa = PBXContainerItemProxy;
			containerPortal = E4C2421610CC549C004149E2 /* openFrameworksLib.xcodeproj */;
			proxyType = 2;
			remoteGlobalIDString = E4B27C1510CBEB8E00536013;
			remoteInfo = openFrameworks;
		};
		E4C2422710CC54DA004149E2 /* PBXContainerItemProxy */ = {
			isa = PBXContainerItemProxy;
			containerPortal = E4C2421610CC549C004149E2 /* openFrameworksLib.xcodeproj */;
			proxyType = 1;
			remoteGlobalIDString = E4B27C1410CBEB8E00536013;
			remoteInfo = openFrameworks;
		};
/* End PBXContainerItemProxy section */

/* Begin PBXCopyFilesBuildPhase section */
		E4C2427710CC5ABF004149E2 /* CopyFiles */ = {
			isa = PBXCopyFilesBuildPhase;
			buildActionMask = 2147483647;
			dstPath = "";
			dstSubfolderSpec = 10;
			files = (
				E4C2426B10CC5AA6004149E2 /* GLUT.framework in CopyFiles */,
			);
			runOnlyForDeploymentPostprocessing = 0;
		};
		E4C2444710CC769B004149E2 /* CopyFiles */ = {
			isa = PBXCopyFilesBuildPhase;
			buildActionMask = 2147483647;
			dstPath = "";
			dstSubfolderSpec = 7;
			files = (
				E4C2443910CC7693004149E2 /* openFrameworks-Info.plist in CopyFiles */,
			);
			runOnlyForDeploymentPostprocessing = 0;
		};
/* End PBXCopyFilesBuildPhase section */

/* Begin PBXFileReference section */
		3B26765911E0F0B40074929F /* ofxFBOTexture.cpp */ = {isa = PBXFileReference; fileEncoding = 4; lastKnownFileType = sourcecode.cpp.cpp; name = ofxFBOTexture.cpp; path = src/ofxFBOTexture/ofxFBOTexture.cpp; sourceTree = SOURCE_ROOT; };
		3B26765A11E0F0B40074929F /* ofxFBOTexture.h */ = {isa = PBXFileReference; fileEncoding = 4; lastKnownFileType = sourcecode.c.h; name = ofxFBOTexture.h; path = src/ofxFBOTexture/ofxFBOTexture.h; sourceTree = SOURCE_ROOT; };
		3B26765C11E0F0B40074929F /* ofxImage.cpp */ = {isa = PBXFileReference; fileEncoding = 4; lastKnownFileType = sourcecode.cpp.cpp; name = ofxImage.cpp; path = src/ofxImage/ofxImage.cpp; sourceTree = SOURCE_ROOT; };
		3B26765D11E0F0B40074929F /* ofxImage.h */ = {isa = PBXFileReference; fileEncoding = 4; lastKnownFileType = sourcecode.c.h; name = ofxImage.h; path = src/ofxImage/ofxImage.h; sourceTree = SOURCE_ROOT; };
		3B26769311E0F1700074929F /* GMLPoint.cpp */ = {isa = PBXFileReference; fileEncoding = 4; lastKnownFileType = sourcecode.cpp.cpp; name = GMLPoint.cpp; path = src/GMLPoint.cpp; sourceTree = SOURCE_ROOT; };
		3B26769411E0F1700074929F /* GMLPoint.h */ = {isa = PBXFileReference; fileEncoding = 4; lastKnownFileType = sourcecode.c.h; name = GMLPoint.h; path = src/GMLPoint.h; sourceTree = SOURCE_ROOT; };
		3B26769511E0F1700074929F /* Stroke.cpp */ = {isa = PBXFileReference; fileEncoding = 4; lastKnownFileType = sourcecode.cpp.cpp; name = Stroke.cpp; path = src/Stroke.cpp; sourceTree = SOURCE_ROOT; };
		3B26769611E0F1700074929F /* Stroke.h */ = {isa = PBXFileReference; fileEncoding = 4; lastKnownFileType = sourcecode.c.h; name = Stroke.h; path = src/Stroke.h; sourceTree = SOURCE_ROOT; };
		3B26769711E0F1700074929F /* vars.cpp */ = {isa = PBXFileReference; fileEncoding = 4; lastKnownFileType = sourcecode.cpp.cpp; name = vars.cpp; path = src/vars.cpp; sourceTree = SOURCE_ROOT; };
		3B26769811E0F1700074929F /* vars.h */ = {isa = PBXFileReference; fileEncoding = 4; lastKnownFileType = sourcecode.c.h; name = vars.h; path = src/vars.h; sourceTree = SOURCE_ROOT; };
		3B26769E11E0F1890074929F /* graffitiControlPanel.cpp */ = {isa = PBXFileReference; fileEncoding = 4; lastKnownFileType = sourcecode.cpp.cpp; name = graffitiControlPanel.cpp; path = src/graffitiControlPanel.cpp; sourceTree = SOURCE_ROOT; };
		3B26769F11E0F1890074929F /* graffitiControlPanel.h */ = {isa = PBXFileReference; fileEncoding = 4; lastKnownFileType = sourcecode.c.h; name = graffitiControlPanel.h; path = src/graffitiControlPanel.h; sourceTree = SOURCE_ROOT; };
		3B2676A311E0F1A80074929F /* Graffiti.cpp */ = {isa = PBXFileReference; fileEncoding = 4; lastKnownFileType = sourcecode.cpp.cpp; name = Graffiti.cpp; path = src/Graffiti.cpp; sourceTree = SOURCE_ROOT; };
		3B2676A411E0F1A80074929F /* Graffiti.h */ = {isa = PBXFileReference; fileEncoding = 4; lastKnownFileType = sourcecode.c.h; name = Graffiti.h; path = src/Graffiti.h; sourceTree = SOURCE_ROOT; };
		3B2676BC11E0F3AA0074929F /* testApp.cpp */ = {isa = PBXFileReference; fileEncoding = 4; lastKnownFileType = sourcecode.cpp.cpp; name = testApp.cpp; path = src/testApp.cpp; sourceTree = SOURCE_ROOT; };
		3B2676BD11E0F3AA0074929F /* testApp.h */ = {isa = PBXFileReference; fileEncoding = 4; lastKnownFileType = sourcecode.c.h; name = testApp.h; path = src/testApp.h; sourceTree = SOURCE_ROOT; };
		3B26772211E0F89B0074929F /* guiBaseObject.cpp */ = {isa = PBXFileReference; fileEncoding = 4; lastKnownFileType = sourcecode.cpp.cpp; name = guiBaseObject.cpp; path = src/ofxControlPanel/guiBaseObject.cpp; sourceTree = SOURCE_ROOT; };
		3B26772311E0F89B0074929F /* guiBaseObject.h */ = {isa = PBXFileReference; fileEncoding = 4; lastKnownFileType = sourcecode.c.h; name = guiBaseObject.h; path = src/ofxControlPanel/guiBaseObject.h; sourceTree = SOURCE_ROOT; };
		3B26772411E0F89B0074929F /* guiCallback.cpp */ = {isa = PBXFileReference; fileEncoding = 4; lastKnownFileType = sourcecode.cpp.cpp; name = guiCallback.cpp; path = src/ofxControlPanel/guiCallback.cpp; sourceTree = SOURCE_ROOT; };
		3B26772511E0F89B0074929F /* guiCallback.h */ = {isa = PBXFileReference; fileEncoding = 4; lastKnownFileType = sourcecode.c.h; name = guiCallback.h; path = src/ofxControlPanel/guiCallback.h; sourceTree = SOURCE_ROOT; };
		3B26772611E0F89B0074929F /* guiCallbackValue.cpp */ = {isa = PBXFileReference; fileEncoding = 4; lastKnownFileType = sourcecode.cpp.cpp; name = guiCallbackValue.cpp; path = src/ofxControlPanel/guiCallbackValue.cpp; sourceTree = SOURCE_ROOT; };
		3B26772711E0F89B0074929F /* guiCallbackValue.h */ = {isa = PBXFileReference; fileEncoding = 4; lastKnownFileType = sourcecode.c.h; name = guiCallbackValue.h; path = src/ofxControlPanel/guiCallbackValue.h; sourceTree = SOURCE_ROOT; };
		3B26772811E0F89B0074929F /* guiColor.cpp */ = {isa = PBXFileReference; fileEncoding = 4; lastKnownFileType = sourcecode.cpp.cpp; name = guiColor.cpp; path = src/ofxControlPanel/guiColor.cpp; sourceTree = SOURCE_ROOT; };
		3B26772911E0F89B0074929F /* guiColor.h */ = {isa = PBXFileReference; fileEncoding = 4; lastKnownFileType = sourcecode.c.h; name = guiColor.h; path = src/ofxControlPanel/guiColor.h; sourceTree = SOURCE_ROOT; };
		3B26772A11E0F89B0074929F /* guiCustomImpl.h */ = {isa = PBXFileReference; fileEncoding = 4; lastKnownFileType = sourcecode.c.h; name = guiCustomImpl.h; path = src/ofxControlPanel/guiCustomImpl.h; sourceTree = SOURCE_ROOT; };
		3B26772B11E0F89B0074929F /* guiIncludes.h */ = {isa = PBXFileReference; fileEncoding = 4; lastKnownFileType = sourcecode.c.h; name = guiIncludes.h; path = src/ofxControlPanel/guiIncludes.h; sourceTree = SOURCE_ROOT; };
		3B26772C11E0F89B0074929F /* guiTextBase.cpp */ = {isa = PBXFileReference; fileEncoding = 4; lastKnownFileType = sourcecode.cpp.cpp; name = guiTextBase.cpp; path = src/ofxControlPanel/guiTextBase.cpp; sourceTree = SOURCE_ROOT; };
		3B26772D11E0F89B0074929F /* guiTextBase.h */ = {isa = PBXFileReference; fileEncoding = 4; lastKnownFileType = sourcecode.c.h; name = guiTextBase.h; path = src/ofxControlPanel/guiTextBase.h; sourceTree = SOURCE_ROOT; };
		3B26772E11E0F89B0074929F /* guiType2DSlider.cpp */ = {isa = PBXFileReference; fileEncoding = 4; lastKnownFileType = sourcecode.cpp.cpp; name = guiType2DSlider.cpp; path = src/ofxControlPanel/guiType2DSlider.cpp; sourceTree = SOURCE_ROOT; };
		3B26772F11E0F89B0074929F /* guiType2DSlider.h */ = {isa = PBXFileReference; fileEncoding = 4; lastKnownFileType = sourcecode.c.h; name = guiType2DSlider.h; path = src/ofxControlPanel/guiType2DSlider.h; sourceTree = SOURCE_ROOT; };
		3B26773011E0F89B0074929F /* guiTypeButtonSlider.cpp */ = {isa = PBXFileReference; fileEncoding = 4; lastKnownFileType = sourcecode.cpp.cpp; name = guiTypeButtonSlider.cpp; path = src/ofxControlPanel/guiTypeButtonSlider.cpp; sourceTree = SOURCE_ROOT; };
		3B26773111E0F89B0074929F /* guiTypeButtonSlider.h */ = {isa = PBXFileReference; fileEncoding = 4; lastKnownFileType = sourcecode.c.h; name = guiTypeButtonSlider.h; path = src/ofxControlPanel/guiTypeButtonSlider.h; sourceTree = SOURCE_ROOT; };
		3B26773211E0F89B0074929F /* guiTypeChartPlotter.cpp */ = {isa = PBXFileReference; fileEncoding = 4; lastKnownFileType = sourcecode.cpp.cpp; name = guiTypeChartPlotter.cpp; path = src/ofxControlPanel/guiTypeChartPlotter.cpp; sourceTree = SOURCE_ROOT; };
		3B26773311E0F89B0074929F /* guiTypeChartPlotter.h */ = {isa = PBXFileReference; fileEncoding = 4; lastKnownFileType = sourcecode.c.h; name = guiTypeChartPlotter.h; path = src/ofxControlPanel/guiTypeChartPlotter.h; sourceTree = SOURCE_ROOT; };
		3B26773411E0F89B0074929F /* guiTypeCustom.cpp */ = {isa = PBXFileReference; fileEncoding = 4; lastKnownFileType = sourcecode.cpp.cpp; name = guiTypeCustom.cpp; path = src/ofxControlPanel/guiTypeCustom.cpp; sourceTree = SOURCE_ROOT; };
		3B26773511E0F89B0074929F /* guiTypeCustom.h */ = {isa = PBXFileReference; fileEncoding = 4; lastKnownFileType = sourcecode.c.h; name = guiTypeCustom.h; path = src/ofxControlPanel/guiTypeCustom.h; sourceTree = SOURCE_ROOT; };
		3B26773611E0F89B0074929F /* guiTypeDrawable.cpp */ = {isa = PBXFileReference; fileEncoding = 4; lastKnownFileType = sourcecode.cpp.cpp; name = guiTypeDrawable.cpp; path = src/ofxControlPanel/guiTypeDrawable.cpp; sourceTree = SOURCE_ROOT; };
		3B26773711E0F89B0074929F /* guiTypeDrawable.h */ = {isa = PBXFileReference; fileEncoding = 4; lastKnownFileType = sourcecode.c.h; name = guiTypeDrawable.h; path = src/ofxControlPanel/guiTypeDrawable.h; sourceTree = SOURCE_ROOT; };
		3B26773811E0F89B0074929F /* guiTypeFileLister.cpp */ = {isa = PBXFileReference; fileEncoding = 4; lastKnownFileType = sourcecode.cpp.cpp; name = guiTypeFileLister.cpp; path = src/ofxControlPanel/guiTypeFileLister.cpp; sourceTree = SOURCE_ROOT; };
		3B26773911E0F89B0074929F /* guiTypeFileLister.h */ = {isa = PBXFileReference; fileEncoding = 4; lastKnownFileType = sourcecode.c.h; name = guiTypeFileLister.h; path = src/ofxControlPanel/guiTypeFileLister.h; sourceTree = SOURCE_ROOT; };
		3B26773A11E0F89B0074929F /* guiTypeLogger.cpp */ = {isa = PBXFileReference; fileEncoding = 4; lastKnownFileType = sourcecode.cpp.cpp; name = guiTypeLogger.cpp; path = src/ofxControlPanel/guiTypeLogger.cpp; sourceTree = SOURCE_ROOT; };
		3B26773B11E0F89B0074929F /* guiTypeLogger.h */ = {isa = PBXFileReference; fileEncoding = 4; lastKnownFileType = sourcecode.c.h; name = guiTypeLogger.h; path = src/ofxControlPanel/guiTypeLogger.h; sourceTree = SOURCE_ROOT; };
		3B26773C11E0F89B0074929F /* guiTypeMultiToggle.cpp */ = {isa = PBXFileReference; fileEncoding = 4; lastKnownFileType = sourcecode.cpp.cpp; name = guiTypeMultiToggle.cpp; path = src/ofxControlPanel/guiTypeMultiToggle.cpp; sourceTree = SOURCE_ROOT; };
		3B26773D11E0F89B0074929F /* guiTypeMultiToggle.h */ = {isa = PBXFileReference; fileEncoding = 4; lastKnownFileType = sourcecode.c.h; name = guiTypeMultiToggle.h; path = src/ofxControlPanel/guiTypeMultiToggle.h; sourceTree = SOURCE_ROOT; };
		3B26773E11E0F89B0074929F /* guiTypePanel.cpp */ = {isa = PBXFileReference; fileEncoding = 4; lastKnownFileType = sourcecode.cpp.cpp; name = guiTypePanel.cpp; path = src/ofxControlPanel/guiTypePanel.cpp; sourceTree = SOURCE_ROOT; };
		3B26773F11E0F89B0074929F /* guiTypePanel.h */ = {isa = PBXFileReference; fileEncoding = 4; lastKnownFileType = sourcecode.c.h; name = guiTypePanel.h; path = src/ofxControlPanel/guiTypePanel.h; sourceTree = SOURCE_ROOT; };
		3B26774011E0F89B0074929F /* guiTypeSlider.cpp */ = {isa = PBXFileReference; fileEncoding = 4; lastKnownFileType = sourcecode.cpp.cpp; name = guiTypeSlider.cpp; path = src/ofxControlPanel/guiTypeSlider.cpp; sourceTree = SOURCE_ROOT; };
		3B26774111E0F89B0074929F /* guiTypeSlider.h */ = {isa = PBXFileReference; fileEncoding = 4; lastKnownFileType = sourcecode.c.h; name = guiTypeSlider.h; path = src/ofxControlPanel/guiTypeSlider.h; sourceTree = SOURCE_ROOT; };
		3B26774211E0F89B0074929F /* guiTypeText.cpp */ = {isa = PBXFileReference; fileEncoding = 4; lastKnownFileType = sourcecode.cpp.cpp; name = guiTypeText.cpp; path = src/ofxControlPanel/guiTypeText.cpp; sourceTree = SOURCE_ROOT; };
		3B26774311E0F89B0074929F /* guiTypeText.h */ = {isa = PBXFileReference; fileEncoding = 4; lastKnownFileType = sourcecode.c.h; name = guiTypeText.h; path = src/ofxControlPanel/guiTypeText.h; sourceTree = SOURCE_ROOT; };
		3B26774411E0F89B0074929F /* guiTypeTextDropDown.cpp */ = {isa = PBXFileReference; fileEncoding = 4; lastKnownFileType = sourcecode.cpp.cpp; name = guiTypeTextDropDown.cpp; path = src/ofxControlPanel/guiTypeTextDropDown.cpp; sourceTree = SOURCE_ROOT; };
		3B26774511E0F89B0074929F /* guiTypeTextDropDown.h */ = {isa = PBXFileReference; fileEncoding = 4; lastKnownFileType = sourcecode.c.h; name = guiTypeTextDropDown.h; path = src/ofxControlPanel/guiTypeTextDropDown.h; sourceTree = SOURCE_ROOT; };
		3B26774611E0F89B0074929F /* guiTypeToggle.cpp */ = {isa = PBXFileReference; fileEncoding = 4; lastKnownFileType = sourcecode.cpp.cpp; name = guiTypeToggle.cpp; path = src/ofxControlPanel/guiTypeToggle.cpp; sourceTree = SOURCE_ROOT; };
		3B26774711E0F89B0074929F /* guiTypeToggle.h */ = {isa = PBXFileReference; fileEncoding = 4; lastKnownFileType = sourcecode.c.h; name = guiTypeToggle.h; path = src/ofxControlPanel/guiTypeToggle.h; sourceTree = SOURCE_ROOT; };
		3B26774811E0F89B0074929F /* guiTypeVairableLister.cpp */ = {isa = PBXFileReference; fileEncoding = 4; lastKnownFileType = sourcecode.cpp.cpp; name = guiTypeVairableLister.cpp; path = src/ofxControlPanel/guiTypeVairableLister.cpp; sourceTree = SOURCE_ROOT; };
		3B26774911E0F89B0074929F /* guiTypeVairableLister.h */ = {isa = PBXFileReference; fileEncoding = 4; lastKnownFileType = sourcecode.c.h; name = guiTypeVairableLister.h; path = src/ofxControlPanel/guiTypeVairableLister.h; sourceTree = SOURCE_ROOT; };
		3B26774A11E0F89B0074929F /* guiTypeVideo.cpp */ = {isa = PBXFileReference; fileEncoding = 4; lastKnownFileType = sourcecode.cpp.cpp; name = guiTypeVideo.cpp; path = src/ofxControlPanel/guiTypeVideo.cpp; sourceTree = SOURCE_ROOT; };
		3B26774B11E0F89B0074929F /* guiTypeVideo.h */ = {isa = PBXFileReference; fileEncoding = 4; lastKnownFileType = sourcecode.c.h; name = guiTypeVideo.h; path = src/ofxControlPanel/guiTypeVideo.h; sourceTree = SOURCE_ROOT; };
		3B26774C11E0F89B0074929F /* guiValue.cpp */ = {isa = PBXFileReference; fileEncoding = 4; lastKnownFileType = sourcecode.cpp.cpp; name = guiValue.cpp; path = src/ofxControlPanel/guiValue.cpp; sourceTree = SOURCE_ROOT; };
		3B26774D11E0F89B0074929F /* guiValue.h */ = {isa = PBXFileReference; fileEncoding = 4; lastKnownFileType = sourcecode.c.h; name = guiValue.h; path = src/ofxControlPanel/guiValue.h; sourceTree = SOURCE_ROOT; };
		3B26774E11E0F89B0074929F /* guiVariablePointer.h */ = {isa = PBXFileReference; fileEncoding = 4; lastKnownFileType = sourcecode.c.h; name = guiVariablePointer.h; path = src/ofxControlPanel/guiVariablePointer.h; sourceTree = SOURCE_ROOT; };
		3B26774F11E0F89B0074929F /* ofxControlPanel.cpp */ = {isa = PBXFileReference; fileEncoding = 4; lastKnownFileType = sourcecode.cpp.cpp; name = ofxControlPanel.cpp; path = src/ofxControlPanel/ofxControlPanel.cpp; sourceTree = SOURCE_ROOT; };
		3B26775011E0F89B0074929F /* ofxControlPanel.h */ = {isa = PBXFileReference; fileEncoding = 4; lastKnownFileType = sourcecode.c.h; name = ofxControlPanel.h; path = src/ofxControlPanel/ofxControlPanel.h; sourceTree = SOURCE_ROOT; };
		3B26775111E0F89B0074929F /* simpleColor.cpp */ = {isa = PBXFileReference; fileEncoding = 4; lastKnownFileType = sourcecode.cpp.cpp; name = simpleColor.cpp; path = src/ofxControlPanel/simpleColor.cpp; sourceTree = SOURCE_ROOT; };
		3B26775211E0F89B0074929F /* simpleColor.h */ = {isa = PBXFileReference; fileEncoding = 4; lastKnownFileType = sourcecode.c.h; name = simpleColor.h; path = src/ofxControlPanel/simpleColor.h; sourceTree = SOURCE_ROOT; };
		3B26775311E0F89B0074929F /* simpleFileLister.cpp */ = {isa = PBXFileReference; fileEncoding = 4; lastKnownFileType = sourcecode.cpp.cpp; name = simpleFileLister.cpp; path = src/ofxControlPanel/simpleFileLister.cpp; sourceTree = SOURCE_ROOT; };
		3B26775411E0F89B0074929F /* simpleFileLister.h */ = {isa = PBXFileReference; fileEncoding = 4; lastKnownFileType = sourcecode.c.h; name = simpleFileLister.h; path = src/ofxControlPanel/simpleFileLister.h; sourceTree = SOURCE_ROOT; };
		3B26775511E0F89B0074929F /* simpleLogger.cpp */ = {isa = PBXFileReference; fileEncoding = 4; lastKnownFileType = sourcecode.cpp.cpp; name = simpleLogger.cpp; path = src/ofxControlPanel/simpleLogger.cpp; sourceTree = SOURCE_ROOT; };
		3B26775611E0F89B0074929F /* simpleLogger.h */ = {isa = PBXFileReference; fileEncoding = 4; lastKnownFileType = sourcecode.c.h; name = simpleLogger.h; path = src/ofxControlPanel/simpleLogger.h; sourceTree = SOURCE_ROOT; };
		3BA7B16211E13B3B00A2E5AF /* install.xml */ = {isa = PBXFileReference; fileEncoding = 4; lastKnownFileType = text.xml; name = install.xml; path = ../../../addons/ofxOpenCv/install.xml; sourceTree = SOURCE_ROOT; };
		3BA7B16611E13B3B00A2E5AF /* cv.h */ = {isa = PBXFileReference; fileEncoding = 4; lastKnownFileType = sourcecode.c.h; name = cv.h; path = ../../../addons/ofxOpenCv/libs/opencv/include/cv.h; sourceTree = SOURCE_ROOT; };
		3BA7B16711E13B3B00A2E5AF /* cv.hpp */ = {isa = PBXFileReference; fileEncoding = 4; lastKnownFileType = sourcecode.cpp.h; name = cv.hpp; path = ../../../addons/ofxOpenCv/libs/opencv/include/cv.hpp; sourceTree = SOURCE_ROOT; };
		3BA7B16811E13B3B00A2E5AF /* cvaux.h */ = {isa = PBXFileReference; fileEncoding = 4; lastKnownFileType = sourcecode.c.h; name = cvaux.h; path = ../../../addons/ofxOpenCv/libs/opencv/include/cvaux.h; sourceTree = SOURCE_ROOT; };
		3BA7B16911E13B3B00A2E5AF /* cvaux.hpp */ = {isa = PBXFileReference; fileEncoding = 4; lastKnownFileType = sourcecode.cpp.h; name = cvaux.hpp; path = ../../../addons/ofxOpenCv/libs/opencv/include/cvaux.hpp; sourceTree = SOURCE_ROOT; };
		3BA7B16A11E13B3B00A2E5AF /* cvcompat.h */ = {isa = PBXFileReference; fileEncoding = 4; lastKnownFileType = sourcecode.c.h; name = cvcompat.h; path = ../../../addons/ofxOpenCv/libs/opencv/include/cvcompat.h; sourceTree = SOURCE_ROOT; };
		3BA7B16B11E13B3B00A2E5AF /* cvmat.hpp */ = {isa = PBXFileReference; fileEncoding = 4; lastKnownFileType = sourcecode.cpp.h; name = cvmat.hpp; path = ../../../addons/ofxOpenCv/libs/opencv/include/cvmat.hpp; sourceTree = SOURCE_ROOT; };
		3BA7B16C11E13B3B00A2E5AF /* cvstreams.h */ = {isa = PBXFileReference; fileEncoding = 4; lastKnownFileType = sourcecode.c.h; name = cvstreams.h; path = ../../../addons/ofxOpenCv/libs/opencv/include/cvstreams.h; sourceTree = SOURCE_ROOT; };
		3BA7B16D11E13B3B00A2E5AF /* cvtypes.h */ = {isa = PBXFileReference; fileEncoding = 4; lastKnownFileType = sourcecode.c.h; name = cvtypes.h; path = ../../../addons/ofxOpenCv/libs/opencv/include/cvtypes.h; sourceTree = SOURCE_ROOT; };
		3BA7B16E11E13B3B00A2E5AF /* cvver.h */ = {isa = PBXFileReference; fileEncoding = 4; lastKnownFileType = sourcecode.c.h; name = cvver.h; path = ../../../addons/ofxOpenCv/libs/opencv/include/cvver.h; sourceTree = SOURCE_ROOT; };
		3BA7B16F11E13B3B00A2E5AF /* cvvidsurv.hpp */ = {isa = PBXFileReference; fileEncoding = 4; lastKnownFileType = sourcecode.cpp.h; name = cvvidsurv.hpp; path = ../../../addons/ofxOpenCv/libs/opencv/include/cvvidsurv.hpp; sourceTree = SOURCE_ROOT; };
		3BA7B17011E13B3B00A2E5AF /* cvwimage.h */ = {isa = PBXFileReference; fileEncoding = 4; lastKnownFileType = sourcecode.c.h; name = cvwimage.h; path = ../../../addons/ofxOpenCv/libs/opencv/include/cvwimage.h; sourceTree = SOURCE_ROOT; };
		3BA7B17111E13B3B00A2E5AF /* cxcore.h */ = {isa = PBXFileReference; fileEncoding = 4; lastKnownFileType = sourcecode.c.h; name = cxcore.h; path = ../../../addons/ofxOpenCv/libs/opencv/include/cxcore.h; sourceTree = SOURCE_ROOT; };
		3BA7B17211E13B3B00A2E5AF /* cxcore.hpp */ = {isa = PBXFileReference; fileEncoding = 4; lastKnownFileType = sourcecode.cpp.h; name = cxcore.hpp; path = ../../../addons/ofxOpenCv/libs/opencv/include/cxcore.hpp; sourceTree = SOURCE_ROOT; };
		3BA7B17311E13B3B00A2E5AF /* cxerror.h */ = {isa = PBXFileReference; fileEncoding = 4; lastKnownFileType = sourcecode.c.h; name = cxerror.h; path = ../../../addons/ofxOpenCv/libs/opencv/include/cxerror.h; sourceTree = SOURCE_ROOT; };
		3BA7B17411E13B3B00A2E5AF /* cxmisc.h */ = {isa = PBXFileReference; fileEncoding = 4; lastKnownFileType = sourcecode.c.h; name = cxmisc.h; path = ../../../addons/ofxOpenCv/libs/opencv/include/cxmisc.h; sourceTree = SOURCE_ROOT; };
		3BA7B17511E13B3B00A2E5AF /* cxtypes.h */ = {isa = PBXFileReference; fileEncoding = 4; lastKnownFileType = sourcecode.c.h; name = cxtypes.h; path = ../../../addons/ofxOpenCv/libs/opencv/include/cxtypes.h; sourceTree = SOURCE_ROOT; };
		3BA7B17811E13B3B00A2E5AF /* openCV.a */ = {isa = PBXFileReference; lastKnownFileType = archive.ar; name = openCV.a; path = ../../../addons/ofxOpenCv/libs/opencv/lib/osx/openCV.a; sourceTree = SOURCE_ROOT; };
		3BA7B17A11E13B3B00A2E5AF /* ofxCvBlob.h */ = {isa = PBXFileReference; fileEncoding = 4; lastKnownFileType = sourcecode.c.h; name = ofxCvBlob.h; path = ../../../addons/ofxOpenCv/src/ofxCvBlob.h; sourceTree = SOURCE_ROOT; };
		3BA7B17B11E13B3B00A2E5AF /* ofxCvColorImage.cpp */ = {isa = PBXFileReference; fileEncoding = 4; lastKnownFileType = sourcecode.cpp.cpp; name = ofxCvColorImage.cpp; path = ../../../addons/ofxOpenCv/src/ofxCvColorImage.cpp; sourceTree = SOURCE_ROOT; };
		3BA7B17C11E13B3B00A2E5AF /* ofxCvColorImage.h */ = {isa = PBXFileReference; fileEncoding = 4; lastKnownFileType = sourcecode.c.h; name = ofxCvColorImage.h; path = ../../../addons/ofxOpenCv/src/ofxCvColorImage.h; sourceTree = SOURCE_ROOT; };
		3BA7B17D11E13B3B00A2E5AF /* ofxCvConstants.h */ = {isa = PBXFileReference; fileEncoding = 4; lastKnownFileType = sourcecode.c.h; name = ofxCvConstants.h; path = ../../../addons/ofxOpenCv/src/ofxCvConstants.h; sourceTree = SOURCE_ROOT; };
		3BA7B17E11E13B3B00A2E5AF /* ofxCvContourFinder.cpp */ = {isa = PBXFileReference; fileEncoding = 4; lastKnownFileType = sourcecode.cpp.cpp; name = ofxCvContourFinder.cpp; path = ../../../addons/ofxOpenCv/src/ofxCvContourFinder.cpp; sourceTree = SOURCE_ROOT; };
		3BA7B17F11E13B3C00A2E5AF /* ofxCvContourFinder.h */ = {isa = PBXFileReference; fileEncoding = 4; lastKnownFileType = sourcecode.c.h; name = ofxCvContourFinder.h; path = ../../../addons/ofxOpenCv/src/ofxCvContourFinder.h; sourceTree = SOURCE_ROOT; };
		3BA7B18011E13B3C00A2E5AF /* ofxCvFloatImage.cpp */ = {isa = PBXFileReference; fileEncoding = 4; lastKnownFileType = sourcecode.cpp.cpp; name = ofxCvFloatImage.cpp; path = ../../../addons/ofxOpenCv/src/ofxCvFloatImage.cpp; sourceTree = SOURCE_ROOT; };
		3BA7B18111E13B3C00A2E5AF /* ofxCvFloatImage.h */ = {isa = PBXFileReference; fileEncoding = 4; lastKnownFileType = sourcecode.c.h; name = ofxCvFloatImage.h; path = ../../../addons/ofxOpenCv/src/ofxCvFloatImage.h; sourceTree = SOURCE_ROOT; };
		3BA7B18211E13B3C00A2E5AF /* ofxCvGrayscaleImage.cpp */ = {isa = PBXFileReference; fileEncoding = 4; lastKnownFileType = sourcecode.cpp.cpp; name = ofxCvGrayscaleImage.cpp; path = ../../../addons/ofxOpenCv/src/ofxCvGrayscaleImage.cpp; sourceTree = SOURCE_ROOT; };
		3BA7B18311E13B3C00A2E5AF /* ofxCvGrayscaleImage.h */ = {isa = PBXFileReference; fileEncoding = 4; lastKnownFileType = sourcecode.c.h; name = ofxCvGrayscaleImage.h; path = ../../../addons/ofxOpenCv/src/ofxCvGrayscaleImage.h; sourceTree = SOURCE_ROOT; };
		3BA7B18411E13B3C00A2E5AF /* ofxCvImage.cpp */ = {isa = PBXFileReference; fileEncoding = 4; lastKnownFileType = sourcecode.cpp.cpp; name = ofxCvImage.cpp; path = ../../../addons/ofxOpenCv/src/ofxCvImage.cpp; sourceTree = SOURCE_ROOT; };
		3BA7B18511E13B3C00A2E5AF /* ofxCvImage.h */ = {isa = PBXFileReference; fileEncoding = 4; lastKnownFileType = sourcecode.c.h; name = ofxCvImage.h; path = ../../../addons/ofxOpenCv/src/ofxCvImage.h; sourceTree = SOURCE_ROOT; };
		3BA7B18611E13B3C00A2E5AF /* ofxCvMain.h */ = {isa = PBXFileReference; fileEncoding = 4; lastKnownFileType = sourcecode.c.h; name = ofxCvMain.h; path = ../../../addons/ofxOpenCv/src/ofxCvMain.h; sourceTree = SOURCE_ROOT; };
		3BA7B18711E13B3C00A2E5AF /* ofxCvShortImage.cpp */ = {isa = PBXFileReference; fileEncoding = 4; lastKnownFileType = sourcecode.cpp.cpp; name = ofxCvShortImage.cpp; path = ../../../addons/ofxOpenCv/src/ofxCvShortImage.cpp; sourceTree = SOURCE_ROOT; };
		3BA7B18811E13B3C00A2E5AF /* ofxCvShortImage.h */ = {isa = PBXFileReference; fileEncoding = 4; lastKnownFileType = sourcecode.c.h; name = ofxCvShortImage.h; path = ../../../addons/ofxOpenCv/src/ofxCvShortImage.h; sourceTree = SOURCE_ROOT; };
		3BA7B18911E13B3C00A2E5AF /* ofxOpenCv.h */ = {isa = PBXFileReference; fileEncoding = 4; lastKnownFileType = sourcecode.c.h; name = ofxOpenCv.h; path = ../../../addons/ofxOpenCv/src/ofxOpenCv.h; sourceTree = SOURCE_ROOT; };
		3BA7B19311E13B4300A2E5AF /* Instructions.txt */ = {isa = PBXFileReference; fileEncoding = 4; lastKnownFileType = text; name = Instructions.txt; path = ../../../addons/ofxDirList/doc/Instructions.txt; sourceTree = SOURCE_ROOT; };
		3BA7B19411E13B4300A2E5AF /* install.xml */ = {isa = PBXFileReference; fileEncoding = 4; lastKnownFileType = text.xml; name = install.xml; path = ../../../addons/ofxDirList/install.xml; sourceTree = SOURCE_ROOT; };
		3BA7B19611E13B4300A2E5AF /* ofxDirList.cpp */ = {isa = PBXFileReference; fileEncoding = 4; lastKnownFileType = sourcecode.cpp.cpp; name = ofxDirList.cpp; path = ../../../addons/ofxDirList/src/ofxDirList.cpp; sourceTree = SOURCE_ROOT; };
		3BA7B19711E13B4300A2E5AF /* ofxDirList.h */ = {isa = PBXFileReference; fileEncoding = 4; lastKnownFileType = sourcecode.c.h; name = ofxDirList.h; path = ../../../addons/ofxDirList/src/ofxDirList.h; sourceTree = SOURCE_ROOT; };
		3BA7B19A11E13B5000A2E5AF /* install.xml */ = {isa = PBXFileReference; fileEncoding = 4; lastKnownFileType = text.xml; name = install.xml; path = ../../../addons/ofxVectorGraphics/install.xml; sourceTree = SOURCE_ROOT; };
		3BA7B19C11E13B5000A2E5AF /* CreEPS.cpp */ = {isa = PBXFileReference; fileEncoding = 4; lastKnownFileType = sourcecode.cpp.cpp; name = CreEPS.cpp; path = ../../../addons/ofxVectorGraphics/libs/CreEPS.cpp; sourceTree = SOURCE_ROOT; };
		3BA7B19D11E13B5000A2E5AF /* CreEPS.hpp */ = {isa = PBXFileReference; fileEncoding = 4; lastKnownFileType = sourcecode.cpp.h; name = CreEPS.hpp; path = ../../../addons/ofxVectorGraphics/libs/CreEPS.hpp; sourceTree = SOURCE_ROOT; };
		3BA7B19E11E13B5000A2E5AF /* CreEPS_Types.hpp */ = {isa = PBXFileReference; fileEncoding = 4; lastKnownFileType = sourcecode.cpp.h; name = CreEPS_Types.hpp; path = ../../../addons/ofxVectorGraphics/libs/CreEPS_Types.hpp; sourceTree = SOURCE_ROOT; };
		3BA7B1A011E13B5000A2E5AF /* ofxVectorGraphics.cpp */ = {isa = PBXFileReference; fileEncoding = 4; lastKnownFileType = sourcecode.cpp.cpp; name = ofxVectorGraphics.cpp; path = ../../../addons/ofxVectorGraphics/src/ofxVectorGraphics.cpp; sourceTree = SOURCE_ROOT; };
		3BA7B1A111E13B5000A2E5AF /* ofxVectorGraphics.h */ = {isa = PBXFileReference; fileEncoding = 4; lastKnownFileType = sourcecode.c.h; name = ofxVectorGraphics.h; path = ../../../addons/ofxVectorGraphics/src/ofxVectorGraphics.h; sourceTree = SOURCE_ROOT; };
		3BA7B1A511E13B5C00A2E5AF /* install.xml */ = {isa = PBXFileReference; fileEncoding = 4; lastKnownFileType = text.xml; name = install.xml; path = ../../../addons/ofxXmlSettings/install.xml; sourceTree = SOURCE_ROOT; };
		3BA7B1A711E13B5C00A2E5AF /* tinyxml.cpp */ = {isa = PBXFileReference; fileEncoding = 4; lastKnownFileType = sourcecode.cpp.cpp; name = tinyxml.cpp; path = ../../../addons/ofxXmlSettings/libs/tinyxml.cpp; sourceTree = SOURCE_ROOT; };
		3BA7B1A811E13B5C00A2E5AF /* tinyxml.h */ = {isa = PBXFileReference; fileEncoding = 4; lastKnownFileType = sourcecode.c.h; name = tinyxml.h; path = ../../../addons/ofxXmlSettings/libs/tinyxml.h; sourceTree = SOURCE_ROOT; };
		3BA7B1A911E13B5C00A2E5AF /* tinyxmlerror.cpp */ = {isa = PBXFileReference; fileEncoding = 4; lastKnownFileType = sourcecode.cpp.cpp; name = tinyxmlerror.cpp; path = ../../../addons/ofxXmlSettings/libs/tinyxmlerror.cpp; sourceTree = SOURCE_ROOT; };
		3BA7B1AA11E13B5C00A2E5AF /* tinyxmlparser.cpp */ = {isa = PBXFileReference; fileEncoding = 4; lastKnownFileType = sourcecode.cpp.cpp; name = tinyxmlparser.cpp; path = ../../../addons/ofxXmlSettings/libs/tinyxmlparser.cpp; sourceTree = SOURCE_ROOT; };
		3BA7B1AC11E13B5C00A2E5AF /* ofxXmlSettings.cpp */ = {isa = PBXFileReference; fileEncoding = 4; lastKnownFileType = sourcecode.cpp.cpp; name = ofxXmlSettings.cpp; path = ../../../addons/ofxXmlSettings/src/ofxXmlSettings.cpp; sourceTree = SOURCE_ROOT; };
		3BA7B1AD11E13B5C00A2E5AF /* ofxXmlSettings.h */ = {isa = PBXFileReference; fileEncoding = 4; lastKnownFileType = sourcecode.c.h; name = ofxXmlSettings.h; path = ../../../addons/ofxXmlSettings/src/ofxXmlSettings.h; sourceTree = SOURCE_ROOT; };
		E45BE0390E8CC647009D7055 /* FreeImage.h */ = {isa = PBXFileReference; fileEncoding = 4; lastKnownFileType = sourcecode.c.h; name = FreeImage.h; path = ../../../libs/freeimage/include/FreeImage.h; sourceTree = SOURCE_ROOT; };
		E45BE03F0E8CC650009D7055 /* fmod.h */ = {isa = PBXFileReference; fileEncoding = 4; lastKnownFileType = sourcecode.c.h; name = fmod.h; path = ../../../libs/fmodex/include/fmod.h; sourceTree = SOURCE_ROOT; };
		E45BE0400E8CC650009D7055 /* fmod.hpp */ = {isa = PBXFileReference; fileEncoding = 4; lastKnownFileType = sourcecode.cpp.h; name = fmod.hpp; path = ../../../libs/fmodex/include/fmod.hpp; sourceTree = SOURCE_ROOT; };
		E45BE0410E8CC650009D7055 /* fmod_codec.h */ = {isa = PBXFileReference; fileEncoding = 4; lastKnownFileType = sourcecode.c.h; name = fmod_codec.h; path = ../../../libs/fmodex/include/fmod_codec.h; sourceTree = SOURCE_ROOT; };
		E45BE0420E8CC650009D7055 /* fmod_dsp.h */ = {isa = PBXFileReference; fileEncoding = 4; lastKnownFileType = sourcecode.c.h; name = fmod_dsp.h; path = ../../../libs/fmodex/include/fmod_dsp.h; sourceTree = SOURCE_ROOT; };
		E45BE0430E8CC650009D7055 /* fmod_errors.h */ = {isa = PBXFileReference; fileEncoding = 4; lastKnownFileType = sourcecode.c.h; name = fmod_errors.h; path = ../../../libs/fmodex/include/fmod_errors.h; sourceTree = SOURCE_ROOT; };
		E45BE0440E8CC650009D7055 /* fmod_output.h */ = {isa = PBXFileReference; fileEncoding = 4; lastKnownFileType = sourcecode.c.h; name = fmod_output.h; path = ../../../libs/fmodex/include/fmod_output.h; sourceTree = SOURCE_ROOT; };
		E45BE0A70E8CC67C009D7055 /* GLee.h */ = {isa = PBXFileReference; fileEncoding = 4; lastKnownFileType = sourcecode.c.h; name = GLee.h; path = ../../../libs/GLee/include/GLee.h; sourceTree = SOURCE_ROOT; };
		E45BE0A90E8CC67C009D7055 /* GLee.a */ = {isa = PBXFileReference; lastKnownFileType = archive.ar; name = GLee.a; path = ../../../libs/GLee/lib/osx/GLee.a; sourceTree = SOURCE_ROOT; };
		E45BE2E00E8CC69C009D7055 /* RtAudio.h */ = {isa = PBXFileReference; fileEncoding = 4; lastKnownFileType = sourcecode.c.h; name = RtAudio.h; path = ../../../libs/rtAudio/include/RtAudio.h; sourceTree = SOURCE_ROOT; };
		E45BE2E10E8CC69C009D7055 /* RtError.h */ = {isa = PBXFileReference; fileEncoding = 4; lastKnownFileType = sourcecode.c.h; name = RtError.h; path = ../../../libs/rtAudio/include/RtError.h; sourceTree = SOURCE_ROOT; };
		E45BE2E30E8CC69C009D7055 /* rtAudio.a */ = {isa = PBXFileReference; lastKnownFileType = archive.ar; name = rtAudio.a; path = ../../../libs/rtAudio/lib/osx/rtAudio.a; sourceTree = SOURCE_ROOT; };
		E45BE9710E8CC7DD009D7055 /* AGL.framework */ = {isa = PBXFileReference; lastKnownFileType = wrapper.framework; name = AGL.framework; path = /System/Library/Frameworks/AGL.framework; sourceTree = "<absolute>"; };
		E45BE9720E8CC7DD009D7055 /* ApplicationServices.framework */ = {isa = PBXFileReference; lastKnownFileType = wrapper.framework; name = ApplicationServices.framework; path = /System/Library/Frameworks/ApplicationServices.framework; sourceTree = "<absolute>"; };
		E45BE9730E8CC7DD009D7055 /* AudioToolbox.framework */ = {isa = PBXFileReference; lastKnownFileType = wrapper.framework; name = AudioToolbox.framework; path = /System/Library/Frameworks/AudioToolbox.framework; sourceTree = "<absolute>"; };
		E45BE9740E8CC7DD009D7055 /* Carbon.framework */ = {isa = PBXFileReference; lastKnownFileType = wrapper.framework; name = Carbon.framework; path = /System/Library/Frameworks/Carbon.framework; sourceTree = "<absolute>"; };
		E45BE9750E8CC7DD009D7055 /* CoreAudio.framework */ = {isa = PBXFileReference; lastKnownFileType = wrapper.framework; name = CoreAudio.framework; path = /System/Library/Frameworks/CoreAudio.framework; sourceTree = "<absolute>"; };
		E45BE9760E8CC7DD009D7055 /* CoreFoundation.framework */ = {isa = PBXFileReference; lastKnownFileType = wrapper.framework; name = CoreFoundation.framework; path = /System/Library/Frameworks/CoreFoundation.framework; sourceTree = "<absolute>"; };
		E45BE9770E8CC7DD009D7055 /* CoreServices.framework */ = {isa = PBXFileReference; lastKnownFileType = wrapper.framework; name = CoreServices.framework; path = /System/Library/Frameworks/CoreServices.framework; sourceTree = "<absolute>"; };
		E45BE9790E8CC7DD009D7055 /* OpenGL.framework */ = {isa = PBXFileReference; lastKnownFileType = wrapper.framework; name = OpenGL.framework; path = /System/Library/Frameworks/OpenGL.framework; sourceTree = "<absolute>"; };
		E45BE97A0E8CC7DD009D7055 /* QuickTime.framework */ = {isa = PBXFileReference; lastKnownFileType = wrapper.framework; name = QuickTime.framework; path = /System/Library/Frameworks/QuickTime.framework; sourceTree = "<absolute>"; };
		E49DA7E210CD40AD0006B5A8 /* freeimage.a */ = {isa = PBXFileReference; lastKnownFileType = archive.ar; name = freeimage.a; path = ../../../libs/FreeImage/lib/osx/freeimage.a; sourceTree = SOURCE_ROOT; };
		E4B69B5B0A3A1756003C02F2 /* GMLStenciler.app */ = {isa = PBXFileReference; explicitFileType = wrapper.application; includeInIndex = 0; path = GMLStenciler.app; sourceTree = BUILT_PRODUCTS_DIR; };
		E4B69E1D0A3A1BDC003C02F2 /* main.cpp */ = {isa = PBXFileReference; fileEncoding = 30; lastKnownFileType = sourcecode.cpp.cpp; name = main.cpp; path = src/main.cpp; sourceTree = SOURCE_ROOT; };
		E4B6FCAD0C3E899E008CF71C /* openFrameworks-Info.plist */ = {isa = PBXFileReference; fileEncoding = 30; lastKnownFileType = text.plist.xml; path = "openFrameworks-Info.plist"; sourceTree = "<group>"; };
		E4C2421610CC549C004149E2 /* openFrameworksLib.xcodeproj */ = {isa = PBXFileReference; lastKnownFileType = "wrapper.pb-project"; name = openFrameworksLib.xcodeproj; path = ../../../libs/openFrameworksCompiled/project/osx/openFrameworksLib.xcodeproj; sourceTree = SOURCE_ROOT; };
		E4C2424410CC5A17004149E2 /* AppKit.framework */ = {isa = PBXFileReference; lastKnownFileType = wrapper.framework; name = AppKit.framework; path = /System/Library/Frameworks/AppKit.framework; sourceTree = "<absolute>"; };
		E4C2424510CC5A17004149E2 /* Cocoa.framework */ = {isa = PBXFileReference; lastKnownFileType = wrapper.framework; name = Cocoa.framework; path = /System/Library/Frameworks/Cocoa.framework; sourceTree = "<absolute>"; };
		E4C2424610CC5A17004149E2 /* IOKit.framework */ = {isa = PBXFileReference; lastKnownFileType = wrapper.framework; name = IOKit.framework; path = /System/Library/Frameworks/IOKit.framework; sourceTree = "<absolute>"; };
		E4C2425F10CC5A78004149E2 /* GLUT.framework */ = {isa = PBXFileReference; lastKnownFileType = wrapper.framework; name = GLUT.framework; path = ../../../libs/glut/lib/osx/GLUT.framework; sourceTree = SOURCE_ROOT; };
		E4C2427A10CC5B66004149E2 /* CppUnit.a */ = {isa = PBXFileReference; lastKnownFileType = archive.ar; name = CppUnit.a; path = ../../../libs/poco/lib/osx/CppUnit.a; sourceTree = SOURCE_ROOT; };
		E4C2427B10CC5B66004149E2 /* PocoFoundation.a */ = {isa = PBXFileReference; lastKnownFileType = archive.ar; name = PocoFoundation.a; path = ../../../libs/poco/lib/osx/PocoFoundation.a; sourceTree = SOURCE_ROOT; };
		E4C2427C10CC5B66004149E2 /* PocoNet.a */ = {isa = PBXFileReference; lastKnownFileType = archive.ar; name = PocoNet.a; path = ../../../libs/poco/lib/osx/PocoNet.a; sourceTree = SOURCE_ROOT; };
		E4C2427D10CC5B66004149E2 /* PocoUtil.a */ = {isa = PBXFileReference; lastKnownFileType = archive.ar; name = PocoUtil.a; path = ../../../libs/poco/lib/osx/PocoUtil.a; sourceTree = SOURCE_ROOT; };
		E4C2427E10CC5B66004149E2 /* PocoXML.a */ = {isa = PBXFileReference; lastKnownFileType = archive.ar; name = PocoXML.a; path = ../../../libs/poco/lib/osx/PocoXML.a; sourceTree = SOURCE_ROOT; };
		E4C2429310CC5C38004149E2 /* freetype.a */ = {isa = PBXFileReference; lastKnownFileType = archive.ar; name = freetype.a; path = ../../../libs/freetype/lib/osx/freetype.a; sourceTree = SOURCE_ROOT; };
		E4C242CC10CC650E004149E2 /* libfmodex.dylib */ = {isa = PBXFileReference; lastKnownFileType = "compiled.mach-o.dylib"; name = libfmodex.dylib; path = ../../../libs/fmodex/lib/osx/libfmodex.dylib; sourceTree = SOURCE_ROOT; };
/* End PBXFileReference section */

/* Begin PBXFrameworksBuildPhase section */
		E4B69B590A3A1756003C02F2 /* Frameworks */ = {
			isa = PBXFrameworksBuildPhase;
			buildActionMask = 2147483647;
			files = (
				E4C2422B10CC554B004149E2 /* openFrameworks.a in Frameworks */,
				E45BE0AA0E8CC67C009D7055 /* GLee.a in Frameworks */,
				E45BE2E40E8CC69C009D7055 /* rtAudio.a in Frameworks */,
				E45BE97B0E8CC7DD009D7055 /* AGL.framework in Frameworks */,
				E45BE97C0E8CC7DD009D7055 /* ApplicationServices.framework in Frameworks */,
				E45BE97D0E8CC7DD009D7055 /* AudioToolbox.framework in Frameworks */,
				E45BE97E0E8CC7DD009D7055 /* Carbon.framework in Frameworks */,
				E45BE97F0E8CC7DD009D7055 /* CoreAudio.framework in Frameworks */,
				E45BE9800E8CC7DD009D7055 /* CoreFoundation.framework in Frameworks */,
				E45BE9810E8CC7DD009D7055 /* CoreServices.framework in Frameworks */,
				E45BE9830E8CC7DD009D7055 /* OpenGL.framework in Frameworks */,
				E45BE9840E8CC7DD009D7055 /* QuickTime.framework in Frameworks */,
				E4C2424710CC5A17004149E2 /* AppKit.framework in Frameworks */,
				E4C2424810CC5A17004149E2 /* Cocoa.framework in Frameworks */,
				E4C2424910CC5A17004149E2 /* IOKit.framework in Frameworks */,
				E4C2426610CC5A78004149E2 /* GLUT.framework in Frameworks */,
				E4C2427F10CC5B66004149E2 /* CppUnit.a in Frameworks */,
				E4C2428010CC5B66004149E2 /* PocoFoundation.a in Frameworks */,
				E4C2428110CC5B66004149E2 /* PocoNet.a in Frameworks */,
				E4C2428210CC5B66004149E2 /* PocoUtil.a in Frameworks */,
				E4C2428310CC5B66004149E2 /* PocoXML.a in Frameworks */,
				E4C2429410CC5C38004149E2 /* freetype.a in Frameworks */,
				E4C242CD10CC650E004149E2 /* libfmodex.dylib in Frameworks */,
				E49DA7E310CD40AD0006B5A8 /* freeimage.a in Frameworks */,
				3BA7B18A11E13B3C00A2E5AF /* openCV.a in Frameworks */,
			);
			runOnlyForDeploymentPostprocessing = 0;
		};
/* End PBXFrameworksBuildPhase section */

/* Begin PBXGroup section */
		3B2675C511E0EFA40074929F /* addons_local */ = {
			isa = PBXGroup;
			children = (
				3B26772111E0F89B0074929F /* ofxControlPanel */,
				3B26765811E0F0B40074929F /* ofxFBOTexture */,
				3B26765B11E0F0B40074929F /* ofxImage */,
			);
			name = addons_local;
			sourceTree = "<group>";
		};
		3B26765811E0F0B40074929F /* ofxFBOTexture */ = {
			isa = PBXGroup;
			children = (
				3B26765911E0F0B40074929F /* ofxFBOTexture.cpp */,
				3B26765A11E0F0B40074929F /* ofxFBOTexture.h */,
			);
			name = ofxFBOTexture;
			path = src/ofxFBOTexture;
			sourceTree = SOURCE_ROOT;
		};
		3B26765B11E0F0B40074929F /* ofxImage */ = {
			isa = PBXGroup;
			children = (
				3B26765C11E0F0B40074929F /* ofxImage.cpp */,
				3B26765D11E0F0B40074929F /* ofxImage.h */,
			);
			name = ofxImage;
			path = src/ofxImage;
			sourceTree = SOURCE_ROOT;
		};
		3B26772111E0F89B0074929F /* ofxControlPanel */ = {
			isa = PBXGroup;
			children = (
				3B26772211E0F89B0074929F /* guiBaseObject.cpp */,
				3B26772311E0F89B0074929F /* guiBaseObject.h */,
				3B26772411E0F89B0074929F /* guiCallback.cpp */,
				3B26772511E0F89B0074929F /* guiCallback.h */,
				3B26772611E0F89B0074929F /* guiCallbackValue.cpp */,
				3B26772711E0F89B0074929F /* guiCallbackValue.h */,
				3B26772811E0F89B0074929F /* guiColor.cpp */,
				3B26772911E0F89B0074929F /* guiColor.h */,
				3B26772A11E0F89B0074929F /* guiCustomImpl.h */,
				3B26772B11E0F89B0074929F /* guiIncludes.h */,
				3B26772C11E0F89B0074929F /* guiTextBase.cpp */,
				3B26772D11E0F89B0074929F /* guiTextBase.h */,
				3B26772E11E0F89B0074929F /* guiType2DSlider.cpp */,
				3B26772F11E0F89B0074929F /* guiType2DSlider.h */,
				3B26773011E0F89B0074929F /* guiTypeButtonSlider.cpp */,
				3B26773111E0F89B0074929F /* guiTypeButtonSlider.h */,
				3B26773211E0F89B0074929F /* guiTypeChartPlotter.cpp */,
				3B26773311E0F89B0074929F /* guiTypeChartPlotter.h */,
				3B26773411E0F89B0074929F /* guiTypeCustom.cpp */,
				3B26773511E0F89B0074929F /* guiTypeCustom.h */,
				3B26773611E0F89B0074929F /* guiTypeDrawable.cpp */,
				3B26773711E0F89B0074929F /* guiTypeDrawable.h */,
				3B26773811E0F89B0074929F /* guiTypeFileLister.cpp */,
				3B26773911E0F89B0074929F /* guiTypeFileLister.h */,
				3B26773A11E0F89B0074929F /* guiTypeLogger.cpp */,
				3B26773B11E0F89B0074929F /* guiTypeLogger.h */,
				3B26773C11E0F89B0074929F /* guiTypeMultiToggle.cpp */,
				3B26773D11E0F89B0074929F /* guiTypeMultiToggle.h */,
				3B26773E11E0F89B0074929F /* guiTypePanel.cpp */,
				3B26773F11E0F89B0074929F /* guiTypePanel.h */,
				3B26774011E0F89B0074929F /* guiTypeSlider.cpp */,
				3B26774111E0F89B0074929F /* guiTypeSlider.h */,
				3B26774211E0F89B0074929F /* guiTypeText.cpp */,
				3B26774311E0F89B0074929F /* guiTypeText.h */,
				3B26774411E0F89B0074929F /* guiTypeTextDropDown.cpp */,
				3B26774511E0F89B0074929F /* guiTypeTextDropDown.h */,
				3B26774611E0F89B0074929F /* guiTypeToggle.cpp */,
				3B26774711E0F89B0074929F /* guiTypeToggle.h */,
				3B26774811E0F89B0074929F /* guiTypeVairableLister.cpp */,
				3B26774911E0F89B0074929F /* guiTypeVairableLister.h */,
				3B26774A11E0F89B0074929F /* guiTypeVideo.cpp */,
				3B26774B11E0F89B0074929F /* guiTypeVideo.h */,
				3B26774C11E0F89B0074929F /* guiValue.cpp */,
				3B26774D11E0F89B0074929F /* guiValue.h */,
				3B26774E11E0F89B0074929F /* guiVariablePointer.h */,
				3B26774F11E0F89B0074929F /* ofxControlPanel.cpp */,
				3B26775011E0F89B0074929F /* ofxControlPanel.h */,
				3B26775111E0F89B0074929F /* simpleColor.cpp */,
				3B26775211E0F89B0074929F /* simpleColor.h */,
				3B26775311E0F89B0074929F /* simpleFileLister.cpp */,
				3B26775411E0F89B0074929F /* simpleFileLister.h */,
				3B26775511E0F89B0074929F /* simpleLogger.cpp */,
				3B26775611E0F89B0074929F /* simpleLogger.h */,
			);
			name = ofxControlPanel;
			path = src/ofxControlPanel;
			sourceTree = SOURCE_ROOT;
		};
		3BA7B16111E13B3B00A2E5AF /* ofxOpenCv */ = {
			isa = PBXGroup;
			children = (
				3BA7B16211E13B3B00A2E5AF /* install.xml */,
				3BA7B16311E13B3B00A2E5AF /* libs */,
				3BA7B17911E13B3B00A2E5AF /* src */,
			);
			name = ofxOpenCv;
			path = ../../../addons/ofxOpenCv;
			sourceTree = SOURCE_ROOT;
		};
		3BA7B16311E13B3B00A2E5AF /* libs */ = {
			isa = PBXGroup;
			children = (
				3BA7B16411E13B3B00A2E5AF /* opencv */,
			);
			name = libs;
			path = ../../../addons/ofxOpenCv/libs;
			sourceTree = SOURCE_ROOT;
		};
		3BA7B16411E13B3B00A2E5AF /* opencv */ = {
			isa = PBXGroup;
			children = (
				3BA7B16511E13B3B00A2E5AF /* include */,
				3BA7B17611E13B3B00A2E5AF /* lib */,
			);
			name = opencv;
			path = ../../../addons/ofxOpenCv/libs/opencv;
			sourceTree = SOURCE_ROOT;
		};
		3BA7B16511E13B3B00A2E5AF /* include */ = {
			isa = PBXGroup;
			children = (
				3BA7B16611E13B3B00A2E5AF /* cv.h */,
				3BA7B16711E13B3B00A2E5AF /* cv.hpp */,
				3BA7B16811E13B3B00A2E5AF /* cvaux.h */,
				3BA7B16911E13B3B00A2E5AF /* cvaux.hpp */,
				3BA7B16A11E13B3B00A2E5AF /* cvcompat.h */,
				3BA7B16B11E13B3B00A2E5AF /* cvmat.hpp */,
				3BA7B16C11E13B3B00A2E5AF /* cvstreams.h */,
				3BA7B16D11E13B3B00A2E5AF /* cvtypes.h */,
				3BA7B16E11E13B3B00A2E5AF /* cvver.h */,
				3BA7B16F11E13B3B00A2E5AF /* cvvidsurv.hpp */,
				3BA7B17011E13B3B00A2E5AF /* cvwimage.h */,
				3BA7B17111E13B3B00A2E5AF /* cxcore.h */,
				3BA7B17211E13B3B00A2E5AF /* cxcore.hpp */,
				3BA7B17311E13B3B00A2E5AF /* cxerror.h */,
				3BA7B17411E13B3B00A2E5AF /* cxmisc.h */,
				3BA7B17511E13B3B00A2E5AF /* cxtypes.h */,
			);
			name = include;
			path = ../../../addons/ofxOpenCv/libs/opencv/include;
			sourceTree = SOURCE_ROOT;
		};
		3BA7B17611E13B3B00A2E5AF /* lib */ = {
			isa = PBXGroup;
			children = (
				3BA7B17711E13B3B00A2E5AF /* osx */,
			);
			name = lib;
			path = ../../../addons/ofxOpenCv/libs/opencv/lib;
			sourceTree = SOURCE_ROOT;
		};
		3BA7B17711E13B3B00A2E5AF /* osx */ = {
			isa = PBXGroup;
			children = (
				3BA7B17811E13B3B00A2E5AF /* openCV.a */,
			);
			name = osx;
			path = ../../../addons/ofxOpenCv/libs/opencv/lib/osx;
			sourceTree = SOURCE_ROOT;
		};
		3BA7B17911E13B3B00A2E5AF /* src */ = {
			isa = PBXGroup;
			children = (
				3BA7B17A11E13B3B00A2E5AF /* ofxCvBlob.h */,
				3BA7B17B11E13B3B00A2E5AF /* ofxCvColorImage.cpp */,
				3BA7B17C11E13B3B00A2E5AF /* ofxCvColorImage.h */,
				3BA7B17D11E13B3B00A2E5AF /* ofxCvConstants.h */,
				3BA7B17E11E13B3B00A2E5AF /* ofxCvContourFinder.cpp */,
				3BA7B17F11E13B3C00A2E5AF /* ofxCvContourFinder.h */,
				3BA7B18011E13B3C00A2E5AF /* ofxCvFloatImage.cpp */,
				3BA7B18111E13B3C00A2E5AF /* ofxCvFloatImage.h */,
				3BA7B18211E13B3C00A2E5AF /* ofxCvGrayscaleImage.cpp */,
				3BA7B18311E13B3C00A2E5AF /* ofxCvGrayscaleImage.h */,
				3BA7B18411E13B3C00A2E5AF /* ofxCvImage.cpp */,
				3BA7B18511E13B3C00A2E5AF /* ofxCvImage.h */,
				3BA7B18611E13B3C00A2E5AF /* ofxCvMain.h */,
				3BA7B18711E13B3C00A2E5AF /* ofxCvShortImage.cpp */,
				3BA7B18811E13B3C00A2E5AF /* ofxCvShortImage.h */,
				3BA7B18911E13B3C00A2E5AF /* ofxOpenCv.h */,
			);
			name = src;
			path = ../../../addons/ofxOpenCv/src;
			sourceTree = SOURCE_ROOT;
		};
		3BA7B19111E13B4300A2E5AF /* ofxDirList */ = {
			isa = PBXGroup;
			children = (
				3BA7B19211E13B4300A2E5AF /* doc */,
				3BA7B19411E13B4300A2E5AF /* install.xml */,
				3BA7B19511E13B4300A2E5AF /* src */,
			);
			name = ofxDirList;
			path = ../../../addons/ofxDirList;
			sourceTree = SOURCE_ROOT;
		};
		3BA7B19211E13B4300A2E5AF /* doc */ = {
			isa = PBXGroup;
			children = (
				3BA7B19311E13B4300A2E5AF /* Instructions.txt */,
			);
			name = doc;
			path = ../../../addons/ofxDirList/doc;
			sourceTree = SOURCE_ROOT;
		};
		3BA7B19511E13B4300A2E5AF /* src */ = {
			isa = PBXGroup;
			children = (
				3BA7B19611E13B4300A2E5AF /* ofxDirList.cpp */,
				3BA7B19711E13B4300A2E5AF /* ofxDirList.h */,
			);
			name = src;
			path = ../../../addons/ofxDirList/src;
			sourceTree = SOURCE_ROOT;
		};
		3BA7B19911E13B5000A2E5AF /* ofxVectorGraphics */ = {
			isa = PBXGroup;
			children = (
				3BA7B19A11E13B5000A2E5AF /* install.xml */,
				3BA7B19B11E13B5000A2E5AF /* libs */,
				3BA7B19F11E13B5000A2E5AF /* src */,
			);
			name = ofxVectorGraphics;
			path = ../../../addons/ofxVectorGraphics;
			sourceTree = SOURCE_ROOT;
		};
		3BA7B19B11E13B5000A2E5AF /* libs */ = {
			isa = PBXGroup;
			children = (
				3BA7B19C11E13B5000A2E5AF /* CreEPS.cpp */,
				3BA7B19D11E13B5000A2E5AF /* CreEPS.hpp */,
				3BA7B19E11E13B5000A2E5AF /* CreEPS_Types.hpp */,
			);
			name = libs;
			path = ../../../addons/ofxVectorGraphics/libs;
			sourceTree = SOURCE_ROOT;
		};
		3BA7B19F11E13B5000A2E5AF /* src */ = {
			isa = PBXGroup;
			children = (
				3BA7B1A011E13B5000A2E5AF /* ofxVectorGraphics.cpp */,
				3BA7B1A111E13B5000A2E5AF /* ofxVectorGraphics.h */,
			);
			name = src;
			path = ../../../addons/ofxVectorGraphics/src;
			sourceTree = SOURCE_ROOT;
		};
		3BA7B1A411E13B5C00A2E5AF /* ofxXmlSettings */ = {
			isa = PBXGroup;
			children = (
				3BA7B1A511E13B5C00A2E5AF /* install.xml */,
				3BA7B1A611E13B5C00A2E5AF /* libs */,
				3BA7B1AB11E13B5C00A2E5AF /* src */,
			);
			name = ofxXmlSettings;
			path = ../../../addons/ofxXmlSettings;
			sourceTree = SOURCE_ROOT;
		};
		3BA7B1A611E13B5C00A2E5AF /* libs */ = {
			isa = PBXGroup;
			children = (
				3BA7B1A711E13B5C00A2E5AF /* tinyxml.cpp */,
				3BA7B1A811E13B5C00A2E5AF /* tinyxml.h */,
				3BA7B1A911E13B5C00A2E5AF /* tinyxmlerror.cpp */,
				3BA7B1AA11E13B5C00A2E5AF /* tinyxmlparser.cpp */,
			);
			name = libs;
			path = ../../../addons/ofxXmlSettings/libs;
			sourceTree = SOURCE_ROOT;
		};
		3BA7B1AB11E13B5C00A2E5AF /* src */ = {
			isa = PBXGroup;
			children = (
				3BA7B1AC11E13B5C00A2E5AF /* ofxXmlSettings.cpp */,
				3BA7B1AD11E13B5C00A2E5AF /* ofxXmlSettings.h */,
			);
			name = src;
			path = ../../../addons/ofxXmlSettings/src;
			sourceTree = SOURCE_ROOT;
		};
		E44665C70F5B3E03005D0BF0 /* addons */ = {
			isa = PBXGroup;
			children = (
				3BA7B1A411E13B5C00A2E5AF /* ofxXmlSettings */,
				3BA7B19911E13B5000A2E5AF /* ofxVectorGraphics */,
				3BA7B19111E13B4300A2E5AF /* ofxDirList */,
				3BA7B16111E13B3B00A2E5AF /* ofxOpenCv */,
			);
			name = addons;
			path = ../../../addons;
			sourceTree = SOURCE_ROOT;
		};
		E45BE0360E8CC5DE009D7055 /* libs */ = {
			isa = PBXGroup;
			children = (
				E45BEED60E8CCB34009D7055 /* core */,
			);
			name = libs;
			sourceTree = "<group>";
		};
		E45BE0370E8CC647009D7055 /* freeimage */ = {
			isa = PBXGroup;
			children = (
				E49DA7E110CD40AD0006B5A8 /* osx */,
				E45BE0380E8CC647009D7055 /* include */,
			);
			name = freeimage;
			path = ../../../libs/freeimage;
			sourceTree = SOURCE_ROOT;
		};
		E45BE0380E8CC647009D7055 /* include */ = {
			isa = PBXGroup;
			children = (
				E45BE0390E8CC647009D7055 /* FreeImage.h */,
			);
			name = include;
			path = ../../../libs/freeimage/include;
			sourceTree = SOURCE_ROOT;
		};
		E45BE03D0E8CC650009D7055 /* fmodex */ = {
			isa = PBXGroup;
			children = (
				E45BE03E0E8CC650009D7055 /* inc */,
				E4C2428E10CC5C18004149E2 /* osx */,
			);
			name = fmodex;
			path = ../../../libs/fmodex;
			sourceTree = SOURCE_ROOT;
		};
		E45BE03E0E8CC650009D7055 /* inc */ = {
			isa = PBXGroup;
			children = (
				E45BE03F0E8CC650009D7055 /* fmod.h */,
				E45BE0400E8CC650009D7055 /* fmod.hpp */,
				E45BE0410E8CC650009D7055 /* fmod_codec.h */,
				E45BE0420E8CC650009D7055 /* fmod_dsp.h */,
				E45BE0430E8CC650009D7055 /* fmod_errors.h */,
				E45BE0440E8CC650009D7055 /* fmod_output.h */,
			);
			name = inc;
			path = ../../../libs/fmodex/include;
			sourceTree = SOURCE_ROOT;
		};
		E45BE0480E8CC657009D7055 /* core libraries */ = {
			isa = PBXGroup;
			children = (
				E4C2425B10CC5A78004149E2 /* glut */,
				E45BEC7B0E8CC911009D7055 /* poco */,
				E45BE2D50E8CC69C009D7055 /* rtAudio */,
				E45BE0A50E8CC67C009D7055 /* GLee */,
				E45BE0490E8CC676009D7055 /* freetype */,
				E45BE03D0E8CC650009D7055 /* fmodex */,
				E45BE0370E8CC647009D7055 /* freeimage */,
			);
			name = "core libraries";
			sourceTree = "<group>";
		};
		E45BE0490E8CC676009D7055 /* freetype */ = {
			isa = PBXGroup;
			children = (
				E4C2429210CC5C38004149E2 /* osx */,
			);
			name = freetype;
			path = ../../../libs/freetype;
			sourceTree = SOURCE_ROOT;
		};
		E45BE0A50E8CC67C009D7055 /* GLee */ = {
			isa = PBXGroup;
			children = (
				E45BE0A60E8CC67C009D7055 /* include */,
				E45BE0A80E8CC67C009D7055 /* lib */,
			);
			name = GLee;
			path = ../../../libs/GLee;
			sourceTree = SOURCE_ROOT;
		};
		E45BE0A60E8CC67C009D7055 /* include */ = {
			isa = PBXGroup;
			children = (
				E45BE0A70E8CC67C009D7055 /* GLee.h */,
			);
			name = include;
			path = ../../../libs/GLee/include;
			sourceTree = SOURCE_ROOT;
		};
		E45BE0A80E8CC67C009D7055 /* lib */ = {
			isa = PBXGroup;
			children = (
				E45BE0A90E8CC67C009D7055 /* GLee.a */,
			);
			name = lib;
			path = ../../../libs/GLee/lib/osx;
			sourceTree = SOURCE_ROOT;
		};
		E45BE2D50E8CC69C009D7055 /* rtAudio */ = {
			isa = PBXGroup;
			children = (
				E45BE2D60E8CC69C009D7055 /* include */,
				E45BE2E20E8CC69C009D7055 /* lib */,
			);
			name = rtAudio;
			path = ../../../libs/rtAudio;
			sourceTree = SOURCE_ROOT;
		};
		E45BE2D60E8CC69C009D7055 /* include */ = {
			isa = PBXGroup;
			children = (
				E45BE2D70E8CC69C009D7055 /* asio */,
				E45BE2E00E8CC69C009D7055 /* RtAudio.h */,
				E45BE2E10E8CC69C009D7055 /* RtError.h */,
			);
			name = include;
			path = ../../../libs/rtAudio/include;
			sourceTree = SOURCE_ROOT;
		};
		E45BE2D70E8CC69C009D7055 /* asio */ = {
			isa = PBXGroup;
			children = (
			);
			name = asio;
			path = ../../../libs/rtAudio/include/asio;
			sourceTree = SOURCE_ROOT;
		};
		E45BE2E20E8CC69C009D7055 /* lib */ = {
			isa = PBXGroup;
			children = (
				E45BE2E30E8CC69C009D7055 /* rtAudio.a */,
			);
			name = lib;
			path = ../../../libs/rtAudio/lib/osx;
			sourceTree = SOURCE_ROOT;
		};
		E45BE5980E8CC70C009D7055 /* core frameworks */ = {
			isa = PBXGroup;
			children = (
				E4C2424410CC5A17004149E2 /* AppKit.framework */,
				E4C2424510CC5A17004149E2 /* Cocoa.framework */,
				E4C2424610CC5A17004149E2 /* IOKit.framework */,
				E45BE9710E8CC7DD009D7055 /* AGL.framework */,
				E45BE9720E8CC7DD009D7055 /* ApplicationServices.framework */,
				E45BE9730E8CC7DD009D7055 /* AudioToolbox.framework */,
				E45BE9740E8CC7DD009D7055 /* Carbon.framework */,
				E45BE9750E8CC7DD009D7055 /* CoreAudio.framework */,
				E45BE9760E8CC7DD009D7055 /* CoreFoundation.framework */,
				E45BE9770E8CC7DD009D7055 /* CoreServices.framework */,
				E45BE9790E8CC7DD009D7055 /* OpenGL.framework */,
				E45BE97A0E8CC7DD009D7055 /* QuickTime.framework */,
			);
			name = "core frameworks";
			sourceTree = "<group>";
		};
		E45BEC7B0E8CC911009D7055 /* poco */ = {
			isa = PBXGroup;
			children = (
				E4C2427910CC5B66004149E2 /* osx */,
			);
			name = poco;
			path = ../../../libs/poco;
			sourceTree = SOURCE_ROOT;
		};
		E45BEED60E8CCB34009D7055 /* core */ = {
			isa = PBXGroup;
			children = (
				E45BE0480E8CC657009D7055 /* core libraries */,
				E45BE5980E8CC70C009D7055 /* core frameworks */,
			);
			name = core;
			sourceTree = "<group>";
		};
		E49DA7E110CD40AD0006B5A8 /* osx */ = {
			isa = PBXGroup;
			children = (
				E49DA7E210CD40AD0006B5A8 /* freeimage.a */,
			);
			name = osx;
			path = ../../../libs/FreeImage/lib/osx;
			sourceTree = SOURCE_ROOT;
		};
		E4B69B4A0A3A1720003C02F2 = {
			isa = PBXGroup;
			children = (
				E4B69B5B0A3A1756003C02F2 /* GMLStenciler.app */,
				E4B6FCAD0C3E899E008CF71C /* openFrameworks-Info.plist */,
				E4B69E1C0A3A1BDC003C02F2 /* src */,
				E4C2422310CC54B6004149E2 /* openFrameworks */,
				3B2675C511E0EFA40074929F /* addons_local */,
				E44665C70F5B3E03005D0BF0 /* addons */,
				E45BE0360E8CC5DE009D7055 /* libs */,
			);
			sourceTree = "<group>";
		};
		E4B69E1C0A3A1BDC003C02F2 /* src */ = {
			isa = PBXGroup;
			children = (
				E4B69E1D0A3A1BDC003C02F2 /* main.cpp */,
				3B2676BC11E0F3AA0074929F /* testApp.cpp */,
				3B2676BD11E0F3AA0074929F /* testApp.h */,
				3B2676A311E0F1A80074929F /* Graffiti.cpp */,
				3B2676A411E0F1A80074929F /* Graffiti.h */,
				3B26769E11E0F1890074929F /* graffitiControlPanel.cpp */,
				3B26769F11E0F1890074929F /* graffitiControlPanel.h */,
				3B26769311E0F1700074929F /* GMLPoint.cpp */,
				3B26769411E0F1700074929F /* GMLPoint.h */,
				3B26769511E0F1700074929F /* Stroke.cpp */,
				3B26769611E0F1700074929F /* Stroke.h */,
				3B26769711E0F1700074929F /* vars.cpp */,
				3B26769811E0F1700074929F /* vars.h */,
			);
			path = src;
			sourceTree = SOURCE_ROOT;
		};
		E4C2421710CC549C004149E2 /* Products */ = {
			isa = PBXGroup;
			children = (
				E4C2421E10CC549C004149E2 /* openFrameworks.a */,
			);
			name = Products;
			sourceTree = "<group>";
		};
		E4C2422310CC54B6004149E2 /* openFrameworks */ = {
			isa = PBXGroup;
			children = (
				E4C2421610CC549C004149E2 /* openFrameworksLib.xcodeproj */,
			);
			name = openFrameworks;
			sourceTree = "<group>";
		};
		E4C2425B10CC5A78004149E2 /* glut */ = {
			isa = PBXGroup;
			children = (
				E4C2425D10CC5A78004149E2 /* lib */,
			);
			name = glut;
			path = ../../../libs/glut;
			sourceTree = SOURCE_ROOT;
		};
		E4C2425D10CC5A78004149E2 /* lib */ = {
			isa = PBXGroup;
			children = (
				E4C2425E10CC5A78004149E2 /* osx */,
			);
			name = lib;
			path = ../../../libs/glut/lib;
			sourceTree = SOURCE_ROOT;
		};
		E4C2425E10CC5A78004149E2 /* osx */ = {
			isa = PBXGroup;
			children = (
				E4C2425F10CC5A78004149E2 /* GLUT.framework */,
			);
			name = osx;
			path = ../../../libs/glut/lib/osx;
			sourceTree = SOURCE_ROOT;
		};
		E4C2427910CC5B66004149E2 /* osx */ = {
			isa = PBXGroup;
			children = (
				E4C2427A10CC5B66004149E2 /* CppUnit.a */,
				E4C2427B10CC5B66004149E2 /* PocoFoundation.a */,
				E4C2427C10CC5B66004149E2 /* PocoNet.a */,
				E4C2427D10CC5B66004149E2 /* PocoUtil.a */,
				E4C2427E10CC5B66004149E2 /* PocoXML.a */,
			);
			name = osx;
			path = ../../../libs/poco/lib/osx;
			sourceTree = SOURCE_ROOT;
		};
		E4C2428E10CC5C18004149E2 /* osx */ = {
			isa = PBXGroup;
			children = (
				E4C242CC10CC650E004149E2 /* libfmodex.dylib */,
			);
			name = osx;
			path = ../../../libs/fmodex/lib/osx;
			sourceTree = SOURCE_ROOT;
		};
		E4C2429210CC5C38004149E2 /* osx */ = {
			isa = PBXGroup;
			children = (
				E4C2429310CC5C38004149E2 /* freetype.a */,
			);
			name = osx;
			path = ../../../libs/freetype/lib/osx;
			sourceTree = SOURCE_ROOT;
		};
/* End PBXGroup section */

/* Begin PBXNativeTarget section */
		E4B69B5A0A3A1756003C02F2 /* GMLStenciler */ = {
			isa = PBXNativeTarget;
			buildConfigurationList = E4B69B5F0A3A1757003C02F2 /* Build configuration list for PBXNativeTarget "GMLStenciler" */;
			buildPhases = (
				E4B69B580A3A1756003C02F2 /* Sources */,
				E4B69B590A3A1756003C02F2 /* Frameworks */,
				E4B6FFFD0C3F9AB9008CF71C /* ShellScript */,
				E4C2427710CC5ABF004149E2 /* CopyFiles */,
				E4C2444710CC769B004149E2 /* CopyFiles */,
			);
			buildRules = (
			);
			dependencies = (
				E4C2422810CC54DA004149E2 /* PBXTargetDependency */,
			);
			name = GMLStenciler;
			productName = myOFApp;
			productReference = E4B69B5B0A3A1756003C02F2 /* GMLStenciler.app */;
			productType = "com.apple.product-type.application";
		};
/* End PBXNativeTarget section */

/* Begin PBXProject section */
		E4B69B4C0A3A1720003C02F2 /* Project object */ = {
			isa = PBXProject;
			buildConfigurationList = E4B69B4D0A3A1720003C02F2 /* Build configuration list for PBXProject "GMLStenciler" */;
			compatibilityVersion = "Xcode 2.4";
			hasScannedForEncodings = 0;
			mainGroup = E4B69B4A0A3A1720003C02F2;
			productRefGroup = E4B69B4A0A3A1720003C02F2;
			projectDirPath = "";
			projectReferences = (
				{
					ProductGroup = E4C2421710CC549C004149E2 /* Products */;
					ProjectRef = E4C2421610CC549C004149E2 /* openFrameworksLib.xcodeproj */;
				},
			);
			projectRoot = "";
			targets = (
				E4B69B5A0A3A1756003C02F2 /* GMLStenciler */,
			);
		};
/* End PBXProject section */

/* Begin PBXReferenceProxy section */
		E4C2421E10CC549C004149E2 /* openFrameworks.a */ = {
			isa = PBXReferenceProxy;
			fileType = archive.ar;
			path = openFrameworks.a;
			remoteRef = E4C2421D10CC549C004149E2 /* PBXContainerItemProxy */;
			sourceTree = BUILT_PRODUCTS_DIR;
		};
/* End PBXReferenceProxy section */

/* Begin PBXShellScriptBuildPhase section */
		E4B6FFFD0C3F9AB9008CF71C /* ShellScript */ = {
			isa = PBXShellScriptBuildPhase;
			buildActionMask = 2147483647;
			files = (
			);
			inputPaths = (
			);
			outputPaths = (
			);
			runOnlyForDeploymentPostprocessing = 0;
			shellPath = /bin/sh;
			shellScript = "cp -f ../../../libs/fmodex/lib/osx/libfmodex.dylib \"$TARGET_BUILD_DIR/$PRODUCT_NAME.app/Contents/MacOS/libfmodex.dylib\"\ninstall_name_tool -change ./libfmodex.dylib @executable_path/libfmodex.dylib \"$TARGET_BUILD_DIR/$PRODUCT_NAME.app/Contents/MacOS/$PRODUCT_NAME\" ";
		};
/* End PBXShellScriptBuildPhase section */

/* Begin PBXSourcesBuildPhase section */
		E4B69B580A3A1756003C02F2 /* Sources */ = {
			isa = PBXSourcesBuildPhase;
			buildActionMask = 2147483647;
			files = (
				E4B69E200A3A1BDC003C02F2 /* main.cpp in Sources */,
				3B26767811E0F0B40074929F /* ofxFBOTexture.cpp in Sources */,
				3B26767911E0F0B40074929F /* ofxImage.cpp in Sources */,
				3B26769911E0F1700074929F /* GMLPoint.cpp in Sources */,
				3B26769A11E0F1700074929F /* Stroke.cpp in Sources */,
				3B26769B11E0F1700074929F /* vars.cpp in Sources */,
				3B2676A011E0F1890074929F /* graffitiControlPanel.cpp in Sources */,
				3B2676A511E0F1A80074929F /* Graffiti.cpp in Sources */,
				3B2676BE11E0F3AA0074929F /* testApp.cpp in Sources */,
				3B26775711E0F89B0074929F /* guiBaseObject.cpp in Sources */,
				3B26775811E0F89B0074929F /* guiCallback.cpp in Sources */,
				3B26775911E0F89B0074929F /* guiCallbackValue.cpp in Sources */,
				3B26775A11E0F89B0074929F /* guiColor.cpp in Sources */,
				3B26775B11E0F89B0074929F /* guiTextBase.cpp in Sources */,
				3B26775C11E0F89B0074929F /* guiType2DSlider.cpp in Sources */,
				3B26775D11E0F89B0074929F /* guiTypeButtonSlider.cpp in Sources */,
				3B26775E11E0F89B0074929F /* guiTypeChartPlotter.cpp in Sources */,
				3B26775F11E0F89B0074929F /* guiTypeCustom.cpp in Sources */,
				3B26776011E0F89B0074929F /* guiTypeDrawable.cpp in Sources */,
				3B26776111E0F89B0074929F /* guiTypeFileLister.cpp in Sources */,
				3B26776211E0F89B0074929F /* guiTypeLogger.cpp in Sources */,
				3B26776311E0F89B0074929F /* guiTypeMultiToggle.cpp in Sources */,
				3B26776411E0F89B0074929F /* guiTypePanel.cpp in Sources */,
				3B26776511E0F89B0074929F /* guiTypeSlider.cpp in Sources */,
				3B26776611E0F89B0074929F /* guiTypeText.cpp in Sources */,
				3B26776711E0F89B0074929F /* guiTypeTextDropDown.cpp in Sources */,
				3B26776811E0F89B0074929F /* guiTypeToggle.cpp in Sources */,
				3B26776911E0F89B0074929F /* guiTypeVairableLister.cpp in Sources */,
				3B26776A11E0F89B0074929F /* guiTypeVideo.cpp in Sources */,
				3B26776B11E0F89B0074929F /* guiValue.cpp in Sources */,
				3B26776C11E0F89B0074929F /* ofxControlPanel.cpp in Sources */,
				3B26776D11E0F89B0074929F /* simpleColor.cpp in Sources */,
				3B26776E11E0F89B0074929F /* simpleFileLister.cpp in Sources */,
				3B26776F11E0F89B0074929F /* simpleLogger.cpp in Sources */,
				3BA7B18B11E13B3C00A2E5AF /* ofxCvColorImage.cpp in Sources */,
				3BA7B18C11E13B3C00A2E5AF /* ofxCvContourFinder.cpp in Sources */,
				3BA7B18D11E13B3C00A2E5AF /* ofxCvFloatImage.cpp in Sources */,
				3BA7B18E11E13B3C00A2E5AF /* ofxCvGrayscaleImage.cpp in Sources */,
				3BA7B18F11E13B3C00A2E5AF /* ofxCvImage.cpp in Sources */,
				3BA7B19011E13B3C00A2E5AF /* ofxCvShortImage.cpp in Sources */,
				3BA7B19811E13B4300A2E5AF /* ofxDirList.cpp in Sources */,
				3BA7B1A211E13B5000A2E5AF /* CreEPS.cpp in Sources */,
				3BA7B1A311E13B5000A2E5AF /* ofxVectorGraphics.cpp in Sources */,
				3BA7B1AE11E13B5C00A2E5AF /* tinyxml.cpp in Sources */,
				3BA7B1AF11E13B5C00A2E5AF /* tinyxmlerror.cpp in Sources */,
				3BA7B1B011E13B5C00A2E5AF /* tinyxmlparser.cpp in Sources */,
				3BA7B1B111E13B5C00A2E5AF /* ofxXmlSettings.cpp in Sources */,
			);
			runOnlyForDeploymentPostprocessing = 0;
		};
/* End PBXSourcesBuildPhase section */

/* Begin PBXTargetDependency section */
		E4C2422810CC54DA004149E2 /* PBXTargetDependency */ = {
			isa = PBXTargetDependency;
			name = openFrameworks;
			targetProxy = E4C2422710CC54DA004149E2 /* PBXContainerItemProxy */;
		};
/* End PBXTargetDependency section */

/* Begin XCBuildConfiguration section */
		E4B27CA010CBF8A600536013 /* ReleaseUniversal */ = {
			isa = XCBuildConfiguration;
			buildSettings = {
				ARCHS = (
					ppc,
					i386,
				);
				CONFIGURATION_BUILD_DIR = "$(SRCROOT)/bin/";
				COPY_PHASE_STRIP = YES;
				DEAD_CODE_STRIPPING = YES;
				GCC_AUTO_VECTORIZATION = YES;
				GCC_ENABLE_SSE3_EXTENSIONS = YES;
				GCC_ENABLE_SUPPLEMENTAL_SSE3_INSTRUCTIONS = YES;
				GCC_INLINES_ARE_PRIVATE_EXTERN = NO;
				GCC_MODEL_TUNING = G5;
				GCC_OPTIMIZATION_LEVEL = 3;
				GCC_SYMBOLS_PRIVATE_EXTERN = NO;
				GCC_UNROLL_LOOPS = YES;
				GCC_WARN_ABOUT_DEPRECATED_FUNCTIONS = NO;
				GCC_WARN_ABOUT_INVALID_OFFSETOF_MACRO = NO;
				GCC_WARN_ALLOW_INCOMPLETE_PROTOCOL = NO;
				GCC_WARN_UNINITIALIZED_AUTOS = NO;
				GCC_WARN_UNUSED_VALUE = NO;
				GCC_WARN_UNUSED_VARIABLE = NO;
				HEADER_SEARCH_PATHS = (
					"../../../libs/openFrameworks/**",
					../../../libs/freetype/include/,
					../../../libs/freetype/include/freetype2,
					../../../libs/poco/include,
					../../../addons/,
				);
				OTHER_CPLUSPLUSFLAGS = (
					"-D__MACOSX_CORE__",
					"-lpthread",
				);
				OTHER_LDFLAGS = "";
				SDKROOT = /Developer/SDKs/MacOSX10.5.sdk;
			};
			name = ReleaseUniversal;
		};
		E4B27CA110CBF8A600536013 /* ReleaseUniversal */ = {
			isa = XCBuildConfiguration;
			buildSettings = {
				COPY_PHASE_STRIP = YES;
				FRAMEWORK_SEARCH_PATHS = (
					"$(inherited)",
					"$(FRAMEWORK_SEARCH_PATHS_QUOTED_FOR_TARGET_1)",
				);
				FRAMEWORK_SEARCH_PATHS_QUOTED_FOR_TARGET_1 = "\"$(SRCROOT)/../../../libs/glut/lib/osx\"";
				GCC_ENABLE_FIX_AND_CONTINUE = NO;
				GCC_GENERATE_DEBUGGING_SYMBOLS = NO;
				GCC_MODEL_TUNING = G4;
				GCC_PRECOMPILE_PREFIX_HEADER = YES;
				GCC_PREFIX_HEADER = "$(SYSTEM_LIBRARY_DIR)/Frameworks/Carbon.framework/Headers/Carbon.h";
				INFOPLIST_FILE = "openFrameworks-Info.plist";
				INSTALL_PATH = "$(HOME)/Applications";
				LIBRARY_SEARCH_PATHS = (
					"$(inherited)",
					"$(LIBRARY_SEARCH_PATHS_QUOTED_FOR_TARGET_1)",
					"$(LIBRARY_SEARCH_PATHS_QUOTED_FOR_TARGET_2)",
					"$(LIBRARY_SEARCH_PATHS_QUOTED_FOR_TARGET_3)",
					"$(LIBRARY_SEARCH_PATHS_QUOTED_FOR_TARGET_4)",
					"$(LIBRARY_SEARCH_PATHS_QUOTED_FOR_TARGET_5)",
					"$(LIBRARY_SEARCH_PATHS_QUOTED_FOR_TARGET_6)",
					"$(LIBRARY_SEARCH_PATHS_QUOTED_FOR_TARGET_7)",
					"$(LIBRARY_SEARCH_PATHS_QUOTED_FOR_TARGET_8)",
					"$(LIBRARY_SEARCH_PATHS_QUOTED_FOR_TARGET_9)",
					"$(LIBRARY_SEARCH_PATHS_QUOTED_FOR_TARGET_10)",
					"$(LIBRARY_SEARCH_PATHS_QUOTED_FOR_TARGET_11)",
					"$(LIBRARY_SEARCH_PATHS_QUOTED_FOR_TARGET_12)",
					"$(LIBRARY_SEARCH_PATHS_QUOTED_FOR_TARGET_13)",
					"$(LIBRARY_SEARCH_PATHS_QUOTED_FOR_TARGET_14)",
					"$(LIBRARY_SEARCH_PATHS_QUOTED_FOR_TARGET_15)",
					"$(LIBRARY_SEARCH_PATHS_QUOTED_FOR_TARGET_9)",
					"$(LIBRARY_SEARCH_PATHS_QUOTED_FOR_TARGET_10)",
					"$(LIBRARY_SEARCH_PATHS_QUOTED_FOR_TARGET_16)",
				);
				LIBRARY_SEARCH_PATHS_QUOTED_FOR_TARGET_1 = "\"$(SRCROOT)/../../../libs/freeimage/lib/osx\"";
				LIBRARY_SEARCH_PATHS_QUOTED_FOR_TARGET_10 = "\"$(SRCROOT)/src/ofxOpenCv/libs/opencv/lib/osx\"";
				LIBRARY_SEARCH_PATHS_QUOTED_FOR_TARGET_11 = "\"$(SRCROOT)/../../../libs/poco/lib/osx\"";
				LIBRARY_SEARCH_PATHS_QUOTED_FOR_TARGET_12 = "\"$(SRCROOT)/../../../addons/ofxOpenCv/libs/opencv/lib/osx\"";
				LIBRARY_SEARCH_PATHS_QUOTED_FOR_TARGET_13 = "\"$(SRCROOT)/../../../addons/ofxOsc/libs/oscpack/lib/osx\"";
				LIBRARY_SEARCH_PATHS_QUOTED_FOR_TARGET_14 = "\"$(SRCROOT)/../../../libs/fmodex/lib/osx\"";
				LIBRARY_SEARCH_PATHS_QUOTED_FOR_TARGET_15 = "\"$(SRCROOT)/../../../libs/freetype/lib/osx\"";
				LIBRARY_SEARCH_PATHS_QUOTED_FOR_TARGET_16 = "\"$(SRCROOT)/../../../addons/ofxOpenCv/libs/opencv/lib/osx\"";
				LIBRARY_SEARCH_PATHS_QUOTED_FOR_TARGET_2 = "\"$(SRCROOT)/../../../libs/fmodex/lib/osx\"";
				LIBRARY_SEARCH_PATHS_QUOTED_FOR_TARGET_3 = "\"$(SRCROOT)/../../../libs/freetype/lib/osx\"";
				LIBRARY_SEARCH_PATHS_QUOTED_FOR_TARGET_4 = "\"$(SRCROOT)/../../../libs/GLee/lib/osx\"";
				LIBRARY_SEARCH_PATHS_QUOTED_FOR_TARGET_5 = "\"$(SRCROOT)/../../../libs/poco/lib/osx\"";
				LIBRARY_SEARCH_PATHS_QUOTED_FOR_TARGET_6 = "\"$(SRCROOT)/../../../libs/rtAudio/lib/osx\"";
				LIBRARY_SEARCH_PATHS_QUOTED_FOR_TARGET_7 = "\"$(SRCROOT)/../../../addons/ofxOpenCv/libs/opencv/lib/osx\"";
				LIBRARY_SEARCH_PATHS_QUOTED_FOR_TARGET_8 = "\"$(SRCROOT)/../../../addons/ofxOsc/libs/oscpack/lib/osx\"";
				LIBRARY_SEARCH_PATHS_QUOTED_FOR_TARGET_9 = "\"$(SRCROOT)/../../../libs/FreeImage/lib/osx\"";
				PREBINDING = NO;
				PRODUCT_NAME = "$(TARGET_NAME)Universal";
				WRAPPER_EXTENSION = app;
				ZERO_LINK = NO;
			};
			name = ReleaseUniversal;
		};
		E4B69B4E0A3A1720003C02F2 /* Debug */ = {
			isa = XCBuildConfiguration;
			buildSettings = {
				ARCHS = "$(NATIVE_ARCH)";
				CONFIGURATION_BUILD_DIR = "$(SRCROOT)/bin/";
				COPY_PHASE_STRIP = NO;
				DEAD_CODE_STRIPPING = YES;
				GCC_AUTO_VECTORIZATION = YES;
				GCC_ENABLE_SSE3_EXTENSIONS = YES;
				GCC_ENABLE_SUPPLEMENTAL_SSE3_INSTRUCTIONS = YES;
				GCC_INLINES_ARE_PRIVATE_EXTERN = NO;
				GCC_MODEL_TUNING = G5;
				GCC_SYMBOLS_PRIVATE_EXTERN = NO;
				GCC_WARN_ABOUT_DEPRECATED_FUNCTIONS = NO;
				GCC_WARN_ABOUT_INVALID_OFFSETOF_MACRO = NO;
				GCC_WARN_ALLOW_INCOMPLETE_PROTOCOL = NO;
				GCC_WARN_UNINITIALIZED_AUTOS = NO;
				GCC_WARN_UNUSED_VALUE = NO;
				GCC_WARN_UNUSED_VARIABLE = NO;
				HEADER_SEARCH_PATHS = (
					"../../../libs/openFrameworks/**",
					../../../libs/freetype/include/,
					../../../libs/freetype/include/freetype2,
					../../../libs/poco/include,
					../../../addons/,
				);
				OTHER_CPLUSPLUSFLAGS = (
					"-D__MACOSX_CORE__",
					"-lpthread",
				);
				OTHER_LDFLAGS = "";
				SDKROOT = /Developer/SDKs/MacOSX10.5.sdk;
			};
			name = Debug;
		};
		E4B69B4F0A3A1720003C02F2 /* Release */ = {
			isa = XCBuildConfiguration;
			buildSettings = {
				ARCHS = "$(NATIVE_ARCH)";
				CONFIGURATION_BUILD_DIR = "$(SRCROOT)/bin/";
				COPY_PHASE_STRIP = YES;
				DEAD_CODE_STRIPPING = YES;
				GCC_AUTO_VECTORIZATION = YES;
				GCC_ENABLE_SSE3_EXTENSIONS = YES;
				GCC_ENABLE_SUPPLEMENTAL_SSE3_INSTRUCTIONS = YES;
				GCC_INLINES_ARE_PRIVATE_EXTERN = NO;
				GCC_MODEL_TUNING = G5;
				GCC_OPTIMIZATION_LEVEL = 3;
				GCC_SYMBOLS_PRIVATE_EXTERN = NO;
				GCC_UNROLL_LOOPS = YES;
				GCC_WARN_ABOUT_DEPRECATED_FUNCTIONS = NO;
				GCC_WARN_ABOUT_INVALID_OFFSETOF_MACRO = NO;
				GCC_WARN_ALLOW_INCOMPLETE_PROTOCOL = NO;
				GCC_WARN_UNINITIALIZED_AUTOS = NO;
				GCC_WARN_UNUSED_VALUE = NO;
				GCC_WARN_UNUSED_VARIABLE = NO;
				HEADER_SEARCH_PATHS = (
					"../../../libs/openFrameworks/**",
					../../../libs/freetype/include/,
					../../../libs/freetype/include/freetype2,
					../../../libs/poco/include,
					../../../addons/,
				);
				OTHER_CPLUSPLUSFLAGS = (
					"-D__MACOSX_CORE__",
					"-lpthread",
				);
				OTHER_LDFLAGS = "";
				SDKROOT = /Developer/SDKs/MacOSX10.5.sdk;
			};
			name = Release;
		};
		E4B69B600A3A1757003C02F2 /* Debug */ = {
			isa = XCBuildConfiguration;
			buildSettings = {
				COPY_PHASE_STRIP = NO;
				FRAMEWORK_SEARCH_PATHS = (
					"$(inherited)",
					"$(FRAMEWORK_SEARCH_PATHS_QUOTED_FOR_TARGET_1)",
				);
				FRAMEWORK_SEARCH_PATHS_QUOTED_FOR_TARGET_1 = "\"$(SRCROOT)/../../../libs/glut/lib/osx\"";
				GCC_DYNAMIC_NO_PIC = NO;
				GCC_ENABLE_FIX_AND_CONTINUE = YES;
				GCC_GENERATE_DEBUGGING_SYMBOLS = YES;
				GCC_MODEL_TUNING = G4;
				GCC_OPTIMIZATION_LEVEL = 0;
				GCC_PRECOMPILE_PREFIX_HEADER = YES;
				GCC_PREFIX_HEADER = "$(SYSTEM_LIBRARY_DIR)/Frameworks/Carbon.framework/Headers/Carbon.h";
				INFOPLIST_FILE = "openFrameworks-Info.plist";
				INSTALL_PATH = "$(HOME)/Applications";
				LIBRARY_SEARCH_PATHS = (
					"$(inherited)",
					"$(LIBRARY_SEARCH_PATHS_QUOTED_FOR_TARGET_1)",
					"$(LIBRARY_SEARCH_PATHS_QUOTED_FOR_TARGET_2)",
					"$(LIBRARY_SEARCH_PATHS_QUOTED_FOR_TARGET_3)",
					"$(LIBRARY_SEARCH_PATHS_QUOTED_FOR_TARGET_4)",
					"$(LIBRARY_SEARCH_PATHS_QUOTED_FOR_TARGET_5)",
					"$(LIBRARY_SEARCH_PATHS_QUOTED_FOR_TARGET_6)",
					"$(LIBRARY_SEARCH_PATHS_QUOTED_FOR_TARGET_7)",
					"$(LIBRARY_SEARCH_PATHS_QUOTED_FOR_TARGET_8)",
					"$(LIBRARY_SEARCH_PATHS_QUOTED_FOR_TARGET_9)",
					"$(LIBRARY_SEARCH_PATHS_QUOTED_FOR_TARGET_10)",
					"$(LIBRARY_SEARCH_PATHS_QUOTED_FOR_TARGET_11)",
					"$(LIBRARY_SEARCH_PATHS_QUOTED_FOR_TARGET_12)",
					"$(LIBRARY_SEARCH_PATHS_QUOTED_FOR_TARGET_13)",
					"$(LIBRARY_SEARCH_PATHS_QUOTED_FOR_TARGET_14)",
					"$(LIBRARY_SEARCH_PATHS_QUOTED_FOR_TARGET_15)",
					"$(LIBRARY_SEARCH_PATHS_QUOTED_FOR_TARGET_9)",
					"$(LIBRARY_SEARCH_PATHS_QUOTED_FOR_TARGET_10)",
					"$(LIBRARY_SEARCH_PATHS_QUOTED_FOR_TARGET_16)",
				);
				LIBRARY_SEARCH_PATHS_QUOTED_FOR_TARGET_1 = "\"$(SRCROOT)/../../../libs/freeimage/lib/osx\"";
				LIBRARY_SEARCH_PATHS_QUOTED_FOR_TARGET_10 = "\"$(SRCROOT)/src/ofxOpenCv/libs/opencv/lib/osx\"";
				LIBRARY_SEARCH_PATHS_QUOTED_FOR_TARGET_11 = "\"$(SRCROOT)/../../../libs/poco/lib/osx\"";
				LIBRARY_SEARCH_PATHS_QUOTED_FOR_TARGET_12 = "\"$(SRCROOT)/../../../addons/ofxOpenCv/libs/opencv/lib/osx\"";
				LIBRARY_SEARCH_PATHS_QUOTED_FOR_TARGET_13 = "\"$(SRCROOT)/../../../addons/ofxOsc/libs/oscpack/lib/osx\"";
				LIBRARY_SEARCH_PATHS_QUOTED_FOR_TARGET_14 = "\"$(SRCROOT)/../../../libs/fmodex/lib/osx\"";
				LIBRARY_SEARCH_PATHS_QUOTED_FOR_TARGET_15 = "\"$(SRCROOT)/../../../libs/freetype/lib/osx\"";
				LIBRARY_SEARCH_PATHS_QUOTED_FOR_TARGET_16 = "\"$(SRCROOT)/../../../addons/ofxOpenCv/libs/opencv/lib/osx\"";
				LIBRARY_SEARCH_PATHS_QUOTED_FOR_TARGET_2 = "\"$(SRCROOT)/../../../libs/fmodex/lib/osx\"";
				LIBRARY_SEARCH_PATHS_QUOTED_FOR_TARGET_3 = "\"$(SRCROOT)/../../../libs/freetype/lib/osx\"";
				LIBRARY_SEARCH_PATHS_QUOTED_FOR_TARGET_4 = "\"$(SRCROOT)/../../../libs/GLee/lib/osx\"";
				LIBRARY_SEARCH_PATHS_QUOTED_FOR_TARGET_5 = "\"$(SRCROOT)/../../../libs/poco/lib/osx\"";
				LIBRARY_SEARCH_PATHS_QUOTED_FOR_TARGET_6 = "\"$(SRCROOT)/../../../libs/rtAudio/lib/osx\"";
				LIBRARY_SEARCH_PATHS_QUOTED_FOR_TARGET_7 = "\"$(SRCROOT)/../../../addons/ofxOpenCv/libs/opencv/lib/osx\"";
				LIBRARY_SEARCH_PATHS_QUOTED_FOR_TARGET_8 = "\"$(SRCROOT)/../../../addons/ofxOsc/libs/oscpack/lib/osx\"";
				LIBRARY_SEARCH_PATHS_QUOTED_FOR_TARGET_9 = "\"$(SRCROOT)/../../../libs/FreeImage/lib/osx\"";
				PREBINDING = NO;
				PRODUCT_NAME = "$(TARGET_NAME)Debug";
				WRAPPER_EXTENSION = app;
				ZERO_LINK = NO;
			};
			name = Debug;
		};
		E4B69B610A3A1757003C02F2 /* Release */ = {
			isa = XCBuildConfiguration;
			buildSettings = {
				COPY_PHASE_STRIP = YES;
				FRAMEWORK_SEARCH_PATHS = (
					"$(inherited)",
					"$(FRAMEWORK_SEARCH_PATHS_QUOTED_FOR_TARGET_1)",
				);
				FRAMEWORK_SEARCH_PATHS_QUOTED_FOR_TARGET_1 = "\"$(SRCROOT)/../../../libs/glut/lib/osx\"";
				GCC_ENABLE_FIX_AND_CONTINUE = NO;
				GCC_GENERATE_DEBUGGING_SYMBOLS = NO;
				GCC_MODEL_TUNING = G4;
				GCC_PRECOMPILE_PREFIX_HEADER = YES;
				GCC_PREFIX_HEADER = "$(SYSTEM_LIBRARY_DIR)/Frameworks/Carbon.framework/Headers/Carbon.h";
				INFOPLIST_FILE = "openFrameworks-Info.plist";
				INSTALL_PATH = "$(HOME)/Applications";
				LIBRARY_SEARCH_PATHS = (
					"$(inherited)",
					"$(LIBRARY_SEARCH_PATHS_QUOTED_FOR_TARGET_1)",
					"$(LIBRARY_SEARCH_PATHS_QUOTED_FOR_TARGET_2)",
					"$(LIBRARY_SEARCH_PATHS_QUOTED_FOR_TARGET_3)",
					"$(LIBRARY_SEARCH_PATHS_QUOTED_FOR_TARGET_4)",
					"$(LIBRARY_SEARCH_PATHS_QUOTED_FOR_TARGET_5)",
					"$(LIBRARY_SEARCH_PATHS_QUOTED_FOR_TARGET_6)",
					"$(LIBRARY_SEARCH_PATHS_QUOTED_FOR_TARGET_7)",
					"$(LIBRARY_SEARCH_PATHS_QUOTED_FOR_TARGET_8)",
					"$(LIBRARY_SEARCH_PATHS_QUOTED_FOR_TARGET_9)",
					"$(LIBRARY_SEARCH_PATHS_QUOTED_FOR_TARGET_10)",
					"$(LIBRARY_SEARCH_PATHS_QUOTED_FOR_TARGET_11)",
					"$(LIBRARY_SEARCH_PATHS_QUOTED_FOR_TARGET_12)",
					"$(LIBRARY_SEARCH_PATHS_QUOTED_FOR_TARGET_13)",
					"$(LIBRARY_SEARCH_PATHS_QUOTED_FOR_TARGET_14)",
					"$(LIBRARY_SEARCH_PATHS_QUOTED_FOR_TARGET_15)",
					"$(LIBRARY_SEARCH_PATHS_QUOTED_FOR_TARGET_9)",
					"$(LIBRARY_SEARCH_PATHS_QUOTED_FOR_TARGET_10)",
					"$(LIBRARY_SEARCH_PATHS_QUOTED_FOR_TARGET_16)",
				);
				LIBRARY_SEARCH_PATHS_QUOTED_FOR_TARGET_1 = "\"$(SRCROOT)/../../../libs/freeimage/lib/osx\"";
				LIBRARY_SEARCH_PATHS_QUOTED_FOR_TARGET_10 = "\"$(SRCROOT)/src/ofxOpenCv/libs/opencv/lib/osx\"";
				LIBRARY_SEARCH_PATHS_QUOTED_FOR_TARGET_11 = "\"$(SRCROOT)/../../../libs/poco/lib/osx\"";
				LIBRARY_SEARCH_PATHS_QUOTED_FOR_TARGET_12 = "\"$(SRCROOT)/../../../addons/ofxOpenCv/libs/opencv/lib/osx\"";
				LIBRARY_SEARCH_PATHS_QUOTED_FOR_TARGET_13 = "\"$(SRCROOT)/../../../addons/ofxOsc/libs/oscpack/lib/osx\"";
				LIBRARY_SEARCH_PATHS_QUOTED_FOR_TARGET_14 = "\"$(SRCROOT)/../../../libs/fmodex/lib/osx\"";
				LIBRARY_SEARCH_PATHS_QUOTED_FOR_TARGET_15 = "\"$(SRCROOT)/../../../libs/freetype/lib/osx\"";
				LIBRARY_SEARCH_PATHS_QUOTED_FOR_TARGET_16 = "\"$(SRCROOT)/../../../addons/ofxOpenCv/libs/opencv/lib/osx\"";
				LIBRARY_SEARCH_PATHS_QUOTED_FOR_TARGET_2 = "\"$(SRCROOT)/../../../libs/fmodex/lib/osx\"";
				LIBRARY_SEARCH_PATHS_QUOTED_FOR_TARGET_3 = "\"$(SRCROOT)/../../../libs/freetype/lib/osx\"";
				LIBRARY_SEARCH_PATHS_QUOTED_FOR_TARGET_4 = "\"$(SRCROOT)/../../../libs/GLee/lib/osx\"";
				LIBRARY_SEARCH_PATHS_QUOTED_FOR_TARGET_5 = "\"$(SRCROOT)/../../../libs/poco/lib/osx\"";
				LIBRARY_SEARCH_PATHS_QUOTED_FOR_TARGET_6 = "\"$(SRCROOT)/../../../libs/rtAudio/lib/osx\"";
				LIBRARY_SEARCH_PATHS_QUOTED_FOR_TARGET_7 = "\"$(SRCROOT)/../../../addons/ofxOpenCv/libs/opencv/lib/osx\"";
				LIBRARY_SEARCH_PATHS_QUOTED_FOR_TARGET_8 = "\"$(SRCROOT)/../../../addons/ofxOsc/libs/oscpack/lib/osx\"";
				LIBRARY_SEARCH_PATHS_QUOTED_FOR_TARGET_9 = "\"$(SRCROOT)/../../../libs/FreeImage/lib/osx\"";
				PREBINDING = NO;
				PRODUCT_NAME = "$(TARGET_NAME)";
				WRAPPER_EXTENSION = app;
				ZERO_LINK = NO;
			};
			name = Release;
		};
/* End XCBuildConfiguration section */

/* Begin XCConfigurationList section */
		E4B69B4D0A3A1720003C02F2 /* Build configuration list for PBXProject "GMLStenciler" */ = {
			isa = XCConfigurationList;
			buildConfigurations = (
				E4B69B4E0A3A1720003C02F2 /* Debug */,
				E4B69B4F0A3A1720003C02F2 /* Release */,
				E4B27CA010CBF8A600536013 /* ReleaseUniversal */,
			);
			defaultConfigurationIsVisible = 0;
			defaultConfigurationName = Release;
		};
		E4B69B5F0A3A1757003C02F2 /* Build configuration list for PBXNativeTarget "GMLStenciler" */ = {
			isa = XCConfigurationList;
			buildConfigurations = (
				E4B69B600A3A1757003C02F2 /* Debug */,
				E4B69B610A3A1757003C02F2 /* Release */,
				E4B27CA110CBF8A600536013 /* ReleaseUniversal */,
			);
			defaultConfigurationIsVisible = 0;
			defaultConfigurationName = Release;
		};
/* End XCConfigurationList section */
	};
	rootObject = E4B69B4C0A3A1720003C02F2 /* Project object */;
}
