// !$*UTF8*$!
{
	archiveVersion = 1;
	classes = {
	};
	objectVersion = 46;
	objects = {

/* Begin PBXBuildFile section */
		29D734F0DDECC8C5978185D7 /* testApp.cpp in Sources */ = {isa = PBXBuildFile; fileRef = 00A1BFCBB38848AD0E0C8539 /* testApp.cpp */; };
		4CF224E41EF674AFE99A6BA8 /* Graffiti.cpp in Sources */ = {isa = PBXBuildFile; fileRef = 8FE9EF889FC72A5C90138D81 /* Graffiti.cpp */; };
		9301B6CFD425F4861AEC5739 /* graffitiControlPanel.cpp in Sources */ = {isa = PBXBuildFile; fileRef = 140B3949E81C421ABFAB434E /* graffitiControlPanel.cpp */; };
		BBAB23CB13894F3D00AA2426 /* GLUT.framework in CopyFiles */ = {isa = PBXBuildFile; fileRef = BBAB23BE13894E4700AA2426 /* GLUT.framework */; };
		C8A1C93E18C3BF66004B4DD1 /* ofxVectorGraphics.cpp in Sources */ = {isa = PBXBuildFile; fileRef = C8A1C93818C3BF66004B4DD1 /* ofxVectorGraphics.cpp */; };
		C8A1C93F18C3BF66004B4DD1 /* CreEPS.cpp in Sources */ = {isa = PBXBuildFile; fileRef = C8A1C93B18C3BF66004B4DD1 /* CreEPS.cpp */; };
		C8A1C94918C3BF6C004B4DD1 /* ofxXmlSettings.cpp in Sources */ = {isa = PBXBuildFile; fileRef = C8A1C94218C3BF6C004B4DD1 /* ofxXmlSettings.cpp */; };
		C8A1C94A18C3BF6C004B4DD1 /* tinyxml.cpp in Sources */ = {isa = PBXBuildFile; fileRef = C8A1C94518C3BF6C004B4DD1 /* tinyxml.cpp */; };
		C8A1C94B18C3BF6C004B4DD1 /* tinyxmlerror.cpp in Sources */ = {isa = PBXBuildFile; fileRef = C8A1C94718C3BF6C004B4DD1 /* tinyxmlerror.cpp */; };
		C8A1C94C18C3BF6C004B4DD1 /* tinyxmlparser.cpp in Sources */ = {isa = PBXBuildFile; fileRef = C8A1C94818C3BF6C004B4DD1 /* tinyxmlparser.cpp */; };
		C8A1C98A18C3BF73004B4DD1 /* guiBaseObject.cpp in Sources */ = {isa = PBXBuildFile; fileRef = C8A1C94F18C3BF73004B4DD1 /* guiBaseObject.cpp */; };
		C8A1C98B18C3BF73004B4DD1 /* guiCallback.cpp in Sources */ = {isa = PBXBuildFile; fileRef = C8A1C95118C3BF73004B4DD1 /* guiCallback.cpp */; };
		C8A1C98C18C3BF73004B4DD1 /* guiCallbackValue.cpp in Sources */ = {isa = PBXBuildFile; fileRef = C8A1C95318C3BF73004B4DD1 /* guiCallbackValue.cpp */; };
		C8A1C98D18C3BF73004B4DD1 /* guiColor.cpp in Sources */ = {isa = PBXBuildFile; fileRef = C8A1C95518C3BF73004B4DD1 /* guiColor.cpp */; };
		C8A1C98E18C3BF73004B4DD1 /* guiTextBase.cpp in Sources */ = {isa = PBXBuildFile; fileRef = C8A1C95918C3BF73004B4DD1 /* guiTextBase.cpp */; };
		C8A1C98F18C3BF73004B4DD1 /* guiType2DSlider.cpp in Sources */ = {isa = PBXBuildFile; fileRef = C8A1C95B18C3BF73004B4DD1 /* guiType2DSlider.cpp */; };
		C8A1C99018C3BF73004B4DD1 /* guiTypeButtonSlider.cpp in Sources */ = {isa = PBXBuildFile; fileRef = C8A1C95D18C3BF73004B4DD1 /* guiTypeButtonSlider.cpp */; };
		C8A1C99118C3BF73004B4DD1 /* guiTypeChartPlotter.cpp in Sources */ = {isa = PBXBuildFile; fileRef = C8A1C95F18C3BF73004B4DD1 /* guiTypeChartPlotter.cpp */; };
		C8A1C99218C3BF73004B4DD1 /* guiTypeCustom.cpp in Sources */ = {isa = PBXBuildFile; fileRef = C8A1C96118C3BF73004B4DD1 /* guiTypeCustom.cpp */; };
		C8A1C99318C3BF73004B4DD1 /* guiTypeDrawable.cpp in Sources */ = {isa = PBXBuildFile; fileRef = C8A1C96318C3BF73004B4DD1 /* guiTypeDrawable.cpp */; };
		C8A1C99418C3BF73004B4DD1 /* guiTypeFileLister.cpp in Sources */ = {isa = PBXBuildFile; fileRef = C8A1C96518C3BF73004B4DD1 /* guiTypeFileLister.cpp */; };
		C8A1C99518C3BF73004B4DD1 /* guiTypeLabel.cpp in Sources */ = {isa = PBXBuildFile; fileRef = C8A1C96718C3BF73004B4DD1 /* guiTypeLabel.cpp */; };
		C8A1C99618C3BF73004B4DD1 /* guiTypeLogger.cpp in Sources */ = {isa = PBXBuildFile; fileRef = C8A1C96918C3BF73004B4DD1 /* guiTypeLogger.cpp */; };
		C8A1C99718C3BF73004B4DD1 /* guiTypeMultiToggle.cpp in Sources */ = {isa = PBXBuildFile; fileRef = C8A1C96B18C3BF73004B4DD1 /* guiTypeMultiToggle.cpp */; };
		C8A1C99818C3BF73004B4DD1 /* guiTypePanel.cpp in Sources */ = {isa = PBXBuildFile; fileRef = C8A1C96D18C3BF73004B4DD1 /* guiTypePanel.cpp */; };
		C8A1C99918C3BF73004B4DD1 /* guiTypeSlider.cpp in Sources */ = {isa = PBXBuildFile; fileRef = C8A1C96F18C3BF73004B4DD1 /* guiTypeSlider.cpp */; };
		C8A1C99A18C3BF73004B4DD1 /* guiTypeText.cpp in Sources */ = {isa = PBXBuildFile; fileRef = C8A1C97118C3BF73004B4DD1 /* guiTypeText.cpp */; };
		C8A1C99B18C3BF73004B4DD1 /* guiTypeTextDropDown.cpp in Sources */ = {isa = PBXBuildFile; fileRef = C8A1C97318C3BF73004B4DD1 /* guiTypeTextDropDown.cpp */; };
		C8A1C99C18C3BF73004B4DD1 /* guiTypeTextInput.cpp in Sources */ = {isa = PBXBuildFile; fileRef = C8A1C97518C3BF73004B4DD1 /* guiTypeTextInput.cpp */; };
		C8A1C99D18C3BF73004B4DD1 /* guiTypeToggle.cpp in Sources */ = {isa = PBXBuildFile; fileRef = C8A1C97718C3BF73004B4DD1 /* guiTypeToggle.cpp */; };
		C8A1C99E18C3BF73004B4DD1 /* guiTypeVairableLister.cpp in Sources */ = {isa = PBXBuildFile; fileRef = C8A1C97918C3BF73004B4DD1 /* guiTypeVairableLister.cpp */; };
		C8A1C99F18C3BF73004B4DD1 /* guiTypeVideo.cpp in Sources */ = {isa = PBXBuildFile; fileRef = C8A1C97B18C3BF73004B4DD1 /* guiTypeVideo.cpp */; };
		C8A1C9A018C3BF73004B4DD1 /* guiValue.cpp in Sources */ = {isa = PBXBuildFile; fileRef = C8A1C97D18C3BF73004B4DD1 /* guiValue.cpp */; };
		C8A1C9A118C3BF73004B4DD1 /* ofxControlPanel.cpp in Sources */ = {isa = PBXBuildFile; fileRef = C8A1C98218C3BF73004B4DD1 /* ofxControlPanel.cpp */; };
		C8A1C9A218C3BF73004B4DD1 /* simpleColor.cpp in Sources */ = {isa = PBXBuildFile; fileRef = C8A1C98418C3BF73004B4DD1 /* simpleColor.cpp */; };
		C8A1C9A318C3BF73004B4DD1 /* simpleFileLister.cpp in Sources */ = {isa = PBXBuildFile; fileRef = C8A1C98618C3BF73004B4DD1 /* simpleFileLister.cpp */; };
		C8A1C9A418C3BF73004B4DD1 /* simpleLogger.cpp in Sources */ = {isa = PBXBuildFile; fileRef = C8A1C98818C3BF73004B4DD1 /* simpleLogger.cpp */; };
		C8A1CAAD18C3BFB1004B4DD1 /* ofxCvColorImage.cpp in Sources */ = {isa = PBXBuildFile; fileRef = C8A1C9A818C3BFB0004B4DD1 /* ofxCvColorImage.cpp */; };
		C8A1CAAE18C3BFB1004B4DD1 /* ofxCvContourFinder.cpp in Sources */ = {isa = PBXBuildFile; fileRef = C8A1C9AB18C3BFB0004B4DD1 /* ofxCvContourFinder.cpp */; };
		C8A1CAAF18C3BFB1004B4DD1 /* ofxCvFloatImage.cpp in Sources */ = {isa = PBXBuildFile; fileRef = C8A1C9AD18C3BFB0004B4DD1 /* ofxCvFloatImage.cpp */; };
		C8A1CAB018C3BFB1004B4DD1 /* ofxCvGrayscaleImage.cpp in Sources */ = {isa = PBXBuildFile; fileRef = C8A1C9AF18C3BFB0004B4DD1 /* ofxCvGrayscaleImage.cpp */; };
		C8A1CAB118C3BFB1004B4DD1 /* ofxCvHaarFinder.cpp in Sources */ = {isa = PBXBuildFile; fileRef = C8A1C9B118C3BFB0004B4DD1 /* ofxCvHaarFinder.cpp */; };
		C8A1CAB218C3BFB1004B4DD1 /* ofxCvImage.cpp in Sources */ = {isa = PBXBuildFile; fileRef = C8A1C9B318C3BFB0004B4DD1 /* ofxCvImage.cpp */; };
		C8A1CAB318C3BFB1004B4DD1 /* ofxCvShortImage.cpp in Sources */ = {isa = PBXBuildFile; fileRef = C8A1C9B518C3BFB0004B4DD1 /* ofxCvShortImage.cpp */; };
		C8A1CAB418C3BFB1004B4DD1 /* opencv.a in Frameworks */ = {isa = PBXBuildFile; fileRef = C8A1CA7F18C3BFB1004B4DD1 /* opencv.a */; };
		C8A1CADD18C3BFC6004B4DD1 /* ETF.cpp in Sources */ = {isa = PBXBuildFile; fileRef = C8A1CAC218C3BFC6004B4DD1 /* ETF.cpp */; };
		C8A1CADE18C3BFC6004B4DD1 /* fdog.cpp in Sources */ = {isa = PBXBuildFile; fileRef = C8A1CAC318C3BFC6004B4DD1 /* fdog.cpp */; };
		C8A1CADF18C3BFC6004B4DD1 /* Calibration.cpp in Sources */ = {isa = PBXBuildFile; fileRef = C8A1CAD218C3BFC6004B4DD1 /* Calibration.cpp */; };
		C8A1CAE018C3BFC6004B4DD1 /* ContourFinder.cpp in Sources */ = {isa = PBXBuildFile; fileRef = C8A1CAD318C3BFC6004B4DD1 /* ContourFinder.cpp */; };
		C8A1CAE118C3BFC6004B4DD1 /* Distance.cpp in Sources */ = {isa = PBXBuildFile; fileRef = C8A1CAD418C3BFC6004B4DD1 /* Distance.cpp */; };
		C8A1CAE218C3BFC6004B4DD1 /* Flow.cpp in Sources */ = {isa = PBXBuildFile; fileRef = C8A1CAD518C3BFC6004B4DD1 /* Flow.cpp */; };
		C8A1CAE318C3BFC6004B4DD1 /* Helpers.cpp in Sources */ = {isa = PBXBuildFile; fileRef = C8A1CAD618C3BFC6004B4DD1 /* Helpers.cpp */; };
		C8A1CAE418C3BFC6004B4DD1 /* ObjectFinder.cpp in Sources */ = {isa = PBXBuildFile; fileRef = C8A1CAD718C3BFC6004B4DD1 /* ObjectFinder.cpp */; };
		C8A1CAE518C3BFC6004B4DD1 /* RunningBackground.cpp in Sources */ = {isa = PBXBuildFile; fileRef = C8A1CAD818C3BFC6004B4DD1 /* RunningBackground.cpp */; };
		C8A1CAE618C3BFC6004B4DD1 /* Tracker.cpp in Sources */ = {isa = PBXBuildFile; fileRef = C8A1CAD918C3BFC6004B4DD1 /* Tracker.cpp */; };
		C8A1CAE718C3BFC6004B4DD1 /* Utilities.cpp in Sources */ = {isa = PBXBuildFile; fileRef = C8A1CADA18C3BFC6004B4DD1 /* Utilities.cpp */; };
		C8A1CAE818C3BFC6004B4DD1 /* Wrappers.cpp in Sources */ = {isa = PBXBuildFile; fileRef = C8A1CADB18C3BFC6004B4DD1 /* Wrappers.cpp */; };
		C8A1CAE918C3BFC6004B4DD1 /* opencv.a in Frameworks */ = {isa = PBXBuildFile; fileRef = C8A1CADC18C3BFC6004B4DD1 /* opencv.a */; };
		D83F9B3DA8C1A43935C1935A /* vars.cpp in Sources */ = {isa = PBXBuildFile; fileRef = 6E80122B1175B0352F8C4172 /* vars.cpp */; };
		DD3F795CD935AF0C5175614F /* GMLPoint.cpp in Sources */ = {isa = PBXBuildFile; fileRef = A3AE36D087E7854EDE81BD9E /* GMLPoint.cpp */; };
		E040C9C296D8A04F2C853CD0 /* Stroke.cpp in Sources */ = {isa = PBXBuildFile; fileRef = 1841A62140611CD981D2173F /* Stroke.cpp */; };
		E4328149138ABC9F0047C5CB /* openFrameworksDebug.a in Frameworks */ = {isa = PBXBuildFile; fileRef = E4328148138ABC890047C5CB /* openFrameworksDebug.a */; };
		E45BE97B0E8CC7DD009D7055 /* AGL.framework in Frameworks */ = {isa = PBXBuildFile; fileRef = E45BE9710E8CC7DD009D7055 /* AGL.framework */; };
		E45BE97C0E8CC7DD009D7055 /* ApplicationServices.framework in Frameworks */ = {isa = PBXBuildFile; fileRef = E45BE9720E8CC7DD009D7055 /* ApplicationServices.framework */; };
		E45BE97D0E8CC7DD009D7055 /* AudioToolbox.framework in Frameworks */ = {isa = PBXBuildFile; fileRef = E45BE9730E8CC7DD009D7055 /* AudioToolbox.framework */; };
		E45BE97E0E8CC7DD009D7055 /* Carbon.framework in Frameworks */ = {isa = PBXBuildFile; fileRef = E45BE9740E8CC7DD009D7055 /* Carbon.framework */; };
		E45BE97F0E8CC7DD009D7055 /* CoreAudio.framework in Frameworks */ = {isa = PBXBuildFile; fileRef = E45BE9750E8CC7DD009D7055 /* CoreAudio.framework */; };
		E45BE9800E8CC7DD009D7055 /* CoreFoundation.framework in Frameworks */ = {isa = PBXBuildFile; fileRef = E45BE9760E8CC7DD009D7055 /* CoreFoundation.framework */; };
		E45BE9810E8CC7DD009D7055 /* CoreServices.framework in Frameworks */ = {isa = PBXBuildFile; fileRef = E45BE9770E8CC7DD009D7055 /* CoreServices.framework */; };
		E45BE9830E8CC7DD009D7055 /* OpenGL.framework in Frameworks */ = {isa = PBXBuildFile; fileRef = E45BE9790E8CC7DD009D7055 /* OpenGL.framework */; };
		E45BE9840E8CC7DD009D7055 /* QuickTime.framework in Frameworks */ = {isa = PBXBuildFile; fileRef = E45BE97A0E8CC7DD009D7055 /* QuickTime.framework */; };
		E4B69E200A3A1BDC003C02F2 /* main.cpp in Sources */ = {isa = PBXBuildFile; fileRef = E4B69E1D0A3A1BDC003C02F2 /* main.cpp */; };
		E4C2424710CC5A17004149E2 /* AppKit.framework in Frameworks */ = {isa = PBXBuildFile; fileRef = E4C2424410CC5A17004149E2 /* AppKit.framework */; };
		E4C2424810CC5A17004149E2 /* Cocoa.framework in Frameworks */ = {isa = PBXBuildFile; fileRef = E4C2424510CC5A17004149E2 /* Cocoa.framework */; };
		E4C2424910CC5A17004149E2 /* IOKit.framework in Frameworks */ = {isa = PBXBuildFile; fileRef = E4C2424610CC5A17004149E2 /* IOKit.framework */; };
		E4EB6799138ADC1D00A09F29 /* GLUT.framework in Frameworks */ = {isa = PBXBuildFile; fileRef = BBAB23BE13894E4700AA2426 /* GLUT.framework */; };
		E7E077E515D3B63C0020DFD4 /* CoreVideo.framework in Frameworks */ = {isa = PBXBuildFile; fileRef = E7E077E415D3B63C0020DFD4 /* CoreVideo.framework */; };
		E7E077E815D3B6510020DFD4 /* QTKit.framework in Frameworks */ = {isa = PBXBuildFile; fileRef = E7E077E715D3B6510020DFD4 /* QTKit.framework */; };
		E7F985F815E0DEA3003869B5 /* Accelerate.framework in Frameworks */ = {isa = PBXBuildFile; fileRef = E7F985F515E0DE99003869B5 /* Accelerate.framework */; };
/* End PBXBuildFile section */

/* Begin PBXContainerItemProxy section */
		E4328147138ABC890047C5CB /* PBXContainerItemProxy */ = {
			isa = PBXContainerItemProxy;
			containerPortal = E4328143138ABC890047C5CB /* openFrameworksLib.xcodeproj */;
			proxyType = 2;
			remoteGlobalIDString = E4B27C1510CBEB8E00536013;
			remoteInfo = openFrameworks;
		};
		E4EEB9AB138B136A00A80321 /* PBXContainerItemProxy */ = {
			isa = PBXContainerItemProxy;
			containerPortal = E4328143138ABC890047C5CB /* openFrameworksLib.xcodeproj */;
			proxyType = 1;
			remoteGlobalIDString = E4B27C1410CBEB8E00536013;
			remoteInfo = openFrameworks;
		};
/* End PBXContainerItemProxy section */

/* Begin PBXCopyFilesBuildPhase section */
		E4C2427710CC5ABF004149E2 /* CopyFiles */ = {
			isa = PBXCopyFilesBuildPhase;
			buildActionMask = 2147483647;
			dstPath = "";
			dstSubfolderSpec = 10;
			files = (
				BBAB23CB13894F3D00AA2426 /* GLUT.framework in CopyFiles */,
			);
			runOnlyForDeploymentPostprocessing = 0;
		};
/* End PBXCopyFilesBuildPhase section */

/* Begin PBXFileReference section */
		00A1BFCBB38848AD0E0C8539 /* testApp.cpp */ = {isa = PBXFileReference; explicitFileType = sourcecode.cpp.cpp; fileEncoding = 30; name = testApp.cpp; path = src/testApp.cpp; sourceTree = SOURCE_ROOT; };
		140B3949E81C421ABFAB434E /* graffitiControlPanel.cpp */ = {isa = PBXFileReference; explicitFileType = sourcecode.cpp.cpp; fileEncoding = 30; name = graffitiControlPanel.cpp; path = src/graffitiControlPanel.cpp; sourceTree = SOURCE_ROOT; };
		1841A62140611CD981D2173F /* Stroke.cpp */ = {isa = PBXFileReference; explicitFileType = sourcecode.cpp.cpp; fileEncoding = 30; name = Stroke.cpp; path = src/Stroke.cpp; sourceTree = SOURCE_ROOT; };
		1A47217251BB4A17BEC1A3A4 /* graffitiControlPanel.h */ = {isa = PBXFileReference; explicitFileType = sourcecode.c.h; fileEncoding = 30; name = graffitiControlPanel.h; path = src/graffitiControlPanel.h; sourceTree = SOURCE_ROOT; };
		25E1243C70F60DB0F470418F /* vars.h */ = {isa = PBXFileReference; explicitFileType = sourcecode.c.h; fileEncoding = 30; name = vars.h; path = src/vars.h; sourceTree = SOURCE_ROOT; };
		2D129AB0F7D46B8DFCEADEDB /* testApp.h */ = {isa = PBXFileReference; explicitFileType = sourcecode.c.h; fileEncoding = 30; name = testApp.h; path = src/testApp.h; sourceTree = SOURCE_ROOT; };
		3095E5670381AF6DA8AEA98E /* GMLPoint.h */ = {isa = PBXFileReference; explicitFileType = sourcecode.c.h; fileEncoding = 30; name = GMLPoint.h; path = src/GMLPoint.h; sourceTree = SOURCE_ROOT; };
		438FFCEEEB8159243291B021 /* Stroke.h */ = {isa = PBXFileReference; explicitFileType = sourcecode.c.h; fileEncoding = 30; name = Stroke.h; path = src/Stroke.h; sourceTree = SOURCE_ROOT; };
		6E80122B1175B0352F8C4172 /* vars.cpp */ = {isa = PBXFileReference; explicitFileType = sourcecode.cpp.cpp; fileEncoding = 30; name = vars.cpp; path = src/vars.cpp; sourceTree = SOURCE_ROOT; };
		8FE9EF889FC72A5C90138D81 /* Graffiti.cpp */ = {isa = PBXFileReference; explicitFileType = sourcecode.cpp.cpp; fileEncoding = 30; name = Graffiti.cpp; path = src/Graffiti.cpp; sourceTree = SOURCE_ROOT; };
		A3AE36D087E7854EDE81BD9E /* GMLPoint.cpp */ = {isa = PBXFileReference; explicitFileType = sourcecode.cpp.cpp; fileEncoding = 30; name = GMLPoint.cpp; path = src/GMLPoint.cpp; sourceTree = SOURCE_ROOT; };
		B5377B03F6019727C6A7AC1B /* Graffiti.h */ = {isa = PBXFileReference; explicitFileType = sourcecode.c.h; fileEncoding = 30; name = Graffiti.h; path = src/Graffiti.h; sourceTree = SOURCE_ROOT; };
		BBAB23BE13894E4700AA2426 /* GLUT.framework */ = {isa = PBXFileReference; lastKnownFileType = wrapper.framework; name = GLUT.framework; path = ../../../libs/glut/lib/osx/GLUT.framework; sourceTree = "<group>"; };
		C8A1C93818C3BF66004B4DD1 /* ofxVectorGraphics.cpp */ = {isa = PBXFileReference; lastKnownFileType = sourcecode.cpp.cpp; path = ofxVectorGraphics.cpp; sourceTree = "<group>"; };
		C8A1C93918C3BF66004B4DD1 /* ofxVectorGraphics.h */ = {isa = PBXFileReference; lastKnownFileType = sourcecode.c.h; path = ofxVectorGraphics.h; sourceTree = "<group>"; };
		C8A1C93B18C3BF66004B4DD1 /* CreEPS.cpp */ = {isa = PBXFileReference; lastKnownFileType = sourcecode.cpp.cpp; path = CreEPS.cpp; sourceTree = "<group>"; };
		C8A1C93C18C3BF66004B4DD1 /* CreEPS.hpp */ = {isa = PBXFileReference; lastKnownFileType = sourcecode.cpp.h; path = CreEPS.hpp; sourceTree = "<group>"; };
		C8A1C93D18C3BF66004B4DD1 /* CreEPS_Types.hpp */ = {isa = PBXFileReference; lastKnownFileType = sourcecode.cpp.h; path = CreEPS_Types.hpp; sourceTree = "<group>"; };
		C8A1C94218C3BF6C004B4DD1 /* ofxXmlSettings.cpp */ = {isa = PBXFileReference; lastKnownFileType = sourcecode.cpp.cpp; path = ofxXmlSettings.cpp; sourceTree = "<group>"; };
		C8A1C94318C3BF6C004B4DD1 /* ofxXmlSettings.h */ = {isa = PBXFileReference; lastKnownFileType = sourcecode.c.h; path = ofxXmlSettings.h; sourceTree = "<group>"; };
		C8A1C94518C3BF6C004B4DD1 /* tinyxml.cpp */ = {isa = PBXFileReference; lastKnownFileType = sourcecode.cpp.cpp; path = tinyxml.cpp; sourceTree = "<group>"; };
		C8A1C94618C3BF6C004B4DD1 /* tinyxml.h */ = {isa = PBXFileReference; lastKnownFileType = sourcecode.c.h; path = tinyxml.h; sourceTree = "<group>"; };
		C8A1C94718C3BF6C004B4DD1 /* tinyxmlerror.cpp */ = {isa = PBXFileReference; lastKnownFileType = sourcecode.cpp.cpp; path = tinyxmlerror.cpp; sourceTree = "<group>"; };
		C8A1C94818C3BF6C004B4DD1 /* tinyxmlparser.cpp */ = {isa = PBXFileReference; lastKnownFileType = sourcecode.cpp.cpp; path = tinyxmlparser.cpp; sourceTree = "<group>"; };
		C8A1C94F18C3BF73004B4DD1 /* guiBaseObject.cpp */ = {isa = PBXFileReference; lastKnownFileType = sourcecode.cpp.cpp; path = guiBaseObject.cpp; sourceTree = "<group>"; };
		C8A1C95018C3BF73004B4DD1 /* guiBaseObject.h */ = {isa = PBXFileReference; lastKnownFileType = sourcecode.c.h; path = guiBaseObject.h; sourceTree = "<group>"; };
		C8A1C95118C3BF73004B4DD1 /* guiCallback.cpp */ = {isa = PBXFileReference; lastKnownFileType = sourcecode.cpp.cpp; path = guiCallback.cpp; sourceTree = "<group>"; };
		C8A1C95218C3BF73004B4DD1 /* guiCallback.h */ = {isa = PBXFileReference; lastKnownFileType = sourcecode.c.h; path = guiCallback.h; sourceTree = "<group>"; };
		C8A1C95318C3BF73004B4DD1 /* guiCallbackValue.cpp */ = {isa = PBXFileReference; lastKnownFileType = sourcecode.cpp.cpp; path = guiCallbackValue.cpp; sourceTree = "<group>"; };
		C8A1C95418C3BF73004B4DD1 /* guiCallbackValue.h */ = {isa = PBXFileReference; lastKnownFileType = sourcecode.c.h; path = guiCallbackValue.h; sourceTree = "<group>"; };
		C8A1C95518C3BF73004B4DD1 /* guiColor.cpp */ = {isa = PBXFileReference; lastKnownFileType = sourcecode.cpp.cpp; path = guiColor.cpp; sourceTree = "<group>"; };
		C8A1C95618C3BF73004B4DD1 /* guiColor.h */ = {isa = PBXFileReference; lastKnownFileType = sourcecode.c.h; path = guiColor.h; sourceTree = "<group>"; };
		C8A1C95718C3BF73004B4DD1 /* guiCustomImpl.h */ = {isa = PBXFileReference; lastKnownFileType = sourcecode.c.h; path = guiCustomImpl.h; sourceTree = "<group>"; };
		C8A1C95818C3BF73004B4DD1 /* guiIncludes.h */ = {isa = PBXFileReference; lastKnownFileType = sourcecode.c.h; path = guiIncludes.h; sourceTree = "<group>"; };
		C8A1C95918C3BF73004B4DD1 /* guiTextBase.cpp */ = {isa = PBXFileReference; lastKnownFileType = sourcecode.cpp.cpp; path = guiTextBase.cpp; sourceTree = "<group>"; };
		C8A1C95A18C3BF73004B4DD1 /* guiTextBase.h */ = {isa = PBXFileReference; lastKnownFileType = sourcecode.c.h; path = guiTextBase.h; sourceTree = "<group>"; };
		C8A1C95B18C3BF73004B4DD1 /* guiType2DSlider.cpp */ = {isa = PBXFileReference; lastKnownFileType = sourcecode.cpp.cpp; path = guiType2DSlider.cpp; sourceTree = "<group>"; };
		C8A1C95C18C3BF73004B4DD1 /* guiType2DSlider.h */ = {isa = PBXFileReference; lastKnownFileType = sourcecode.c.h; path = guiType2DSlider.h; sourceTree = "<group>"; };
		C8A1C95D18C3BF73004B4DD1 /* guiTypeButtonSlider.cpp */ = {isa = PBXFileReference; lastKnownFileType = sourcecode.cpp.cpp; path = guiTypeButtonSlider.cpp; sourceTree = "<group>"; };
		C8A1C95E18C3BF73004B4DD1 /* guiTypeButtonSlider.h */ = {isa = PBXFileReference; lastKnownFileType = sourcecode.c.h; path = guiTypeButtonSlider.h; sourceTree = "<group>"; };
		C8A1C95F18C3BF73004B4DD1 /* guiTypeChartPlotter.cpp */ = {isa = PBXFileReference; lastKnownFileType = sourcecode.cpp.cpp; path = guiTypeChartPlotter.cpp; sourceTree = "<group>"; };
		C8A1C96018C3BF73004B4DD1 /* guiTypeChartPlotter.h */ = {isa = PBXFileReference; lastKnownFileType = sourcecode.c.h; path = guiTypeChartPlotter.h; sourceTree = "<group>"; };
		C8A1C96118C3BF73004B4DD1 /* guiTypeCustom.cpp */ = {isa = PBXFileReference; lastKnownFileType = sourcecode.cpp.cpp; path = guiTypeCustom.cpp; sourceTree = "<group>"; };
		C8A1C96218C3BF73004B4DD1 /* guiTypeCustom.h */ = {isa = PBXFileReference; lastKnownFileType = sourcecode.c.h; path = guiTypeCustom.h; sourceTree = "<group>"; };
		C8A1C96318C3BF73004B4DD1 /* guiTypeDrawable.cpp */ = {isa = PBXFileReference; lastKnownFileType = sourcecode.cpp.cpp; path = guiTypeDrawable.cpp; sourceTree = "<group>"; };
		C8A1C96418C3BF73004B4DD1 /* guiTypeDrawable.h */ = {isa = PBXFileReference; lastKnownFileType = sourcecode.c.h; path = guiTypeDrawable.h; sourceTree = "<group>"; };
		C8A1C96518C3BF73004B4DD1 /* guiTypeFileLister.cpp */ = {isa = PBXFileReference; lastKnownFileType = sourcecode.cpp.cpp; path = guiTypeFileLister.cpp; sourceTree = "<group>"; };
		C8A1C96618C3BF73004B4DD1 /* guiTypeFileLister.h */ = {isa = PBXFileReference; lastKnownFileType = sourcecode.c.h; path = guiTypeFileLister.h; sourceTree = "<group>"; };
		C8A1C96718C3BF73004B4DD1 /* guiTypeLabel.cpp */ = {isa = PBXFileReference; lastKnownFileType = sourcecode.cpp.cpp; path = guiTypeLabel.cpp; sourceTree = "<group>"; };
		C8A1C96818C3BF73004B4DD1 /* guiTypeLabel.h */ = {isa = PBXFileReference; lastKnownFileType = sourcecode.c.h; path = guiTypeLabel.h; sourceTree = "<group>"; };
		C8A1C96918C3BF73004B4DD1 /* guiTypeLogger.cpp */ = {isa = PBXFileReference; lastKnownFileType = sourcecode.cpp.cpp; path = guiTypeLogger.cpp; sourceTree = "<group>"; };
		C8A1C96A18C3BF73004B4DD1 /* guiTypeLogger.h */ = {isa = PBXFileReference; lastKnownFileType = sourcecode.c.h; path = guiTypeLogger.h; sourceTree = "<group>"; };
		C8A1C96B18C3BF73004B4DD1 /* guiTypeMultiToggle.cpp */ = {isa = PBXFileReference; lastKnownFileType = sourcecode.cpp.cpp; path = guiTypeMultiToggle.cpp; sourceTree = "<group>"; };
		C8A1C96C18C3BF73004B4DD1 /* guiTypeMultiToggle.h */ = {isa = PBXFileReference; lastKnownFileType = sourcecode.c.h; path = guiTypeMultiToggle.h; sourceTree = "<group>"; };
		C8A1C96D18C3BF73004B4DD1 /* guiTypePanel.cpp */ = {isa = PBXFileReference; lastKnownFileType = sourcecode.cpp.cpp; path = guiTypePanel.cpp; sourceTree = "<group>"; };
		C8A1C96E18C3BF73004B4DD1 /* guiTypePanel.h */ = {isa = PBXFileReference; lastKnownFileType = sourcecode.c.h; path = guiTypePanel.h; sourceTree = "<group>"; };
		C8A1C96F18C3BF73004B4DD1 /* guiTypeSlider.cpp */ = {isa = PBXFileReference; lastKnownFileType = sourcecode.cpp.cpp; path = guiTypeSlider.cpp; sourceTree = "<group>"; };
		C8A1C97018C3BF73004B4DD1 /* guiTypeSlider.h */ = {isa = PBXFileReference; lastKnownFileType = sourcecode.c.h; path = guiTypeSlider.h; sourceTree = "<group>"; };
		C8A1C97118C3BF73004B4DD1 /* guiTypeText.cpp */ = {isa = PBXFileReference; lastKnownFileType = sourcecode.cpp.cpp; path = guiTypeText.cpp; sourceTree = "<group>"; };
		C8A1C97218C3BF73004B4DD1 /* guiTypeText.h */ = {isa = PBXFileReference; lastKnownFileType = sourcecode.c.h; path = guiTypeText.h; sourceTree = "<group>"; };
		C8A1C97318C3BF73004B4DD1 /* guiTypeTextDropDown.cpp */ = {isa = PBXFileReference; lastKnownFileType = sourcecode.cpp.cpp; path = guiTypeTextDropDown.cpp; sourceTree = "<group>"; };
		C8A1C97418C3BF73004B4DD1 /* guiTypeTextDropDown.h */ = {isa = PBXFileReference; lastKnownFileType = sourcecode.c.h; path = guiTypeTextDropDown.h; sourceTree = "<group>"; };
		C8A1C97518C3BF73004B4DD1 /* guiTypeTextInput.cpp */ = {isa = PBXFileReference; lastKnownFileType = sourcecode.cpp.cpp; path = guiTypeTextInput.cpp; sourceTree = "<group>"; };
		C8A1C97618C3BF73004B4DD1 /* guiTypeTextInput.h */ = {isa = PBXFileReference; lastKnownFileType = sourcecode.c.h; path = guiTypeTextInput.h; sourceTree = "<group>"; };
		C8A1C97718C3BF73004B4DD1 /* guiTypeToggle.cpp */ = {isa = PBXFileReference; lastKnownFileType = sourcecode.cpp.cpp; path = guiTypeToggle.cpp; sourceTree = "<group>"; };
		C8A1C97818C3BF73004B4DD1 /* guiTypeToggle.h */ = {isa = PBXFileReference; lastKnownFileType = sourcecode.c.h; path = guiTypeToggle.h; sourceTree = "<group>"; };
		C8A1C97918C3BF73004B4DD1 /* guiTypeVairableLister.cpp */ = {isa = PBXFileReference; lastKnownFileType = sourcecode.cpp.cpp; path = guiTypeVairableLister.cpp; sourceTree = "<group>"; };
		C8A1C97A18C3BF73004B4DD1 /* guiTypeVairableLister.h */ = {isa = PBXFileReference; lastKnownFileType = sourcecode.c.h; path = guiTypeVairableLister.h; sourceTree = "<group>"; };
		C8A1C97B18C3BF73004B4DD1 /* guiTypeVideo.cpp */ = {isa = PBXFileReference; lastKnownFileType = sourcecode.cpp.cpp; path = guiTypeVideo.cpp; sourceTree = "<group>"; };
		C8A1C97C18C3BF73004B4DD1 /* guiTypeVideo.h */ = {isa = PBXFileReference; lastKnownFileType = sourcecode.c.h; path = guiTypeVideo.h; sourceTree = "<group>"; };
		C8A1C97D18C3BF73004B4DD1 /* guiValue.cpp */ = {isa = PBXFileReference; lastKnownFileType = sourcecode.cpp.cpp; path = guiValue.cpp; sourceTree = "<group>"; };
		C8A1C97E18C3BF73004B4DD1 /* guiValue.h */ = {isa = PBXFileReference; lastKnownFileType = sourcecode.c.h; path = guiValue.h; sourceTree = "<group>"; };
		C8A1C97F18C3BF73004B4DD1 /* guiVariablePointer.h */ = {isa = PBXFileReference; lastKnownFileType = sourcecode.c.h; path = guiVariablePointer.h; sourceTree = "<group>"; };
		C8A1C98018C3BF73004B4DD1 /* guiXmlValue.h */ = {isa = PBXFileReference; lastKnownFileType = sourcecode.c.h; path = guiXmlValue.h; sourceTree = "<group>"; };
		C8A1C98118C3BF73004B4DD1 /* ofxAutoControlPanel.h */ = {isa = PBXFileReference; lastKnownFileType = sourcecode.c.h; path = ofxAutoControlPanel.h; sourceTree = "<group>"; };
		C8A1C98218C3BF73004B4DD1 /* ofxControlPanel.cpp */ = {isa = PBXFileReference; lastKnownFileType = sourcecode.cpp.cpp; path = ofxControlPanel.cpp; sourceTree = "<group>"; };
		C8A1C98318C3BF73004B4DD1 /* ofxControlPanel.h */ = {isa = PBXFileReference; lastKnownFileType = sourcecode.c.h; path = ofxControlPanel.h; sourceTree = "<group>"; };
		C8A1C98418C3BF73004B4DD1 /* simpleColor.cpp */ = {isa = PBXFileReference; lastKnownFileType = sourcecode.cpp.cpp; path = simpleColor.cpp; sourceTree = "<group>"; };
		C8A1C98518C3BF73004B4DD1 /* simpleColor.h */ = {isa = PBXFileReference; lastKnownFileType = sourcecode.c.h; path = simpleColor.h; sourceTree = "<group>"; };
		C8A1C98618C3BF73004B4DD1 /* simpleFileLister.cpp */ = {isa = PBXFileReference; lastKnownFileType = sourcecode.cpp.cpp; path = simpleFileLister.cpp; sourceTree = "<group>"; };
		C8A1C98718C3BF73004B4DD1 /* simpleFileLister.h */ = {isa = PBXFileReference; lastKnownFileType = sourcecode.c.h; path = simpleFileLister.h; sourceTree = "<group>"; };
		C8A1C98818C3BF73004B4DD1 /* simpleLogger.cpp */ = {isa = PBXFileReference; lastKnownFileType = sourcecode.cpp.cpp; path = simpleLogger.cpp; sourceTree = "<group>"; };
		C8A1C98918C3BF73004B4DD1 /* simpleLogger.h */ = {isa = PBXFileReference; lastKnownFileType = sourcecode.c.h; path = simpleLogger.h; sourceTree = "<group>"; };
		C8A1C9A718C3BFB0004B4DD1 /* ofxCvBlob.h */ = {isa = PBXFileReference; lastKnownFileType = sourcecode.c.h; path = ofxCvBlob.h; sourceTree = "<group>"; };
		C8A1C9A818C3BFB0004B4DD1 /* ofxCvColorImage.cpp */ = {isa = PBXFileReference; lastKnownFileType = sourcecode.cpp.cpp; path = ofxCvColorImage.cpp; sourceTree = "<group>"; };
		C8A1C9A918C3BFB0004B4DD1 /* ofxCvColorImage.h */ = {isa = PBXFileReference; lastKnownFileType = sourcecode.c.h; path = ofxCvColorImage.h; sourceTree = "<group>"; };
		C8A1C9AA18C3BFB0004B4DD1 /* ofxCvConstants.h */ = {isa = PBXFileReference; lastKnownFileType = sourcecode.c.h; path = ofxCvConstants.h; sourceTree = "<group>"; };
		C8A1C9AB18C3BFB0004B4DD1 /* ofxCvContourFinder.cpp */ = {isa = PBXFileReference; lastKnownFileType = sourcecode.cpp.cpp; path = ofxCvContourFinder.cpp; sourceTree = "<group>"; };
		C8A1C9AC18C3BFB0004B4DD1 /* ofxCvContourFinder.h */ = {isa = PBXFileReference; lastKnownFileType = sourcecode.c.h; path = ofxCvContourFinder.h; sourceTree = "<group>"; };
		C8A1C9AD18C3BFB0004B4DD1 /* ofxCvFloatImage.cpp */ = {isa = PBXFileReference; lastKnownFileType = sourcecode.cpp.cpp; path = ofxCvFloatImage.cpp; sourceTree = "<group>"; };
		C8A1C9AE18C3BFB0004B4DD1 /* ofxCvFloatImage.h */ = {isa = PBXFileReference; lastKnownFileType = sourcecode.c.h; path = ofxCvFloatImage.h; sourceTree = "<group>"; };
		C8A1C9AF18C3BFB0004B4DD1 /* ofxCvGrayscaleImage.cpp */ = {isa = PBXFileReference; lastKnownFileType = sourcecode.cpp.cpp; path = ofxCvGrayscaleImage.cpp; sourceTree = "<group>"; };
		C8A1C9B018C3BFB0004B4DD1 /* ofxCvGrayscaleImage.h */ = {isa = PBXFileReference; lastKnownFileType = sourcecode.c.h; path = ofxCvGrayscaleImage.h; sourceTree = "<group>"; };
		C8A1C9B118C3BFB0004B4DD1 /* ofxCvHaarFinder.cpp */ = {isa = PBXFileReference; lastKnownFileType = sourcecode.cpp.cpp; path = ofxCvHaarFinder.cpp; sourceTree = "<group>"; };
		C8A1C9B218C3BFB0004B4DD1 /* ofxCvHaarFinder.h */ = {isa = PBXFileReference; lastKnownFileType = sourcecode.c.h; path = ofxCvHaarFinder.h; sourceTree = "<group>"; };
		C8A1C9B318C3BFB0004B4DD1 /* ofxCvImage.cpp */ = {isa = PBXFileReference; lastKnownFileType = sourcecode.cpp.cpp; path = ofxCvImage.cpp; sourceTree = "<group>"; };
		C8A1C9B418C3BFB0004B4DD1 /* ofxCvImage.h */ = {isa = PBXFileReference; lastKnownFileType = sourcecode.c.h; path = ofxCvImage.h; sourceTree = "<group>"; };
		C8A1C9B518C3BFB0004B4DD1 /* ofxCvShortImage.cpp */ = {isa = PBXFileReference; lastKnownFileType = sourcecode.cpp.cpp; path = ofxCvShortImage.cpp; sourceTree = "<group>"; };
		C8A1C9B618C3BFB0004B4DD1 /* ofxCvShortImage.h */ = {isa = PBXFileReference; lastKnownFileType = sourcecode.c.h; path = ofxCvShortImage.h; sourceTree = "<group>"; };
		C8A1C9B718C3BFB0004B4DD1 /* ofxOpenCv.h */ = {isa = PBXFileReference; lastKnownFileType = sourcecode.c.h; path = ofxOpenCv.h; sourceTree = "<group>"; };
		C8A1C9BC18C3BFB0004B4DD1 /* cv.h */ = {isa = PBXFileReference; lastKnownFileType = sourcecode.c.h; path = cv.h; sourceTree = "<group>"; };
		C8A1C9BD18C3BFB0004B4DD1 /* cv.hpp */ = {isa = PBXFileReference; lastKnownFileType = sourcecode.cpp.h; path = cv.hpp; sourceTree = "<group>"; };
		C8A1C9BE18C3BFB0004B4DD1 /* cvaux.h */ = {isa = PBXFileReference; lastKnownFileType = sourcecode.c.h; path = cvaux.h; sourceTree = "<group>"; };
		C8A1C9BF18C3BFB0004B4DD1 /* cvaux.hpp */ = {isa = PBXFileReference; lastKnownFileType = sourcecode.cpp.h; path = cvaux.hpp; sourceTree = "<group>"; };
		C8A1C9C018C3BFB0004B4DD1 /* cvwimage.h */ = {isa = PBXFileReference; lastKnownFileType = sourcecode.c.h; path = cvwimage.h; sourceTree = "<group>"; };
		C8A1C9C118C3BFB0004B4DD1 /* cxcore.h */ = {isa = PBXFileReference; lastKnownFileType = sourcecode.c.h; path = cxcore.h; sourceTree = "<group>"; };
		C8A1C9C218C3BFB0004B4DD1 /* cxcore.hpp */ = {isa = PBXFileReference; lastKnownFileType = sourcecode.cpp.h; path = cxcore.hpp; sourceTree = "<group>"; };
		C8A1C9C318C3BFB0004B4DD1 /* cxeigen.hpp */ = {isa = PBXFileReference; lastKnownFileType = sourcecode.cpp.h; path = cxeigen.hpp; sourceTree = "<group>"; };
		C8A1C9C418C3BFB0004B4DD1 /* cxmisc.h */ = {isa = PBXFileReference; lastKnownFileType = sourcecode.c.h; path = cxmisc.h; sourceTree = "<group>"; };
		C8A1C9C518C3BFB0004B4DD1 /* highgui.h */ = {isa = PBXFileReference; lastKnownFileType = sourcecode.c.h; path = highgui.h; sourceTree = "<group>"; };
		C8A1C9C618C3BFB0004B4DD1 /* ml.h */ = {isa = PBXFileReference; lastKnownFileType = sourcecode.c.h; path = ml.h; sourceTree = "<group>"; };
		C8A1C9C918C3BFB0004B4DD1 /* calib3d.hpp */ = {isa = PBXFileReference; lastKnownFileType = sourcecode.cpp.h; path = calib3d.hpp; sourceTree = "<group>"; };
		C8A1C9CB18C3BFB0004B4DD1 /* contrib.hpp */ = {isa = PBXFileReference; lastKnownFileType = sourcecode.cpp.h; path = contrib.hpp; sourceTree = "<group>"; };
		C8A1C9CC18C3BFB0004B4DD1 /* retina.hpp */ = {isa = PBXFileReference; lastKnownFileType = sourcecode.cpp.h; path = retina.hpp; sourceTree = "<group>"; };
		C8A1C9CE18C3BFB0004B4DD1 /* core.hpp */ = {isa = PBXFileReference; lastKnownFileType = sourcecode.cpp.h; path = core.hpp; sourceTree = "<group>"; };
		C8A1C9CF18C3BFB0004B4DD1 /* core_c.h */ = {isa = PBXFileReference; lastKnownFileType = sourcecode.c.h; path = core_c.h; sourceTree = "<group>"; };
		C8A1C9D018C3BFB0004B4DD1 /* eigen.hpp */ = {isa = PBXFileReference; lastKnownFileType = sourcecode.cpp.h; path = eigen.hpp; sourceTree = "<group>"; };
		C8A1C9D118C3BFB0004B4DD1 /* internal.hpp */ = {isa = PBXFileReference; lastKnownFileType = sourcecode.cpp.h; path = internal.hpp; sourceTree = "<group>"; };
		C8A1C9D218C3BFB0004B4DD1 /* mat.hpp */ = {isa = PBXFileReference; lastKnownFileType = sourcecode.cpp.h; path = mat.hpp; sourceTree = "<group>"; };
		C8A1C9D318C3BFB0004B4DD1 /* operations.hpp */ = {isa = PBXFileReference; lastKnownFileType = sourcecode.cpp.h; path = operations.hpp; sourceTree = "<group>"; };
		C8A1C9D418C3BFB0004B4DD1 /* types_c.h */ = {isa = PBXFileReference; lastKnownFileType = sourcecode.c.h; path = types_c.h; sourceTree = "<group>"; };
		C8A1C9D518C3BFB0004B4DD1 /* version.hpp */ = {isa = PBXFileReference; lastKnownFileType = sourcecode.cpp.h; path = version.hpp; sourceTree = "<group>"; };
		C8A1C9D618C3BFB0004B4DD1 /* wimage.hpp */ = {isa = PBXFileReference; lastKnownFileType = sourcecode.cpp.h; path = wimage.hpp; sourceTree = "<group>"; };
		C8A1C9D818C3BFB0004B4DD1 /* features2d.hpp */ = {isa = PBXFileReference; lastKnownFileType = sourcecode.cpp.h; path = features2d.hpp; sourceTree = "<group>"; };
		C8A1C9DA18C3BFB0004B4DD1 /* all_indices.h */ = {isa = PBXFileReference; lastKnownFileType = sourcecode.c.h; path = all_indices.h; sourceTree = "<group>"; };
		C8A1C9DB18C3BFB0004B4DD1 /* allocator.h */ = {isa = PBXFileReference; lastKnownFileType = sourcecode.c.h; path = allocator.h; sourceTree = "<group>"; };
		C8A1C9DC18C3BFB0004B4DD1 /* any.h */ = {isa = PBXFileReference; lastKnownFileType = sourcecode.c.h; path = any.h; sourceTree = "<group>"; };
		C8A1C9DD18C3BFB0004B4DD1 /* autotuned_index.h */ = {isa = PBXFileReference; lastKnownFileType = sourcecode.c.h; path = autotuned_index.h; sourceTree = "<group>"; };
		C8A1C9DE18C3BFB0004B4DD1 /* composite_index.h */ = {isa = PBXFileReference; lastKnownFileType = sourcecode.c.h; path = composite_index.h; sourceTree = "<group>"; };
		C8A1C9DF18C3BFB0004B4DD1 /* config.h */ = {isa = PBXFileReference; lastKnownFileType = sourcecode.c.h; path = config.h; sourceTree = "<group>"; };
		C8A1C9E018C3BFB0004B4DD1 /* defines.h */ = {isa = PBXFileReference; lastKnownFileType = sourcecode.c.h; path = defines.h; sourceTree = "<group>"; };
		C8A1C9E118C3BFB0004B4DD1 /* dist.h */ = {isa = PBXFileReference; lastKnownFileType = sourcecode.c.h; path = dist.h; sourceTree = "<group>"; };
		C8A1C9E218C3BFB0004B4DD1 /* dummy.h */ = {isa = PBXFileReference; lastKnownFileType = sourcecode.c.h; path = dummy.h; sourceTree = "<group>"; };
		C8A1C9E318C3BFB0004B4DD1 /* dynamic_bitset.h */ = {isa = PBXFileReference; lastKnownFileType = sourcecode.c.h; path = dynamic_bitset.h; sourceTree = "<group>"; };
		C8A1C9E418C3BFB0004B4DD1 /* flann.hpp */ = {isa = PBXFileReference; lastKnownFileType = sourcecode.cpp.h; path = flann.hpp; sourceTree = "<group>"; };
		C8A1C9E518C3BFB0004B4DD1 /* flann_base.hpp */ = {isa = PBXFileReference; lastKnownFileType = sourcecode.cpp.h; path = flann_base.hpp; sourceTree = "<group>"; };
		C8A1C9E618C3BFB0004B4DD1 /* general.h */ = {isa = PBXFileReference; lastKnownFileType = sourcecode.c.h; path = general.h; sourceTree = "<group>"; };
		C8A1C9E718C3BFB0004B4DD1 /* ground_truth.h */ = {isa = PBXFileReference; lastKnownFileType = sourcecode.c.h; path = ground_truth.h; sourceTree = "<group>"; };
		C8A1C9E818C3BFB0004B4DD1 /* hdf5.h */ = {isa = PBXFileReference; lastKnownFileType = sourcecode.c.h; path = hdf5.h; sourceTree = "<group>"; };
		C8A1C9E918C3BFB0004B4DD1 /* heap.h */ = {isa = PBXFileReference; lastKnownFileType = sourcecode.c.h; path = heap.h; sourceTree = "<group>"; };
		C8A1C9EA18C3BFB0004B4DD1 /* hierarchical_clustering_index.h */ = {isa = PBXFileReference; lastKnownFileType = sourcecode.c.h; path = hierarchical_clustering_index.h; sourceTree = "<group>"; };
		C8A1C9EB18C3BFB0004B4DD1 /* index_testing.h */ = {isa = PBXFileReference; lastKnownFileType = sourcecode.c.h; path = index_testing.h; sourceTree = "<group>"; };
		C8A1C9EC18C3BFB1004B4DD1 /* kdtree_index.h */ = {isa = PBXFileReference; lastKnownFileType = sourcecode.c.h; path = kdtree_index.h; sourceTree = "<group>"; };
		C8A1C9ED18C3BFB1004B4DD1 /* kdtree_single_index.h */ = {isa = PBXFileReference; lastKnownFileType = sourcecode.c.h; path = kdtree_single_index.h; sourceTree = "<group>"; };
		C8A1C9EE18C3BFB1004B4DD1 /* kmeans_index.h */ = {isa = PBXFileReference; lastKnownFileType = sourcecode.c.h; path = kmeans_index.h; sourceTree = "<group>"; };
		C8A1C9EF18C3BFB1004B4DD1 /* linear_index.h */ = {isa = PBXFileReference; lastKnownFileType = sourcecode.c.h; path = linear_index.h; sourceTree = "<group>"; };
		C8A1C9F018C3BFB1004B4DD1 /* logger.h */ = {isa = PBXFileReference; lastKnownFileType = sourcecode.c.h; path = logger.h; sourceTree = "<group>"; };
		C8A1C9F118C3BFB1004B4DD1 /* lsh_index.h */ = {isa = PBXFileReference; lastKnownFileType = sourcecode.c.h; path = lsh_index.h; sourceTree = "<group>"; };
		C8A1C9F218C3BFB1004B4DD1 /* lsh_table.h */ = {isa = PBXFileReference; lastKnownFileType = sourcecode.c.h; path = lsh_table.h; sourceTree = "<group>"; };
		C8A1C9F318C3BFB1004B4DD1 /* matrix.h */ = {isa = PBXFileReference; lastKnownFileType = sourcecode.c.h; path = matrix.h; sourceTree = "<group>"; };
		C8A1C9F418C3BFB1004B4DD1 /* miniflann.hpp */ = {isa = PBXFileReference; lastKnownFileType = sourcecode.cpp.h; path = miniflann.hpp; sourceTree = "<group>"; };
		C8A1C9F518C3BFB1004B4DD1 /* nn_index.h */ = {isa = PBXFileReference; lastKnownFileType = sourcecode.c.h; path = nn_index.h; sourceTree = "<group>"; };
		C8A1C9F618C3BFB1004B4DD1 /* object_factory.h */ = {isa = PBXFileReference; lastKnownFileType = sourcecode.c.h; path = object_factory.h; sourceTree = "<group>"; };
		C8A1C9F718C3BFB1004B4DD1 /* params.h */ = {isa = PBXFileReference; lastKnownFileType = sourcecode.c.h; path = params.h; sourceTree = "<group>"; };
		C8A1C9F818C3BFB1004B4DD1 /* random.h */ = {isa = PBXFileReference; lastKnownFileType = sourcecode.c.h; path = random.h; sourceTree = "<group>"; };
		C8A1C9F918C3BFB1004B4DD1 /* result_set.h */ = {isa = PBXFileReference; lastKnownFileType = sourcecode.c.h; path = result_set.h; sourceTree = "<group>"; };
		C8A1C9FA18C3BFB1004B4DD1 /* sampling.h */ = {isa = PBXFileReference; lastKnownFileType = sourcecode.c.h; path = sampling.h; sourceTree = "<group>"; };
		C8A1C9FB18C3BFB1004B4DD1 /* saving.h */ = {isa = PBXFileReference; lastKnownFileType = sourcecode.c.h; path = saving.h; sourceTree = "<group>"; };
		C8A1C9FC18C3BFB1004B4DD1 /* simplex_downhill.h */ = {isa = PBXFileReference; lastKnownFileType = sourcecode.c.h; path = simplex_downhill.h; sourceTree = "<group>"; };
		C8A1C9FD18C3BFB1004B4DD1 /* timer.h */ = {isa = PBXFileReference; lastKnownFileType = sourcecode.c.h; path = timer.h; sourceTree = "<group>"; };
		C8A1C9FF18C3BFB1004B4DD1 /* devmem2d.hpp */ = {isa = PBXFileReference; lastKnownFileType = sourcecode.cpp.h; path = devmem2d.hpp; sourceTree = "<group>"; };
		C8A1CA0018C3BFB1004B4DD1 /* gpu.hpp */ = {isa = PBXFileReference; lastKnownFileType = sourcecode.cpp.h; path = gpu.hpp; sourceTree = "<group>"; };
		C8A1CA0118C3BFB1004B4DD1 /* gpumat.hpp */ = {isa = PBXFileReference; lastKnownFileType = sourcecode.cpp.h; path = gpumat.hpp; sourceTree = "<group>"; };
		C8A1CA0218C3BFB1004B4DD1 /* matrix_operations.hpp */ = {isa = PBXFileReference; lastKnownFileType = sourcecode.cpp.h; path = matrix_operations.hpp; sourceTree = "<group>"; };
		C8A1CA0318C3BFB1004B4DD1 /* stream_accessor.hpp */ = {isa = PBXFileReference; lastKnownFileType = sourcecode.cpp.h; path = stream_accessor.hpp; sourceTree = "<group>"; };
		C8A1CA0518C3BFB1004B4DD1 /* highgui.hpp */ = {isa = PBXFileReference; lastKnownFileType = sourcecode.cpp.h; path = highgui.hpp; sourceTree = "<group>"; };
		C8A1CA0618C3BFB1004B4DD1 /* highgui_c.h */ = {isa = PBXFileReference; lastKnownFileType = sourcecode.c.h; path = highgui_c.h; sourceTree = "<group>"; };
		C8A1CA0818C3BFB1004B4DD1 /* imgproc.hpp */ = {isa = PBXFileReference; lastKnownFileType = sourcecode.cpp.h; path = imgproc.hpp; sourceTree = "<group>"; };
		C8A1CA0918C3BFB1004B4DD1 /* imgproc_c.h */ = {isa = PBXFileReference; lastKnownFileType = sourcecode.c.h; path = imgproc_c.h; sourceTree = "<group>"; };
		C8A1CA0A18C3BFB1004B4DD1 /* types_c.h */ = {isa = PBXFileReference; lastKnownFileType = sourcecode.c.h; path = types_c.h; sourceTree = "<group>"; };
		C8A1CA0C18C3BFB1004B4DD1 /* blobtrack.hpp */ = {isa = PBXFileReference; lastKnownFileType = sourcecode.cpp.h; path = blobtrack.hpp; sourceTree = "<group>"; };
		C8A1CA0D18C3BFB1004B4DD1 /* compat.hpp */ = {isa = PBXFileReference; lastKnownFileType = sourcecode.cpp.h; path = compat.hpp; sourceTree = "<group>"; };
		C8A1CA0E18C3BFB1004B4DD1 /* legacy.hpp */ = {isa = PBXFileReference; lastKnownFileType = sourcecode.cpp.h; path = legacy.hpp; sourceTree = "<group>"; };
		C8A1CA0F18C3BFB1004B4DD1 /* streams.hpp */ = {isa = PBXFileReference; lastKnownFileType = sourcecode.cpp.h; path = streams.hpp; sourceTree = "<group>"; };
		C8A1CA1118C3BFB1004B4DD1 /* ml.hpp */ = {isa = PBXFileReference; lastKnownFileType = sourcecode.cpp.h; path = ml.hpp; sourceTree = "<group>"; };
		C8A1CA1318C3BFB1004B4DD1 /* objdetect.hpp */ = {isa = PBXFileReference; lastKnownFileType = sourcecode.cpp.h; path = objdetect.hpp; sourceTree = "<group>"; };
		C8A1CA1418C3BFB1004B4DD1 /* opencv.hpp */ = {isa = PBXFileReference; lastKnownFileType = sourcecode.cpp.h; path = opencv.hpp; sourceTree = "<group>"; };
		C8A1CA1618C3BFB1004B4DD1 /* ts.hpp */ = {isa = PBXFileReference; lastKnownFileType = sourcecode.cpp.h; path = ts.hpp; sourceTree = "<group>"; };
		C8A1CA1718C3BFB1004B4DD1 /* ts_gtest.h */ = {isa = PBXFileReference; lastKnownFileType = sourcecode.c.h; path = ts_gtest.h; sourceTree = "<group>"; };
		C8A1CA1918C3BFB1004B4DD1 /* background_segm.hpp */ = {isa = PBXFileReference; lastKnownFileType = sourcecode.cpp.h; path = background_segm.hpp; sourceTree = "<group>"; };
		C8A1CA1A18C3BFB1004B4DD1 /* tracking.hpp */ = {isa = PBXFileReference; lastKnownFileType = sourcecode.cpp.h; path = tracking.hpp; sourceTree = "<group>"; };
		C8A1CA1B18C3BFB1004B4DD1 /* video.hpp */ = {isa = PBXFileReference; lastKnownFileType = sourcecode.cpp.h; path = video.hpp; sourceTree = "<group>"; };
		C8A1CA7F18C3BFB1004B4DD1 /* opencv.a */ = {isa = PBXFileReference; lastKnownFileType = archive.ar; path = opencv.a; sourceTree = "<group>"; };
		C8A1CAB718C3BFC6004B4DD1 /* ofxCv.h */ = {isa = PBXFileReference; lastKnownFileType = sourcecode.c.h; path = ofxCv.h; sourceTree = "<group>"; };
		C8A1CAB918C3BFC6004B4DD1 /* .gitignore */ = {isa = PBXFileReference; lastKnownFileType = text; path = .gitignore; sourceTree = "<group>"; };
		C8A1CABD18C3BFC6004B4DD1 /* ETF.h */ = {isa = PBXFileReference; lastKnownFileType = sourcecode.c.h; path = ETF.h; sourceTree = "<group>"; };
		C8A1CABE18C3BFC6004B4DD1 /* fdog.h */ = {isa = PBXFileReference; lastKnownFileType = sourcecode.c.h; path = fdog.h; sourceTree = "<group>"; };
		C8A1CABF18C3BFC6004B4DD1 /* imatrix.h */ = {isa = PBXFileReference; lastKnownFileType = sourcecode.c.h; path = imatrix.h; sourceTree = "<group>"; };
		C8A1CAC018C3BFC6004B4DD1 /* myvec.h */ = {isa = PBXFileReference; lastKnownFileType = sourcecode.c.h; path = myvec.h; sourceTree = "<group>"; };
		C8A1CAC218C3BFC6004B4DD1 /* ETF.cpp */ = {isa = PBXFileReference; lastKnownFileType = sourcecode.cpp.cpp; path = ETF.cpp; sourceTree = "<group>"; };
		C8A1CAC318C3BFC6004B4DD1 /* fdog.cpp */ = {isa = PBXFileReference; lastKnownFileType = sourcecode.cpp.cpp; path = fdog.cpp; sourceTree = "<group>"; };
		C8A1CAC718C3BFC6004B4DD1 /* Calibration.h */ = {isa = PBXFileReference; lastKnownFileType = sourcecode.c.h; path = Calibration.h; sourceTree = "<group>"; };
		C8A1CAC818C3BFC6004B4DD1 /* ContourFinder.h */ = {isa = PBXFileReference; lastKnownFileType = sourcecode.c.h; path = ContourFinder.h; sourceTree = "<group>"; };
		C8A1CAC918C3BFC6004B4DD1 /* Distance.h */ = {isa = PBXFileReference; lastKnownFileType = sourcecode.c.h; path = Distance.h; sourceTree = "<group>"; };
		C8A1CACA18C3BFC6004B4DD1 /* Flow.h */ = {isa = PBXFileReference; lastKnownFileType = sourcecode.c.h; path = Flow.h; sourceTree = "<group>"; };
		C8A1CACB18C3BFC6004B4DD1 /* Helpers.h */ = {isa = PBXFileReference; lastKnownFileType = sourcecode.c.h; path = Helpers.h; sourceTree = "<group>"; };
		C8A1CACC18C3BFC6004B4DD1 /* ObjectFinder.h */ = {isa = PBXFileReference; lastKnownFileType = sourcecode.c.h; path = ObjectFinder.h; sourceTree = "<group>"; };
		C8A1CACD18C3BFC6004B4DD1 /* RunningBackground.h */ = {isa = PBXFileReference; lastKnownFileType = sourcecode.c.h; path = RunningBackground.h; sourceTree = "<group>"; };
		C8A1CACE18C3BFC6004B4DD1 /* Tracker.h */ = {isa = PBXFileReference; lastKnownFileType = sourcecode.c.h; path = Tracker.h; sourceTree = "<group>"; };
		C8A1CACF18C3BFC6004B4DD1 /* Utilities.h */ = {isa = PBXFileReference; lastKnownFileType = sourcecode.c.h; path = Utilities.h; sourceTree = "<group>"; };
		C8A1CAD018C3BFC6004B4DD1 /* Wrappers.h */ = {isa = PBXFileReference; lastKnownFileType = sourcecode.c.h; path = Wrappers.h; sourceTree = "<group>"; };
		C8A1CAD218C3BFC6004B4DD1 /* Calibration.cpp */ = {isa = PBXFileReference; lastKnownFileType = sourcecode.cpp.cpp; path = Calibration.cpp; sourceTree = "<group>"; };
		C8A1CAD318C3BFC6004B4DD1 /* ContourFinder.cpp */ = {isa = PBXFileReference; lastKnownFileType = sourcecode.cpp.cpp; path = ContourFinder.cpp; sourceTree = "<group>"; };
		C8A1CAD418C3BFC6004B4DD1 /* Distance.cpp */ = {isa = PBXFileReference; lastKnownFileType = sourcecode.cpp.cpp; path = Distance.cpp; sourceTree = "<group>"; };
		C8A1CAD518C3BFC6004B4DD1 /* Flow.cpp */ = {isa = PBXFileReference; lastKnownFileType = sourcecode.cpp.cpp; path = Flow.cpp; sourceTree = "<group>"; };
		C8A1CAD618C3BFC6004B4DD1 /* Helpers.cpp */ = {isa = PBXFileReference; lastKnownFileType = sourcecode.cpp.cpp; path = Helpers.cpp; sourceTree = "<group>"; };
		C8A1CAD718C3BFC6004B4DD1 /* ObjectFinder.cpp */ = {isa = PBXFileReference; lastKnownFileType = sourcecode.cpp.cpp; path = ObjectFinder.cpp; sourceTree = "<group>"; };
		C8A1CAD818C3BFC6004B4DD1 /* RunningBackground.cpp */ = {isa = PBXFileReference; lastKnownFileType = sourcecode.cpp.cpp; path = RunningBackground.cpp; sourceTree = "<group>"; };
		C8A1CAD918C3BFC6004B4DD1 /* Tracker.cpp */ = {isa = PBXFileReference; lastKnownFileType = sourcecode.cpp.cpp; path = Tracker.cpp; sourceTree = "<group>"; };
		C8A1CADA18C3BFC6004B4DD1 /* Utilities.cpp */ = {isa = PBXFileReference; lastKnownFileType = sourcecode.cpp.cpp; path = Utilities.cpp; sourceTree = "<group>"; };
		C8A1CADB18C3BFC6004B4DD1 /* Wrappers.cpp */ = {isa = PBXFileReference; lastKnownFileType = sourcecode.cpp.cpp; path = Wrappers.cpp; sourceTree = "<group>"; };
		C8A1CADC18C3BFC6004B4DD1 /* opencv.a */ = {isa = PBXFileReference; lastKnownFileType = archive.ar; name = opencv.a; path = ../../../addons/ofxOpenCv/libs/opencv/lib/osx/opencv.a; sourceTree = "<group>"; };
		E4328143138ABC890047C5CB /* openFrameworksLib.xcodeproj */ = {isa = PBXFileReference; lastKnownFileType = "wrapper.pb-project"; name = openFrameworksLib.xcodeproj; path = ../../../libs/openFrameworksCompiled/project/osx/openFrameworksLib.xcodeproj; sourceTree = SOURCE_ROOT; };
		E45BE9710E8CC7DD009D7055 /* AGL.framework */ = {isa = PBXFileReference; lastKnownFileType = wrapper.framework; name = AGL.framework; path = /System/Library/Frameworks/AGL.framework; sourceTree = "<absolute>"; };
		E45BE9720E8CC7DD009D7055 /* ApplicationServices.framework */ = {isa = PBXFileReference; lastKnownFileType = wrapper.framework; name = ApplicationServices.framework; path = /System/Library/Frameworks/ApplicationServices.framework; sourceTree = "<absolute>"; };
		E45BE9730E8CC7DD009D7055 /* AudioToolbox.framework */ = {isa = PBXFileReference; lastKnownFileType = wrapper.framework; name = AudioToolbox.framework; path = /System/Library/Frameworks/AudioToolbox.framework; sourceTree = "<absolute>"; };
		E45BE9740E8CC7DD009D7055 /* Carbon.framework */ = {isa = PBXFileReference; lastKnownFileType = wrapper.framework; name = Carbon.framework; path = /System/Library/Frameworks/Carbon.framework; sourceTree = "<absolute>"; };
		E45BE9750E8CC7DD009D7055 /* CoreAudio.framework */ = {isa = PBXFileReference; lastKnownFileType = wrapper.framework; name = CoreAudio.framework; path = /System/Library/Frameworks/CoreAudio.framework; sourceTree = "<absolute>"; };
		E45BE9760E8CC7DD009D7055 /* CoreFoundation.framework */ = {isa = PBXFileReference; lastKnownFileType = wrapper.framework; name = CoreFoundation.framework; path = /System/Library/Frameworks/CoreFoundation.framework; sourceTree = "<absolute>"; };
		E45BE9770E8CC7DD009D7055 /* CoreServices.framework */ = {isa = PBXFileReference; lastKnownFileType = wrapper.framework; name = CoreServices.framework; path = /System/Library/Frameworks/CoreServices.framework; sourceTree = "<absolute>"; };
		E45BE9790E8CC7DD009D7055 /* OpenGL.framework */ = {isa = PBXFileReference; lastKnownFileType = wrapper.framework; name = OpenGL.framework; path = /System/Library/Frameworks/OpenGL.framework; sourceTree = "<absolute>"; };
		E45BE97A0E8CC7DD009D7055 /* QuickTime.framework */ = {isa = PBXFileReference; lastKnownFileType = wrapper.framework; name = QuickTime.framework; path = /System/Library/Frameworks/QuickTime.framework; sourceTree = "<absolute>"; };
		E4B69B5B0A3A1756003C02F2 /* GMLStencilerDebug.app */ = {isa = PBXFileReference; explicitFileType = wrapper.application; includeInIndex = 0; path = GMLStencilerDebug.app; sourceTree = BUILT_PRODUCTS_DIR; };
		E4B69E1D0A3A1BDC003C02F2 /* main.cpp */ = {isa = PBXFileReference; fileEncoding = 30; lastKnownFileType = sourcecode.cpp.cpp; name = main.cpp; path = src/main.cpp; sourceTree = SOURCE_ROOT; };
		E4B6FCAD0C3E899E008CF71C /* openFrameworks-Info.plist */ = {isa = PBXFileReference; fileEncoding = 30; lastKnownFileType = text.plist.xml; path = "openFrameworks-Info.plist"; sourceTree = "<group>"; };
		E4C2424410CC5A17004149E2 /* AppKit.framework */ = {isa = PBXFileReference; lastKnownFileType = wrapper.framework; name = AppKit.framework; path = /System/Library/Frameworks/AppKit.framework; sourceTree = "<absolute>"; };
		E4C2424510CC5A17004149E2 /* Cocoa.framework */ = {isa = PBXFileReference; lastKnownFileType = wrapper.framework; name = Cocoa.framework; path = /System/Library/Frameworks/Cocoa.framework; sourceTree = "<absolute>"; };
		E4C2424610CC5A17004149E2 /* IOKit.framework */ = {isa = PBXFileReference; lastKnownFileType = wrapper.framework; name = IOKit.framework; path = /System/Library/Frameworks/IOKit.framework; sourceTree = "<absolute>"; };
		E4EB691F138AFCF100A09F29 /* CoreOF.xcconfig */ = {isa = PBXFileReference; fileEncoding = 4; lastKnownFileType = text.xcconfig; name = CoreOF.xcconfig; path = ../../../libs/openFrameworksCompiled/project/osx/CoreOF.xcconfig; sourceTree = SOURCE_ROOT; };
		E4EB6923138AFD0F00A09F29 /* Project.xcconfig */ = {isa = PBXFileReference; fileEncoding = 4; lastKnownFileType = text.xcconfig; path = Project.xcconfig; sourceTree = "<group>"; };
		E7E077E415D3B63C0020DFD4 /* CoreVideo.framework */ = {isa = PBXFileReference; lastKnownFileType = wrapper.framework; name = CoreVideo.framework; path = /System/Library/Frameworks/CoreVideo.framework; sourceTree = "<absolute>"; };
		E7E077E715D3B6510020DFD4 /* QTKit.framework */ = {isa = PBXFileReference; lastKnownFileType = wrapper.framework; name = QTKit.framework; path = /System/Library/Frameworks/QTKit.framework; sourceTree = "<absolute>"; };
		E7F985F515E0DE99003869B5 /* Accelerate.framework */ = {isa = PBXFileReference; lastKnownFileType = wrapper.framework; name = Accelerate.framework; path = /System/Library/Frameworks/Accelerate.framework; sourceTree = "<absolute>"; };
/* End PBXFileReference section */

/* Begin PBXFrameworksBuildPhase section */
		E4B69B590A3A1756003C02F2 /* Frameworks */ = {
			isa = PBXFrameworksBuildPhase;
			buildActionMask = 2147483647;
			files = (
				C8A1CAB418C3BFB1004B4DD1 /* opencv.a in Frameworks */,
				E7F985F815E0DEA3003869B5 /* Accelerate.framework in Frameworks */,
				E7E077E815D3B6510020DFD4 /* QTKit.framework in Frameworks */,
				C8A1CAE918C3BFC6004B4DD1 /* opencv.a in Frameworks */,
				E4EB6799138ADC1D00A09F29 /* GLUT.framework in Frameworks */,
				E4328149138ABC9F0047C5CB /* openFrameworksDebug.a in Frameworks */,
				E45BE97B0E8CC7DD009D7055 /* AGL.framework in Frameworks */,
				E45BE97C0E8CC7DD009D7055 /* ApplicationServices.framework in Frameworks */,
				E45BE97D0E8CC7DD009D7055 /* AudioToolbox.framework in Frameworks */,
				E45BE97E0E8CC7DD009D7055 /* Carbon.framework in Frameworks */,
				E45BE97F0E8CC7DD009D7055 /* CoreAudio.framework in Frameworks */,
				E45BE9800E8CC7DD009D7055 /* CoreFoundation.framework in Frameworks */,
				E45BE9810E8CC7DD009D7055 /* CoreServices.framework in Frameworks */,
				E45BE9830E8CC7DD009D7055 /* OpenGL.framework in Frameworks */,
				E45BE9840E8CC7DD009D7055 /* QuickTime.framework in Frameworks */,
				E4C2424710CC5A17004149E2 /* AppKit.framework in Frameworks */,
				E4C2424810CC5A17004149E2 /* Cocoa.framework in Frameworks */,
				E4C2424910CC5A17004149E2 /* IOKit.framework in Frameworks */,
				E7E077E515D3B63C0020DFD4 /* CoreVideo.framework in Frameworks */,
			);
			runOnlyForDeploymentPostprocessing = 0;
		};
/* End PBXFrameworksBuildPhase section */

/* Begin PBXGroup section */
		BB4B014C10F69532006C3DED /* addons */ = {
			isa = PBXGroup;
			children = (
				C8A1CAB518C3BFC6004B4DD1 /* ofxCv */,
				C8A1C9A518C3BFB0004B4DD1 /* ofxOpenCv */,
				C8A1C94D18C3BF73004B4DD1 /* ofxControlPanel */,
				C8A1C94018C3BF6C004B4DD1 /* ofxXmlSettings */,
				C8A1C93618C3BF66004B4DD1 /* ofxVectorGraphics */,
			);
			name = addons;
			sourceTree = "<group>";
		};
		BBAB23C913894ECA00AA2426 /* system frameworks */ = {
			isa = PBXGroup;
			children = (
				E7F985F515E0DE99003869B5 /* Accelerate.framework */,
				E4C2424410CC5A17004149E2 /* AppKit.framework */,
				E4C2424510CC5A17004149E2 /* Cocoa.framework */,
				E4C2424610CC5A17004149E2 /* IOKit.framework */,
				E45BE9710E8CC7DD009D7055 /* AGL.framework */,
				E45BE9720E8CC7DD009D7055 /* ApplicationServices.framework */,
				E45BE9730E8CC7DD009D7055 /* AudioToolbox.framework */,
				E45BE9740E8CC7DD009D7055 /* Carbon.framework */,
				E45BE9750E8CC7DD009D7055 /* CoreAudio.framework */,
				E45BE9760E8CC7DD009D7055 /* CoreFoundation.framework */,
				E45BE9770E8CC7DD009D7055 /* CoreServices.framework */,
				E45BE9790E8CC7DD009D7055 /* OpenGL.framework */,
				E45BE97A0E8CC7DD009D7055 /* QuickTime.framework */,
				E7E077E415D3B63C0020DFD4 /* CoreVideo.framework */,
				E7E077E715D3B6510020DFD4 /* QTKit.framework */,
			);
			name = "system frameworks";
			sourceTree = "<group>";
		};
		BBAB23CA13894EDB00AA2426 /* 3rd party frameworks */ = {
			isa = PBXGroup;
			children = (
				BBAB23BE13894E4700AA2426 /* GLUT.framework */,
			);
			name = "3rd party frameworks";
			sourceTree = "<group>";
		};
		C8A1C93618C3BF66004B4DD1 /* ofxVectorGraphics */ = {
			isa = PBXGroup;
			children = (
				C8A1C93718C3BF66004B4DD1 /* src */,
				C8A1C93A18C3BF66004B4DD1 /* libs */,
			);
			name = ofxVectorGraphics;
			sourceTree = "<group>";
		};
		C8A1C93718C3BF66004B4DD1 /* src */ = {
			isa = PBXGroup;
			children = (
				C8A1C93818C3BF66004B4DD1 /* ofxVectorGraphics.cpp */,
				C8A1C93918C3BF66004B4DD1 /* ofxVectorGraphics.h */,
			);
			name = src;
			path = ../../../addons/ofxVectorGraphics/src;
			sourceTree = "<group>";
		};
		C8A1C93A18C3BF66004B4DD1 /* libs */ = {
			isa = PBXGroup;
			children = (
				C8A1C93B18C3BF66004B4DD1 /* CreEPS.cpp */,
				C8A1C93C18C3BF66004B4DD1 /* CreEPS.hpp */,
				C8A1C93D18C3BF66004B4DD1 /* CreEPS_Types.hpp */,
			);
			name = libs;
			path = ../../../addons/ofxVectorGraphics/libs;
			sourceTree = "<group>";
		};
		C8A1C94018C3BF6C004B4DD1 /* ofxXmlSettings */ = {
			isa = PBXGroup;
			children = (
				C8A1C94118C3BF6C004B4DD1 /* src */,
				C8A1C94418C3BF6C004B4DD1 /* libs */,
			);
			name = ofxXmlSettings;
			sourceTree = "<group>";
		};
		C8A1C94118C3BF6C004B4DD1 /* src */ = {
			isa = PBXGroup;
			children = (
				C8A1C94218C3BF6C004B4DD1 /* ofxXmlSettings.cpp */,
				C8A1C94318C3BF6C004B4DD1 /* ofxXmlSettings.h */,
			);
			name = src;
			path = ../../../addons/ofxXmlSettings/src;
			sourceTree = "<group>";
		};
		C8A1C94418C3BF6C004B4DD1 /* libs */ = {
			isa = PBXGroup;
			children = (
				C8A1C94518C3BF6C004B4DD1 /* tinyxml.cpp */,
				C8A1C94618C3BF6C004B4DD1 /* tinyxml.h */,
				C8A1C94718C3BF6C004B4DD1 /* tinyxmlerror.cpp */,
				C8A1C94818C3BF6C004B4DD1 /* tinyxmlparser.cpp */,
			);
			name = libs;
			path = ../../../addons/ofxXmlSettings/libs;
			sourceTree = "<group>";
		};
		C8A1C94D18C3BF73004B4DD1 /* ofxControlPanel */ = {
			isa = PBXGroup;
			children = (
				C8A1C94E18C3BF73004B4DD1 /* src */,
			);
			name = ofxControlPanel;
			sourceTree = "<group>";
		};
		C8A1C94E18C3BF73004B4DD1 /* src */ = {
			isa = PBXGroup;
			children = (
				C8A1C94F18C3BF73004B4DD1 /* guiBaseObject.cpp */,
				C8A1C95018C3BF73004B4DD1 /* guiBaseObject.h */,
				C8A1C95118C3BF73004B4DD1 /* guiCallback.cpp */,
				C8A1C95218C3BF73004B4DD1 /* guiCallback.h */,
				C8A1C95318C3BF73004B4DD1 /* guiCallbackValue.cpp */,
				C8A1C95418C3BF73004B4DD1 /* guiCallbackValue.h */,
				C8A1C95518C3BF73004B4DD1 /* guiColor.cpp */,
				C8A1C95618C3BF73004B4DD1 /* guiColor.h */,
				C8A1C95718C3BF73004B4DD1 /* guiCustomImpl.h */,
				C8A1C95818C3BF73004B4DD1 /* guiIncludes.h */,
				C8A1C95918C3BF73004B4DD1 /* guiTextBase.cpp */,
				C8A1C95A18C3BF73004B4DD1 /* guiTextBase.h */,
				C8A1C95B18C3BF73004B4DD1 /* guiType2DSlider.cpp */,
				C8A1C95C18C3BF73004B4DD1 /* guiType2DSlider.h */,
				C8A1C95D18C3BF73004B4DD1 /* guiTypeButtonSlider.cpp */,
				C8A1C95E18C3BF73004B4DD1 /* guiTypeButtonSlider.h */,
				C8A1C95F18C3BF73004B4DD1 /* guiTypeChartPlotter.cpp */,
				C8A1C96018C3BF73004B4DD1 /* guiTypeChartPlotter.h */,
				C8A1C96118C3BF73004B4DD1 /* guiTypeCustom.cpp */,
				C8A1C96218C3BF73004B4DD1 /* guiTypeCustom.h */,
				C8A1C96318C3BF73004B4DD1 /* guiTypeDrawable.cpp */,
				C8A1C96418C3BF73004B4DD1 /* guiTypeDrawable.h */,
				C8A1C96518C3BF73004B4DD1 /* guiTypeFileLister.cpp */,
				C8A1C96618C3BF73004B4DD1 /* guiTypeFileLister.h */,
				C8A1C96718C3BF73004B4DD1 /* guiTypeLabel.cpp */,
				C8A1C96818C3BF73004B4DD1 /* guiTypeLabel.h */,
				C8A1C96918C3BF73004B4DD1 /* guiTypeLogger.cpp */,
				C8A1C96A18C3BF73004B4DD1 /* guiTypeLogger.h */,
				C8A1C96B18C3BF73004B4DD1 /* guiTypeMultiToggle.cpp */,
				C8A1C96C18C3BF73004B4DD1 /* guiTypeMultiToggle.h */,
				C8A1C96D18C3BF73004B4DD1 /* guiTypePanel.cpp */,
				C8A1C96E18C3BF73004B4DD1 /* guiTypePanel.h */,
				C8A1C96F18C3BF73004B4DD1 /* guiTypeSlider.cpp */,
				C8A1C97018C3BF73004B4DD1 /* guiTypeSlider.h */,
				C8A1C97118C3BF73004B4DD1 /* guiTypeText.cpp */,
				C8A1C97218C3BF73004B4DD1 /* guiTypeText.h */,
				C8A1C97318C3BF73004B4DD1 /* guiTypeTextDropDown.cpp */,
				C8A1C97418C3BF73004B4DD1 /* guiTypeTextDropDown.h */,
				C8A1C97518C3BF73004B4DD1 /* guiTypeTextInput.cpp */,
				C8A1C97618C3BF73004B4DD1 /* guiTypeTextInput.h */,
				C8A1C97718C3BF73004B4DD1 /* guiTypeToggle.cpp */,
				C8A1C97818C3BF73004B4DD1 /* guiTypeToggle.h */,
				C8A1C97918C3BF73004B4DD1 /* guiTypeVairableLister.cpp */,
				C8A1C97A18C3BF73004B4DD1 /* guiTypeVairableLister.h */,
				C8A1C97B18C3BF73004B4DD1 /* guiTypeVideo.cpp */,
				C8A1C97C18C3BF73004B4DD1 /* guiTypeVideo.h */,
				C8A1C97D18C3BF73004B4DD1 /* guiValue.cpp */,
				C8A1C97E18C3BF73004B4DD1 /* guiValue.h */,
				C8A1C97F18C3BF73004B4DD1 /* guiVariablePointer.h */,
				C8A1C98018C3BF73004B4DD1 /* guiXmlValue.h */,
				C8A1C98118C3BF73004B4DD1 /* ofxAutoControlPanel.h */,
				C8A1C98218C3BF73004B4DD1 /* ofxControlPanel.cpp */,
				C8A1C98318C3BF73004B4DD1 /* ofxControlPanel.h */,
				C8A1C98418C3BF73004B4DD1 /* simpleColor.cpp */,
				C8A1C98518C3BF73004B4DD1 /* simpleColor.h */,
				C8A1C98618C3BF73004B4DD1 /* simpleFileLister.cpp */,
				C8A1C98718C3BF73004B4DD1 /* simpleFileLister.h */,
				C8A1C98818C3BF73004B4DD1 /* simpleLogger.cpp */,
				C8A1C98918C3BF73004B4DD1 /* simpleLogger.h */,
			);
			name = src;
			path = ../../../addons/ofxControlPanel/src;
			sourceTree = "<group>";
		};
		C8A1C9A518C3BFB0004B4DD1 /* ofxOpenCv */ = {
			isa = PBXGroup;
			children = (
				C8A1C9A618C3BFB0004B4DD1 /* src */,
				C8A1C9B818C3BFB0004B4DD1 /* libs */,
			);
			name = ofxOpenCv;
			sourceTree = "<group>";
		};
		C8A1C9A618C3BFB0004B4DD1 /* src */ = {
			isa = PBXGroup;
			children = (
				C8A1C9A718C3BFB0004B4DD1 /* ofxCvBlob.h */,
				C8A1C9A818C3BFB0004B4DD1 /* ofxCvColorImage.cpp */,
				C8A1C9A918C3BFB0004B4DD1 /* ofxCvColorImage.h */,
				C8A1C9AA18C3BFB0004B4DD1 /* ofxCvConstants.h */,
				C8A1C9AB18C3BFB0004B4DD1 /* ofxCvContourFinder.cpp */,
				C8A1C9AC18C3BFB0004B4DD1 /* ofxCvContourFinder.h */,
				C8A1C9AD18C3BFB0004B4DD1 /* ofxCvFloatImage.cpp */,
				C8A1C9AE18C3BFB0004B4DD1 /* ofxCvFloatImage.h */,
				C8A1C9AF18C3BFB0004B4DD1 /* ofxCvGrayscaleImage.cpp */,
				C8A1C9B018C3BFB0004B4DD1 /* ofxCvGrayscaleImage.h */,
				C8A1C9B118C3BFB0004B4DD1 /* ofxCvHaarFinder.cpp */,
				C8A1C9B218C3BFB0004B4DD1 /* ofxCvHaarFinder.h */,
				C8A1C9B318C3BFB0004B4DD1 /* ofxCvImage.cpp */,
				C8A1C9B418C3BFB0004B4DD1 /* ofxCvImage.h */,
				C8A1C9B518C3BFB0004B4DD1 /* ofxCvShortImage.cpp */,
				C8A1C9B618C3BFB0004B4DD1 /* ofxCvShortImage.h */,
				C8A1C9B718C3BFB0004B4DD1 /* ofxOpenCv.h */,
			);
			name = src;
			path = ../../../addons/ofxOpenCv/src;
			sourceTree = "<group>";
		};
		C8A1C9B818C3BFB0004B4DD1 /* libs */ = {
			isa = PBXGroup;
			children = (
				C8A1C9B918C3BFB0004B4DD1 /* opencv */,
			);
			name = libs;
			path = ../../../addons/ofxOpenCv/libs;
			sourceTree = "<group>";
		};
		C8A1C9B918C3BFB0004B4DD1 /* opencv */ = {
			isa = PBXGroup;
			children = (
				C8A1C9BA18C3BFB0004B4DD1 /* include */,
				C8A1CA1C18C3BFB1004B4DD1 /* lib */,
			);
			path = opencv;
			sourceTree = "<group>";
		};
		C8A1C9BA18C3BFB0004B4DD1 /* include */ = {
			isa = PBXGroup;
			children = (
				C8A1C9BB18C3BFB0004B4DD1 /* opencv */,
				C8A1C9C718C3BFB0004B4DD1 /* opencv2 */,
			);
			path = include;
			sourceTree = "<group>";
		};
		C8A1C9BB18C3BFB0004B4DD1 /* opencv */ = {
			isa = PBXGroup;
			children = (
				C8A1C9BC18C3BFB0004B4DD1 /* cv.h */,
				C8A1C9BD18C3BFB0004B4DD1 /* cv.hpp */,
				C8A1C9BE18C3BFB0004B4DD1 /* cvaux.h */,
				C8A1C9BF18C3BFB0004B4DD1 /* cvaux.hpp */,
				C8A1C9C018C3BFB0004B4DD1 /* cvwimage.h */,
				C8A1C9C118C3BFB0004B4DD1 /* cxcore.h */,
				C8A1C9C218C3BFB0004B4DD1 /* cxcore.hpp */,
				C8A1C9C318C3BFB0004B4DD1 /* cxeigen.hpp */,
				C8A1C9C418C3BFB0004B4DD1 /* cxmisc.h */,
				C8A1C9C518C3BFB0004B4DD1 /* highgui.h */,
				C8A1C9C618C3BFB0004B4DD1 /* ml.h */,
			);
			path = opencv;
			sourceTree = "<group>";
		};
		C8A1C9C718C3BFB0004B4DD1 /* opencv2 */ = {
			isa = PBXGroup;
			children = (
				C8A1C9C818C3BFB0004B4DD1 /* calib3d */,
				C8A1C9CA18C3BFB0004B4DD1 /* contrib */,
				C8A1C9CD18C3BFB0004B4DD1 /* core */,
				C8A1C9D718C3BFB0004B4DD1 /* features2d */,
				C8A1C9D918C3BFB0004B4DD1 /* flann */,
				C8A1C9FE18C3BFB1004B4DD1 /* gpu */,
				C8A1CA0418C3BFB1004B4DD1 /* highgui */,
				C8A1CA0718C3BFB1004B4DD1 /* imgproc */,
				C8A1CA0B18C3BFB1004B4DD1 /* legacy */,
				C8A1CA1018C3BFB1004B4DD1 /* ml */,
				C8A1CA1218C3BFB1004B4DD1 /* objdetect */,
				C8A1CA1418C3BFB1004B4DD1 /* opencv.hpp */,
				C8A1CA1518C3BFB1004B4DD1 /* ts */,
				C8A1CA1818C3BFB1004B4DD1 /* video */,
			);
			path = opencv2;
			sourceTree = "<group>";
		};
		C8A1C9C818C3BFB0004B4DD1 /* calib3d */ = {
			isa = PBXGroup;
			children = (
				C8A1C9C918C3BFB0004B4DD1 /* calib3d.hpp */,
			);
			path = calib3d;
			sourceTree = "<group>";
		};
		C8A1C9CA18C3BFB0004B4DD1 /* contrib */ = {
			isa = PBXGroup;
			children = (
				C8A1C9CB18C3BFB0004B4DD1 /* contrib.hpp */,
				C8A1C9CC18C3BFB0004B4DD1 /* retina.hpp */,
			);
			path = contrib;
			sourceTree = "<group>";
		};
		C8A1C9CD18C3BFB0004B4DD1 /* core */ = {
			isa = PBXGroup;
			children = (
				C8A1C9CE18C3BFB0004B4DD1 /* core.hpp */,
				C8A1C9CF18C3BFB0004B4DD1 /* core_c.h */,
				C8A1C9D018C3BFB0004B4DD1 /* eigen.hpp */,
				C8A1C9D118C3BFB0004B4DD1 /* internal.hpp */,
				C8A1C9D218C3BFB0004B4DD1 /* mat.hpp */,
				C8A1C9D318C3BFB0004B4DD1 /* operations.hpp */,
				C8A1C9D418C3BFB0004B4DD1 /* types_c.h */,
				C8A1C9D518C3BFB0004B4DD1 /* version.hpp */,
				C8A1C9D618C3BFB0004B4DD1 /* wimage.hpp */,
			);
			path = core;
			sourceTree = "<group>";
		};
		C8A1C9D718C3BFB0004B4DD1 /* features2d */ = {
			isa = PBXGroup;
			children = (
				C8A1C9D818C3BFB0004B4DD1 /* features2d.hpp */,
			);
			path = features2d;
			sourceTree = "<group>";
		};
		C8A1C9D918C3BFB0004B4DD1 /* flann */ = {
			isa = PBXGroup;
			children = (
				C8A1C9DA18C3BFB0004B4DD1 /* all_indices.h */,
				C8A1C9DB18C3BFB0004B4DD1 /* allocator.h */,
				C8A1C9DC18C3BFB0004B4DD1 /* any.h */,
				C8A1C9DD18C3BFB0004B4DD1 /* autotuned_index.h */,
				C8A1C9DE18C3BFB0004B4DD1 /* composite_index.h */,
				C8A1C9DF18C3BFB0004B4DD1 /* config.h */,
				C8A1C9E018C3BFB0004B4DD1 /* defines.h */,
				C8A1C9E118C3BFB0004B4DD1 /* dist.h */,
				C8A1C9E218C3BFB0004B4DD1 /* dummy.h */,
				C8A1C9E318C3BFB0004B4DD1 /* dynamic_bitset.h */,
				C8A1C9E418C3BFB0004B4DD1 /* flann.hpp */,
				C8A1C9E518C3BFB0004B4DD1 /* flann_base.hpp */,
				C8A1C9E618C3BFB0004B4DD1 /* general.h */,
				C8A1C9E718C3BFB0004B4DD1 /* ground_truth.h */,
				C8A1C9E818C3BFB0004B4DD1 /* hdf5.h */,
				C8A1C9E918C3BFB0004B4DD1 /* heap.h */,
				C8A1C9EA18C3BFB0004B4DD1 /* hierarchical_clustering_index.h */,
				C8A1C9EB18C3BFB0004B4DD1 /* index_testing.h */,
				C8A1C9EC18C3BFB1004B4DD1 /* kdtree_index.h */,
				C8A1C9ED18C3BFB1004B4DD1 /* kdtree_single_index.h */,
				C8A1C9EE18C3BFB1004B4DD1 /* kmeans_index.h */,
				C8A1C9EF18C3BFB1004B4DD1 /* linear_index.h */,
				C8A1C9F018C3BFB1004B4DD1 /* logger.h */,
				C8A1C9F118C3BFB1004B4DD1 /* lsh_index.h */,
				C8A1C9F218C3BFB1004B4DD1 /* lsh_table.h */,
				C8A1C9F318C3BFB1004B4DD1 /* matrix.h */,
				C8A1C9F418C3BFB1004B4DD1 /* miniflann.hpp */,
				C8A1C9F518C3BFB1004B4DD1 /* nn_index.h */,
				C8A1C9F618C3BFB1004B4DD1 /* object_factory.h */,
				C8A1C9F718C3BFB1004B4DD1 /* params.h */,
				C8A1C9F818C3BFB1004B4DD1 /* random.h */,
				C8A1C9F918C3BFB1004B4DD1 /* result_set.h */,
				C8A1C9FA18C3BFB1004B4DD1 /* sampling.h */,
				C8A1C9FB18C3BFB1004B4DD1 /* saving.h */,
				C8A1C9FC18C3BFB1004B4DD1 /* simplex_downhill.h */,
				C8A1C9FD18C3BFB1004B4DD1 /* timer.h */,
			);
			path = flann;
			sourceTree = "<group>";
		};
		C8A1C9FE18C3BFB1004B4DD1 /* gpu */ = {
			isa = PBXGroup;
			children = (
				C8A1C9FF18C3BFB1004B4DD1 /* devmem2d.hpp */,
				C8A1CA0018C3BFB1004B4DD1 /* gpu.hpp */,
				C8A1CA0118C3BFB1004B4DD1 /* gpumat.hpp */,
				C8A1CA0218C3BFB1004B4DD1 /* matrix_operations.hpp */,
				C8A1CA0318C3BFB1004B4DD1 /* stream_accessor.hpp */,
			);
			path = gpu;
			sourceTree = "<group>";
		};
		C8A1CA0418C3BFB1004B4DD1 /* highgui */ = {
			isa = PBXGroup;
			children = (
				C8A1CA0518C3BFB1004B4DD1 /* highgui.hpp */,
				C8A1CA0618C3BFB1004B4DD1 /* highgui_c.h */,
			);
			path = highgui;
			sourceTree = "<group>";
		};
		C8A1CA0718C3BFB1004B4DD1 /* imgproc */ = {
			isa = PBXGroup;
			children = (
				C8A1CA0818C3BFB1004B4DD1 /* imgproc.hpp */,
				C8A1CA0918C3BFB1004B4DD1 /* imgproc_c.h */,
				C8A1CA0A18C3BFB1004B4DD1 /* types_c.h */,
			);
			path = imgproc;
			sourceTree = "<group>";
		};
		C8A1CA0B18C3BFB1004B4DD1 /* legacy */ = {
			isa = PBXGroup;
			children = (
				C8A1CA0C18C3BFB1004B4DD1 /* blobtrack.hpp */,
				C8A1CA0D18C3BFB1004B4DD1 /* compat.hpp */,
				C8A1CA0E18C3BFB1004B4DD1 /* legacy.hpp */,
				C8A1CA0F18C3BFB1004B4DD1 /* streams.hpp */,
			);
			path = legacy;
			sourceTree = "<group>";
		};
		C8A1CA1018C3BFB1004B4DD1 /* ml */ = {
			isa = PBXGroup;
			children = (
				C8A1CA1118C3BFB1004B4DD1 /* ml.hpp */,
			);
			path = ml;
			sourceTree = "<group>";
		};
		C8A1CA1218C3BFB1004B4DD1 /* objdetect */ = {
			isa = PBXGroup;
			children = (
				C8A1CA1318C3BFB1004B4DD1 /* objdetect.hpp */,
			);
			path = objdetect;
			sourceTree = "<group>";
		};
		C8A1CA1518C3BFB1004B4DD1 /* ts */ = {
			isa = PBXGroup;
			children = (
				C8A1CA1618C3BFB1004B4DD1 /* ts.hpp */,
				C8A1CA1718C3BFB1004B4DD1 /* ts_gtest.h */,
			);
			path = ts;
			sourceTree = "<group>";
		};
		C8A1CA1818C3BFB1004B4DD1 /* video */ = {
			isa = PBXGroup;
			children = (
				C8A1CA1918C3BFB1004B4DD1 /* background_segm.hpp */,
				C8A1CA1A18C3BFB1004B4DD1 /* tracking.hpp */,
				C8A1CA1B18C3BFB1004B4DD1 /* video.hpp */,
			);
			path = video;
			sourceTree = "<group>";
		};
		C8A1CA1C18C3BFB1004B4DD1 /* lib */ = {
			isa = PBXGroup;
			children = (
				C8A1CA7E18C3BFB1004B4DD1 /* osx */,
			);
			path = lib;
			sourceTree = "<group>";
		};
		C8A1CA7E18C3BFB1004B4DD1 /* osx */ = {
			isa = PBXGroup;
			children = (
				C8A1CA7F18C3BFB1004B4DD1 /* opencv.a */,
			);
			path = osx;
			sourceTree = "<group>";
		};
		C8A1CAB518C3BFC6004B4DD1 /* ofxCv */ = {
			isa = PBXGroup;
			children = (
				C8A1CAB618C3BFC6004B4DD1 /* src */,
				C8A1CAB818C3BFC6004B4DD1 /* libs */,
				C8A1CADC18C3BFC6004B4DD1 /* opencv.a */,
			);
			name = ofxCv;
			sourceTree = "<group>";
		};
		C8A1CAB618C3BFC6004B4DD1 /* src */ = {
			isa = PBXGroup;
			children = (
				C8A1CAB718C3BFC6004B4DD1 /* ofxCv.h */,
			);
			name = src;
			path = ../../../addons/ofxCv/src;
			sourceTree = "<group>";
		};
		C8A1CAB818C3BFC6004B4DD1 /* libs */ = {
			isa = PBXGroup;
			children = (
				C8A1CAB918C3BFC6004B4DD1 /* .gitignore */,
				C8A1CABA18C3BFC6004B4DD1 /* CLD */,
				C8A1CAC418C3BFC6004B4DD1 /* ofxCv */,
			);
			name = libs;
			path = ../../../addons/ofxCv/libs;
			sourceTree = "<group>";
		};
		C8A1CABA18C3BFC6004B4DD1 /* CLD */ = {
			isa = PBXGroup;
			children = (
				C8A1CABB18C3BFC6004B4DD1 /* include */,
				C8A1CAC118C3BFC6004B4DD1 /* src */,
			);
			path = CLD;
			sourceTree = "<group>";
		};
		C8A1CABB18C3BFC6004B4DD1 /* include */ = {
			isa = PBXGroup;
			children = (
				C8A1CABC18C3BFC6004B4DD1 /* CLD */,
			);
			path = include;
			sourceTree = "<group>";
		};
		C8A1CABC18C3BFC6004B4DD1 /* CLD */ = {
			isa = PBXGroup;
			children = (
				C8A1CABD18C3BFC6004B4DD1 /* ETF.h */,
				C8A1CABE18C3BFC6004B4DD1 /* fdog.h */,
				C8A1CABF18C3BFC6004B4DD1 /* imatrix.h */,
				C8A1CAC018C3BFC6004B4DD1 /* myvec.h */,
			);
			path = CLD;
			sourceTree = "<group>";
		};
		C8A1CAC118C3BFC6004B4DD1 /* src */ = {
			isa = PBXGroup;
			children = (
				C8A1CAC218C3BFC6004B4DD1 /* ETF.cpp */,
				C8A1CAC318C3BFC6004B4DD1 /* fdog.cpp */,
			);
			path = src;
			sourceTree = "<group>";
		};
		C8A1CAC418C3BFC6004B4DD1 /* ofxCv */ = {
			isa = PBXGroup;
			children = (
				C8A1CAC518C3BFC6004B4DD1 /* include */,
				C8A1CAD118C3BFC6004B4DD1 /* src */,
			);
			path = ofxCv;
			sourceTree = "<group>";
		};
		C8A1CAC518C3BFC6004B4DD1 /* include */ = {
			isa = PBXGroup;
			children = (
				C8A1CAC618C3BFC6004B4DD1 /* ofxCv */,
			);
			path = include;
			sourceTree = "<group>";
		};
		C8A1CAC618C3BFC6004B4DD1 /* ofxCv */ = {
			isa = PBXGroup;
			children = (
				C8A1CAC718C3BFC6004B4DD1 /* Calibration.h */,
				C8A1CAC818C3BFC6004B4DD1 /* ContourFinder.h */,
				C8A1CAC918C3BFC6004B4DD1 /* Distance.h */,
				C8A1CACA18C3BFC6004B4DD1 /* Flow.h */,
				C8A1CACB18C3BFC6004B4DD1 /* Helpers.h */,
				C8A1CACC18C3BFC6004B4DD1 /* ObjectFinder.h */,
				C8A1CACD18C3BFC6004B4DD1 /* RunningBackground.h */,
				C8A1CACE18C3BFC6004B4DD1 /* Tracker.h */,
				C8A1CACF18C3BFC6004B4DD1 /* Utilities.h */,
				C8A1CAD018C3BFC6004B4DD1 /* Wrappers.h */,
			);
			path = ofxCv;
			sourceTree = "<group>";
		};
		C8A1CAD118C3BFC6004B4DD1 /* src */ = {
			isa = PBXGroup;
			children = (
				C8A1CAD218C3BFC6004B4DD1 /* Calibration.cpp */,
				C8A1CAD318C3BFC6004B4DD1 /* ContourFinder.cpp */,
				C8A1CAD418C3BFC6004B4DD1 /* Distance.cpp */,
				C8A1CAD518C3BFC6004B4DD1 /* Flow.cpp */,
				C8A1CAD618C3BFC6004B4DD1 /* Helpers.cpp */,
				C8A1CAD718C3BFC6004B4DD1 /* ObjectFinder.cpp */,
				C8A1CAD818C3BFC6004B4DD1 /* RunningBackground.cpp */,
				C8A1CAD918C3BFC6004B4DD1 /* Tracker.cpp */,
				C8A1CADA18C3BFC6004B4DD1 /* Utilities.cpp */,
				C8A1CADB18C3BFC6004B4DD1 /* Wrappers.cpp */,
			);
			path = src;
			sourceTree = "<group>";
		};
		E4328144138ABC890047C5CB /* Products */ = {
			isa = PBXGroup;
			children = (
				E4328148138ABC890047C5CB /* openFrameworksDebug.a */,
			);
			name = Products;
			sourceTree = "<group>";
		};
		E45BE5980E8CC70C009D7055 /* frameworks */ = {
			isa = PBXGroup;
			children = (
				BBAB23CA13894EDB00AA2426 /* 3rd party frameworks */,
				BBAB23C913894ECA00AA2426 /* system frameworks */,
			);
			name = frameworks;
			sourceTree = "<group>";
		};
		E4B69B4A0A3A1720003C02F2 = {
			isa = PBXGroup;
			children = (
				E4B6FCAD0C3E899E008CF71C /* openFrameworks-Info.plist */,
				E4EB6923138AFD0F00A09F29 /* Project.xcconfig */,
				E4B69E1C0A3A1BDC003C02F2 /* src */,
				E4EEC9E9138DF44700A80321 /* openFrameworks */,
				BB4B014C10F69532006C3DED /* addons */,
				E45BE5980E8CC70C009D7055 /* frameworks */,
				E4B69B5B0A3A1756003C02F2 /* GMLStencilerDebug.app */,
			);
			sourceTree = "<group>";
		};
		E4B69E1C0A3A1BDC003C02F2 /* src */ = {
			isa = PBXGroup;
			children = (
				E4B69E1D0A3A1BDC003C02F2 /* main.cpp */,
				A3AE36D087E7854EDE81BD9E /* GMLPoint.cpp */,
				3095E5670381AF6DA8AEA98E /* GMLPoint.h */,
				8FE9EF889FC72A5C90138D81 /* Graffiti.cpp */,
				B5377B03F6019727C6A7AC1B /* Graffiti.h */,
				140B3949E81C421ABFAB434E /* graffitiControlPanel.cpp */,
				1A47217251BB4A17BEC1A3A4 /* graffitiControlPanel.h */,
				1841A62140611CD981D2173F /* Stroke.cpp */,
				438FFCEEEB8159243291B021 /* Stroke.h */,
				00A1BFCBB38848AD0E0C8539 /* testApp.cpp */,
				2D129AB0F7D46B8DFCEADEDB /* testApp.h */,
				6E80122B1175B0352F8C4172 /* vars.cpp */,
				25E1243C70F60DB0F470418F /* vars.h */,
			);
			path = src;
			sourceTree = SOURCE_ROOT;
		};
		E4EEC9E9138DF44700A80321 /* openFrameworks */ = {
			isa = PBXGroup;
			children = (
				E4EB691F138AFCF100A09F29 /* CoreOF.xcconfig */,
				E4328143138ABC890047C5CB /* openFrameworksLib.xcodeproj */,
			);
			name = openFrameworks;
			sourceTree = "<group>";
		};
/* End PBXGroup section */

/* Begin PBXNativeTarget section */
		E4B69B5A0A3A1756003C02F2 /* GMLStenciler */ = {
			isa = PBXNativeTarget;
			buildConfigurationList = E4B69B5F0A3A1757003C02F2 /* Build configuration list for PBXNativeTarget "GMLStenciler" */;
			buildPhases = (
				E4B69B580A3A1756003C02F2 /* Sources */,
				E4B69B590A3A1756003C02F2 /* Frameworks */,
				E4B6FFFD0C3F9AB9008CF71C /* ShellScript */,
				E4C2427710CC5ABF004149E2 /* CopyFiles */,
			);
			buildRules = (
			);
			dependencies = (
				E4EEB9AC138B136A00A80321 /* PBXTargetDependency */,
			);
			name = GMLStenciler;
			productName = myOFApp;
			productReference = E4B69B5B0A3A1756003C02F2 /* GMLStencilerDebug.app */;
			productType = "com.apple.product-type.application";
		};
/* End PBXNativeTarget section */

/* Begin PBXProject section */
		E4B69B4C0A3A1720003C02F2 /* Project object */ = {
			isa = PBXProject;
			attributes = {
				LastUpgradeCheck = 0460;
			};
			buildConfigurationList = E4B69B4D0A3A1720003C02F2 /* Build configuration list for PBXProject "GMLStenciler" */;
			compatibilityVersion = "Xcode 3.2";
			developmentRegion = English;
			hasScannedForEncodings = 0;
			knownRegions = (
				English,
				Japanese,
				French,
				German,
			);
			mainGroup = E4B69B4A0A3A1720003C02F2;
			productRefGroup = E4B69B4A0A3A1720003C02F2;
			projectDirPath = "";
			projectReferences = (
				{
					ProductGroup = E4328144138ABC890047C5CB /* Products */;
					ProjectRef = E4328143138ABC890047C5CB /* openFrameworksLib.xcodeproj */;
				},
			);
			projectRoot = "";
			targets = (
				E4B69B5A0A3A1756003C02F2 /* GMLStenciler */,
			);
		};
/* End PBXProject section */

/* Begin PBXReferenceProxy section */
		E4328148138ABC890047C5CB /* openFrameworksDebug.a */ = {
			isa = PBXReferenceProxy;
			fileType = archive.ar;
			path = openFrameworksDebug.a;
			remoteRef = E4328147138ABC890047C5CB /* PBXContainerItemProxy */;
			sourceTree = BUILT_PRODUCTS_DIR;
		};
/* End PBXReferenceProxy section */

/* Begin PBXShellScriptBuildPhase section */
		E4B6FFFD0C3F9AB9008CF71C /* ShellScript */ = {
			isa = PBXShellScriptBuildPhase;
			buildActionMask = 2147483647;
			files = (
			);
			inputPaths = (
			);
			outputPaths = (
			);
			runOnlyForDeploymentPostprocessing = 0;
			shellPath = /bin/sh;
			shellScript = "cp -f ../../../libs/fmodex/lib/osx/libfmodex.dylib \"$TARGET_BUILD_DIR/$PRODUCT_NAME.app/Contents/MacOS/libfmodex.dylib\"; install_name_tool -change ./libfmodex.dylib @executable_path/libfmodex.dylib \"$TARGET_BUILD_DIR/$PRODUCT_NAME.app/Contents/MacOS/$PRODUCT_NAME\";\nmkdir -p \"$TARGET_BUILD_DIR/$PRODUCT_NAME.app/Contents/Resources/\"\ncp -f \"$ICON_FILE\" \"$TARGET_BUILD_DIR/$PRODUCT_NAME.app/Contents/Resources/\"\n";
		};
/* End PBXShellScriptBuildPhase section */

/* Begin PBXSourcesBuildPhase section */
		E4B69B580A3A1756003C02F2 /* Sources */ = {
			isa = PBXSourcesBuildPhase;
			buildActionMask = 2147483647;
			files = (
				C8A1C99418C3BF73004B4DD1 /* guiTypeFileLister.cpp in Sources */,
				C8A1C9A318C3BF73004B4DD1 /* simpleFileLister.cpp in Sources */,
				C8A1C99C18C3BF73004B4DD1 /* guiTypeTextInput.cpp in Sources */,
				C8A1CAB118C3BFB1004B4DD1 /* ofxCvHaarFinder.cpp in Sources */,
				C8A1C94B18C3BF6C004B4DD1 /* tinyxmlerror.cpp in Sources */,
				C8A1C93F18C3BF66004B4DD1 /* CreEPS.cpp in Sources */,
				C8A1CAE218C3BFC6004B4DD1 /* Flow.cpp in Sources */,
				C8A1CAE518C3BFC6004B4DD1 /* RunningBackground.cpp in Sources */,
				C8A1C9A118C3BF73004B4DD1 /* ofxControlPanel.cpp in Sources */,
				C8A1C99E18C3BF73004B4DD1 /* guiTypeVairableLister.cpp in Sources */,
				C8A1CADF18C3BFC6004B4DD1 /* Calibration.cpp in Sources */,
				C8A1CAE418C3BFC6004B4DD1 /* ObjectFinder.cpp in Sources */,
				C8A1C99218C3BF73004B4DD1 /* guiTypeCustom.cpp in Sources */,
				C8A1CAE818C3BFC6004B4DD1 /* Wrappers.cpp in Sources */,
				C8A1C9A218C3BF73004B4DD1 /* simpleColor.cpp in Sources */,
				C8A1C99018C3BF73004B4DD1 /* guiTypeButtonSlider.cpp in Sources */,
				C8A1CAE118C3BFC6004B4DD1 /* Distance.cpp in Sources */,
				E4B69E200A3A1BDC003C02F2 /* main.cpp in Sources */,
				C8A1CAAE18C3BFB1004B4DD1 /* ofxCvContourFinder.cpp in Sources */,
				C8A1C98A18C3BF73004B4DD1 /* guiBaseObject.cpp in Sources */,
				C8A1C98C18C3BF73004B4DD1 /* guiCallbackValue.cpp in Sources */,
				DD3F795CD935AF0C5175614F /* GMLPoint.cpp in Sources */,
				C8A1CAB218C3BFB1004B4DD1 /* ofxCvImage.cpp in Sources */,
				C8A1CAE718C3BFC6004B4DD1 /* Utilities.cpp in Sources */,
				C8A1C9A018C3BF73004B4DD1 /* guiValue.cpp in Sources */,
				4CF224E41EF674AFE99A6BA8 /* Graffiti.cpp in Sources */,
				9301B6CFD425F4861AEC5739 /* graffitiControlPanel.cpp in Sources */,
				C8A1C99118C3BF73004B4DD1 /* guiTypeChartPlotter.cpp in Sources */,
				C8A1C98D18C3BF73004B4DD1 /* guiColor.cpp in Sources */,
				C8A1C9A418C3BF73004B4DD1 /* simpleLogger.cpp in Sources */,
				C8A1C99918C3BF73004B4DD1 /* guiTypeSlider.cpp in Sources */,
				C8A1CAE318C3BFC6004B4DD1 /* Helpers.cpp in Sources */,
				C8A1C98B18C3BF73004B4DD1 /* guiCallback.cpp in Sources */,
				C8A1C99318C3BF73004B4DD1 /* guiTypeDrawable.cpp in Sources */,
				C8A1CAE018C3BFC6004B4DD1 /* ContourFinder.cpp in Sources */,
				C8A1C99B18C3BF73004B4DD1 /* guiTypeTextDropDown.cpp in Sources */,
				C8A1C99718C3BF73004B4DD1 /* guiTypeMultiToggle.cpp in Sources */,
				C8A1CAAF18C3BFB1004B4DD1 /* ofxCvFloatImage.cpp in Sources */,
				C8A1C99818C3BF73004B4DD1 /* guiTypePanel.cpp in Sources */,
				C8A1C94A18C3BF6C004B4DD1 /* tinyxml.cpp in Sources */,
				C8A1CAE618C3BFC6004B4DD1 /* Tracker.cpp in Sources */,
				E040C9C296D8A04F2C853CD0 /* Stroke.cpp in Sources */,
				C8A1CADE18C3BFC6004B4DD1 /* fdog.cpp in Sources */,
				C8A1C94C18C3BF6C004B4DD1 /* tinyxmlparser.cpp in Sources */,
				C8A1C98E18C3BF73004B4DD1 /* guiTextBase.cpp in Sources */,
				29D734F0DDECC8C5978185D7 /* testApp.cpp in Sources */,
				C8A1C98F18C3BF73004B4DD1 /* guiType2DSlider.cpp in Sources */,
				C8A1C99A18C3BF73004B4DD1 /* guiTypeText.cpp in Sources */,
				C8A1CAAD18C3BFB1004B4DD1 /* ofxCvColorImage.cpp in Sources */,
				C8A1CAB018C3BFB1004B4DD1 /* ofxCvGrayscaleImage.cpp in Sources */,
				C8A1CADD18C3BFC6004B4DD1 /* ETF.cpp in Sources */,
				D83F9B3DA8C1A43935C1935A /* vars.cpp in Sources */,
				C8A1C99D18C3BF73004B4DD1 /* guiTypeToggle.cpp in Sources */,
				C8A1C99F18C3BF73004B4DD1 /* guiTypeVideo.cpp in Sources */,
				C8A1CAB318C3BFB1004B4DD1 /* ofxCvShortImage.cpp in Sources */,
				C8A1C94918C3BF6C004B4DD1 /* ofxXmlSettings.cpp in Sources */,
				C8A1C99618C3BF73004B4DD1 /* guiTypeLogger.cpp in Sources */,
				C8A1C93E18C3BF66004B4DD1 /* ofxVectorGraphics.cpp in Sources */,
				C8A1C99518C3BF73004B4DD1 /* guiTypeLabel.cpp in Sources */,
			);
			runOnlyForDeploymentPostprocessing = 0;
		};
/* End PBXSourcesBuildPhase section */

/* Begin PBXTargetDependency section */
		E4EEB9AC138B136A00A80321 /* PBXTargetDependency */ = {
			isa = PBXTargetDependency;
			name = openFrameworks;
			targetProxy = E4EEB9AB138B136A00A80321 /* PBXContainerItemProxy */;
		};
/* End PBXTargetDependency section */

/* Begin XCBuildConfiguration section */
		E4B69B4E0A3A1720003C02F2 /* Debug */ = {
			isa = XCBuildConfiguration;
			baseConfigurationReference = E4EB6923138AFD0F00A09F29 /* Project.xcconfig */;
			buildSettings = {
				ARCHS = "$(NATIVE_ARCH)";
				CLANG_CXX_LIBRARY = "libstdc++";
				CONFIGURATION_BUILD_DIR = "$(SRCROOT)/bin/";
				COPY_PHASE_STRIP = NO;
				DEAD_CODE_STRIPPING = YES;
				GCC_AUTO_VECTORIZATION = YES;
				GCC_ENABLE_SSE3_EXTENSIONS = YES;
				GCC_ENABLE_SUPPLEMENTAL_SSE3_INSTRUCTIONS = YES;
				GCC_INLINES_ARE_PRIVATE_EXTERN = NO;
				GCC_OPTIMIZATION_LEVEL = 0;
				GCC_SYMBOLS_PRIVATE_EXTERN = NO;
				GCC_WARN_ABOUT_DEPRECATED_FUNCTIONS = YES;
				GCC_WARN_ABOUT_INVALID_OFFSETOF_MACRO = NO;
				GCC_WARN_ALLOW_INCOMPLETE_PROTOCOL = NO;
				GCC_WARN_UNINITIALIZED_AUTOS = NO;
				GCC_WARN_UNUSED_VALUE = NO;
				GCC_WARN_UNUSED_VARIABLE = NO;
				HEADER_SEARCH_PATHS = (
					"$(OF_CORE_HEADERS)",
					src,
				);
				MACOSX_DEPLOYMENT_TARGET = 10.6;
				OTHER_CPLUSPLUSFLAGS = (
					"-D__MACOSX_CORE__",
					"-lpthread",
					"-mtune=native",
				);
				SDKROOT = macosx;
			};
			name = Debug;
		};
		E4B69B4F0A3A1720003C02F2 /* Release */ = {
			isa = XCBuildConfiguration;
			baseConfigurationReference = E4EB6923138AFD0F00A09F29 /* Project.xcconfig */;
			buildSettings = {
				ARCHS = "$(NATIVE_ARCH)";
				CLANG_CXX_LIBRARY = "libstdc++";
				CONFIGURATION_BUILD_DIR = "$(SRCROOT)/bin/";
				COPY_PHASE_STRIP = YES;
				DEAD_CODE_STRIPPING = YES;
				GCC_AUTO_VECTORIZATION = YES;
				GCC_ENABLE_SSE3_EXTENSIONS = YES;
				GCC_ENABLE_SUPPLEMENTAL_SSE3_INSTRUCTIONS = YES;
				GCC_INLINES_ARE_PRIVATE_EXTERN = NO;
				GCC_OPTIMIZATION_LEVEL = 3;
				GCC_SYMBOLS_PRIVATE_EXTERN = NO;
				GCC_UNROLL_LOOPS = YES;
				GCC_WARN_ABOUT_DEPRECATED_FUNCTIONS = YES;
				GCC_WARN_ABOUT_INVALID_OFFSETOF_MACRO = NO;
				GCC_WARN_ALLOW_INCOMPLETE_PROTOCOL = NO;
				GCC_WARN_UNINITIALIZED_AUTOS = NO;
				GCC_WARN_UNUSED_VALUE = NO;
				GCC_WARN_UNUSED_VARIABLE = NO;
				HEADER_SEARCH_PATHS = (
					"$(OF_CORE_HEADERS)",
					src,
				);
				MACOSX_DEPLOYMENT_TARGET = 10.6;
				OTHER_CPLUSPLUSFLAGS = (
					"-D__MACOSX_CORE__",
					"-lpthread",
					"-mtune=native",
				);
				SDKROOT = macosx;
			};
			name = Release;
		};
		E4B69B600A3A1757003C02F2 /* Debug */ = {
			isa = XCBuildConfiguration;
			buildSettings = {
				COMBINE_HIDPI_IMAGES = YES;
				COPY_PHASE_STRIP = NO;
				FRAMEWORK_SEARCH_PATHS = (
					"$(inherited)",
					"$(FRAMEWORK_SEARCH_PATHS_QUOTED_FOR_TARGET_1)",
				);
				FRAMEWORK_SEARCH_PATHS_QUOTED_FOR_TARGET_1 = "\"$(SRCROOT)/../../../libs/glut/lib/osx\"";
				GCC_DYNAMIC_NO_PIC = NO;
				GCC_GENERATE_DEBUGGING_SYMBOLS = YES;
				GCC_MODEL_TUNING = NONE;
				ICON = "$(ICON_NAME_DEBUG)";
				ICON_FILE = "$(ICON_FILE_PATH)$(ICON)";
				INFOPLIST_FILE = "openFrameworks-Info.plist";
				INSTALL_PATH = "$(HOME)/Applications";
				LIBRARY_SEARCH_PATHS = (
					"$(inherited)",
					"$(LIBRARY_SEARCH_PATHS_QUOTED_FOR_TARGET_1)",
					"$(LIBRARY_SEARCH_PATHS_QUOTED_FOR_TARGET_2)",
					"$(LIBRARY_SEARCH_PATHS_QUOTED_FOR_TARGET_3)",
					"$(LIBRARY_SEARCH_PATHS_QUOTED_FOR_TARGET_4)",
					"$(LIBRARY_SEARCH_PATHS_QUOTED_FOR_TARGET_5)",
					"$(LIBRARY_SEARCH_PATHS_QUOTED_FOR_TARGET_6)",
					"$(LIBRARY_SEARCH_PATHS_QUOTED_FOR_TARGET_7)",
					"$(LIBRARY_SEARCH_PATHS_QUOTED_FOR_TARGET_8)",
					"$(LIBRARY_SEARCH_PATHS_QUOTED_FOR_TARGET_9)",
					"$(LIBRARY_SEARCH_PATHS_QUOTED_FOR_TARGET_10)",
					"$(LIBRARY_SEARCH_PATHS_QUOTED_FOR_TARGET_11)",
					"$(LIBRARY_SEARCH_PATHS_QUOTED_FOR_TARGET_12)",
					"$(LIBRARY_SEARCH_PATHS_QUOTED_FOR_TARGET_13)",
					"$(LIBRARY_SEARCH_PATHS_QUOTED_FOR_TARGET_14)",
					"$(LIBRARY_SEARCH_PATHS_QUOTED_FOR_TARGET_15)",
					"$(LIBRARY_SEARCH_PATHS_QUOTED_FOR_TARGET_2)",
					"$(LIBRARY_SEARCH_PATHS_QUOTED_FOR_TARGET_3)",
					"$(LIBRARY_SEARCH_PATHS_QUOTED_FOR_TARGET_7)",
					"$(LIBRARY_SEARCH_PATHS_QUOTED_FOR_TARGET_8)",
					"$(LIBRARY_SEARCH_PATHS_QUOTED_FOR_TARGET_9)",
					"$(LIBRARY_SEARCH_PATHS_QUOTED_FOR_TARGET_10)",
					"$(LIBRARY_SEARCH_PATHS_QUOTED_FOR_TARGET_11)",
					"$(LIBRARY_SEARCH_PATHS_QUOTED_FOR_TARGET_12)",
					"$(LIBRARY_SEARCH_PATHS_QUOTED_FOR_TARGET_13)",
					"$(LIBRARY_SEARCH_PATHS_QUOTED_FOR_TARGET_16)",
					"$(LIBRARY_SEARCH_PATHS_QUOTED_FOR_TARGET_17)",
					"$(LIBRARY_SEARCH_PATHS_QUOTED_FOR_TARGET_18)",
					"$(LIBRARY_SEARCH_PATHS_QUOTED_FOR_TARGET_19)",
					"$(LIBRARY_SEARCH_PATHS_QUOTED_FOR_TARGET_20)",
					"$(LIBRARY_SEARCH_PATHS_QUOTED_FOR_TARGET_21)",
					"$(LIBRARY_SEARCH_PATHS_QUOTED_FOR_TARGET_22)",
					"$(LIBRARY_SEARCH_PATHS_QUOTED_FOR_TARGET_23)",
					"$(LIBRARY_SEARCH_PATHS_QUOTED_FOR_TARGET_24)",
					"$(LIBRARY_SEARCH_PATHS_QUOTED_FOR_TARGET_25)",
					"$(LIBRARY_SEARCH_PATHS_QUOTED_FOR_TARGET_26)",
					"$(LIBRARY_SEARCH_PATHS_QUOTED_FOR_TARGET_27)",
					"$(LIBRARY_SEARCH_PATHS_QUOTED_FOR_TARGET_28)",
					"$(LIBRARY_SEARCH_PATHS_QUOTED_FOR_TARGET_29)",
					"$(LIBRARY_SEARCH_PATHS_QUOTED_FOR_TARGET_30)",
					"$(LIBRARY_SEARCH_PATHS_QUOTED_FOR_TARGET_31)",
					"$(LIBRARY_SEARCH_PATHS_QUOTED_FOR_TARGET_32)",
					"$(LIBRARY_SEARCH_PATHS_QUOTED_FOR_TARGET_33)",
					"$(LIBRARY_SEARCH_PATHS_QUOTED_FOR_TARGET_34)",
					"$(LIBRARY_SEARCH_PATHS_QUOTED_FOR_TARGET_35)",
					"$(LIBRARY_SEARCH_PATHS_QUOTED_FOR_TARGET_36)",
					"$(LIBRARY_SEARCH_PATHS_QUOTED_FOR_TARGET_37)",
					"$(LIBRARY_SEARCH_PATHS_QUOTED_FOR_TARGET_38)",
					"$(LIBRARY_SEARCH_PATHS_QUOTED_FOR_TARGET_39)",
					"$(LIBRARY_SEARCH_PATHS_QUOTED_FOR_TARGET_40)",
					"$(LIBRARY_SEARCH_PATHS_QUOTED_FOR_TARGET_41)",
					"$(LIBRARY_SEARCH_PATHS_QUOTED_FOR_TARGET_42)",
					"$(LIBRARY_SEARCH_PATHS_QUOTED_FOR_TARGET_43)",
					"$(LIBRARY_SEARCH_PATHS_QUOTED_FOR_TARGET_44)",
					"$(LIBRARY_SEARCH_PATHS_QUOTED_FOR_TARGET_45)",
					"$(LIBRARY_SEARCH_PATHS_QUOTED_FOR_TARGET_46)",
					"$(LIBRARY_SEARCH_PATHS_QUOTED_FOR_TARGET_47)",
					"$(LIBRARY_SEARCH_PATHS_QUOTED_FOR_TARGET_48)",
					"$(LIBRARY_SEARCH_PATHS_QUOTED_FOR_TARGET_49)",
					"$(LIBRARY_SEARCH_PATHS_QUOTED_FOR_TARGET_50)",
					"$(LIBRARY_SEARCH_PATHS_QUOTED_FOR_TARGET_51)",
					"$(LIBRARY_SEARCH_PATHS_QUOTED_FOR_TARGET_52)",
					/Users/dantheman/src/openFrameworks/addons/ofxOpenCv/libs/opencv/lib/osx,
				);
				PRODUCT_NAME = "$(TARGET_NAME)Debug";
				SDKROOT = macosx10.8;
				USER_HEADER_SEARCH_PATHS = "../../../addons/ofxOpenCv/libs/opencv/include/ ../../../addons/ofxCv/libs/ofxCv/include/ ../../../addons/ofxOpenCv/libs/opencv/include/ ../../../addons/ofxCv/libs/ofxCv/include/";
				WRAPPER_EXTENSION = app;
			};
			name = Debug;
		};
		E4B69B610A3A1757003C02F2 /* Release */ = {
			isa = XCBuildConfiguration;
			buildSettings = {
				COMBINE_HIDPI_IMAGES = YES;
				COPY_PHASE_STRIP = YES;
				FRAMEWORK_SEARCH_PATHS = (
					"$(inherited)",
					"$(FRAMEWORK_SEARCH_PATHS_QUOTED_FOR_TARGET_1)",
				);
				FRAMEWORK_SEARCH_PATHS_QUOTED_FOR_TARGET_1 = "\"$(SRCROOT)/../../../libs/glut/lib/osx\"";
				GCC_GENERATE_DEBUGGING_SYMBOLS = YES;
				GCC_MODEL_TUNING = NONE;
				ICON = "$(ICON_NAME_RELEASE)";
				ICON_FILE = "$(ICON_FILE_PATH)$(ICON)";
				INFOPLIST_FILE = "openFrameworks-Info.plist";
				INSTALL_PATH = "$(HOME)/Applications";
				LIBRARY_SEARCH_PATHS = (
					"$(inherited)",
					"$(LIBRARY_SEARCH_PATHS_QUOTED_FOR_TARGET_1)",
					"$(LIBRARY_SEARCH_PATHS_QUOTED_FOR_TARGET_2)",
					"$(LIBRARY_SEARCH_PATHS_QUOTED_FOR_TARGET_3)",
					"$(LIBRARY_SEARCH_PATHS_QUOTED_FOR_TARGET_4)",
					"$(LIBRARY_SEARCH_PATHS_QUOTED_FOR_TARGET_5)",
					"$(LIBRARY_SEARCH_PATHS_QUOTED_FOR_TARGET_6)",
					"$(LIBRARY_SEARCH_PATHS_QUOTED_FOR_TARGET_7)",
					"$(LIBRARY_SEARCH_PATHS_QUOTED_FOR_TARGET_8)",
					"$(LIBRARY_SEARCH_PATHS_QUOTED_FOR_TARGET_9)",
					"$(LIBRARY_SEARCH_PATHS_QUOTED_FOR_TARGET_10)",
					"$(LIBRARY_SEARCH_PATHS_QUOTED_FOR_TARGET_11)",
					"$(LIBRARY_SEARCH_PATHS_QUOTED_FOR_TARGET_12)",
					"$(LIBRARY_SEARCH_PATHS_QUOTED_FOR_TARGET_13)",
					"$(LIBRARY_SEARCH_PATHS_QUOTED_FOR_TARGET_14)",
					"$(LIBRARY_SEARCH_PATHS_QUOTED_FOR_TARGET_15)",
					"$(LIBRARY_SEARCH_PATHS_QUOTED_FOR_TARGET_2)",
					"$(LIBRARY_SEARCH_PATHS_QUOTED_1)",
					"$(LIBRARY_SEARCH_PATHS_QUOTED_FOR_TARGET_3)",
					"$(LIBRARY_SEARCH_PATHS_QUOTED_FOR_TARGET_7)",
					"$(LIBRARY_SEARCH_PATHS_QUOTED_FOR_TARGET_8)",
					"$(LIBRARY_SEARCH_PATHS_QUOTED_FOR_TARGET_9)",
					"$(LIBRARY_SEARCH_PATHS_QUOTED_FOR_TARGET_10)",
					"$(LIBRARY_SEARCH_PATHS_QUOTED_FOR_TARGET_11)",
					"$(LIBRARY_SEARCH_PATHS_QUOTED_FOR_TARGET_12)",
					"$(LIBRARY_SEARCH_PATHS_QUOTED_FOR_TARGET_13)",
					"$(LIBRARY_SEARCH_PATHS_QUOTED_FOR_TARGET_16)",
					"$(LIBRARY_SEARCH_PATHS_QUOTED_FOR_TARGET_17)",
					"$(LIBRARY_SEARCH_PATHS_QUOTED_FOR_TARGET_18)",
					"$(LIBRARY_SEARCH_PATHS_QUOTED_FOR_TARGET_19)",
					"$(LIBRARY_SEARCH_PATHS_QUOTED_FOR_TARGET_20)",
					"$(LIBRARY_SEARCH_PATHS_QUOTED_FOR_TARGET_21)",
					"$(LIBRARY_SEARCH_PATHS_QUOTED_FOR_TARGET_22)",
					"$(LIBRARY_SEARCH_PATHS_QUOTED_FOR_TARGET_23)",
					"$(LIBRARY_SEARCH_PATHS_QUOTED_FOR_TARGET_24)",
					"$(LIBRARY_SEARCH_PATHS_QUOTED_FOR_TARGET_25)",
					"$(LIBRARY_SEARCH_PATHS_QUOTED_FOR_TARGET_26)",
					"$(LIBRARY_SEARCH_PATHS_QUOTED_FOR_TARGET_27)",
					"$(LIBRARY_SEARCH_PATHS_QUOTED_FOR_TARGET_28)",
					"$(LIBRARY_SEARCH_PATHS_QUOTED_FOR_TARGET_29)",
					"$(LIBRARY_SEARCH_PATHS_QUOTED_FOR_TARGET_30)",
					"$(LIBRARY_SEARCH_PATHS_QUOTED_FOR_TARGET_31)",
					"$(LIBRARY_SEARCH_PATHS_QUOTED_FOR_TARGET_32)",
					"$(LIBRARY_SEARCH_PATHS_QUOTED_FOR_TARGET_33)",
					"$(LIBRARY_SEARCH_PATHS_QUOTED_FOR_TARGET_34)",
					"$(LIBRARY_SEARCH_PATHS_QUOTED_FOR_TARGET_35)",
					"$(LIBRARY_SEARCH_PATHS_QUOTED_FOR_TARGET_36)",
					"$(LIBRARY_SEARCH_PATHS_QUOTED_FOR_TARGET_37)",
					"$(LIBRARY_SEARCH_PATHS_QUOTED_FOR_TARGET_38)",
					"$(LIBRARY_SEARCH_PATHS_QUOTED_FOR_TARGET_39)",
					"$(LIBRARY_SEARCH_PATHS_QUOTED_FOR_TARGET_40)",
					"$(LIBRARY_SEARCH_PATHS_QUOTED_FOR_TARGET_41)",
					"$(LIBRARY_SEARCH_PATHS_QUOTED_FOR_TARGET_42)",
					"$(LIBRARY_SEARCH_PATHS_QUOTED_FOR_TARGET_43)",
					"$(LIBRARY_SEARCH_PATHS_QUOTED_FOR_TARGET_44)",
					"$(LIBRARY_SEARCH_PATHS_QUOTED_FOR_TARGET_45)",
					"$(LIBRARY_SEARCH_PATHS_QUOTED_FOR_TARGET_46)",
					"$(LIBRARY_SEARCH_PATHS_QUOTED_FOR_TARGET_47)",
					"$(LIBRARY_SEARCH_PATHS_QUOTED_FOR_TARGET_48)",
					"$(LIBRARY_SEARCH_PATHS_QUOTED_FOR_TARGET_49)",
					"$(LIBRARY_SEARCH_PATHS_QUOTED_FOR_TARGET_50)",
					"$(LIBRARY_SEARCH_PATHS_QUOTED_FOR_TARGET_51)",
					/Users/dantheman/src/openFrameworks/addons/ofxOpenCv/libs/opencv/lib/osx,
				);
				PRODUCT_NAME = "$(TARGET_NAME)";
				SDKROOT = macosx10.8;
				USER_HEADER_SEARCH_PATHS = "../../../addons/ofxOpenCv/libs/opencv/include/ ../../../addons/ofxCv/libs/ofxCv/include/ ../../../addons/ofxOpenCv/libs/opencv/include/ ../../../addons/ofxCv/libs/ofxCv/include/";
				WRAPPER_EXTENSION = app;
			};
			name = Release;
		};
/* End XCBuildConfiguration section */

/* Begin XCConfigurationList section */
		E4B69B4D0A3A1720003C02F2 /* Build configuration list for PBXProject "GMLStenciler" */ = {
			isa = XCConfigurationList;
			buildConfigurations = (
				E4B69B4E0A3A1720003C02F2 /* Debug */,
				E4B69B4F0A3A1720003C02F2 /* Release */,
			);
			defaultConfigurationIsVisible = 0;
			defaultConfigurationName = Release;
		};
		E4B69B5F0A3A1757003C02F2 /* Build configuration list for PBXNativeTarget "GMLStenciler" */ = {
			isa = XCConfigurationList;
			buildConfigurations = (
				E4B69B600A3A1757003C02F2 /* Debug */,
				E4B69B610A3A1757003C02F2 /* Release */,
			);
			defaultConfigurationIsVisible = 0;
			defaultConfigurationName = Release;
		};
/* End XCConfigurationList section */
	};
	rootObject = E4B69B4C0A3A1720003C02F2 /* Project object */;
}
